// !$*UTF8*$!
{
	archiveVersion = 1;
	classes = {
	};
	objectVersion = 55;
	objects = {

/* Begin PBXBuildFile section */
		BD4838032766809400939CEB /* PhotoInfoViewController.swift in Sources */ = {isa = PBXBuildFile; fileRef = BD4838022766809400939CEB /* PhotoInfoViewController.swift */; };
		BD4838052766834900939CEB /* ImageStore.swift in Sources */ = {isa = PBXBuildFile; fileRef = BD4838042766834900939CEB /* ImageStore.swift */; };
		BD93DCE42765EA7E00C9D114 /* AppDelegate.swift in Sources */ = {isa = PBXBuildFile; fileRef = BD93DCE32765EA7E00C9D114 /* AppDelegate.swift */; };
		BD93DCE62765EA7E00C9D114 /* SceneDelegate.swift in Sources */ = {isa = PBXBuildFile; fileRef = BD93DCE52765EA7E00C9D114 /* SceneDelegate.swift */; };
		BD93DCE82765EA7E00C9D114 /* PhotosViewController.swift in Sources */ = {isa = PBXBuildFile; fileRef = BD93DCE72765EA7E00C9D114 /* PhotosViewController.swift */; };
		BD93DCEB2765EA7E00C9D114 /* Main.storyboard in Resources */ = {isa = PBXBuildFile; fileRef = BD93DCE92765EA7E00C9D114 /* Main.storyboard */; };
		BD93DCED2765EA8000C9D114 /* Assets.xcassets in Resources */ = {isa = PBXBuildFile; fileRef = BD93DCEC2765EA8000C9D114 /* Assets.xcassets */; };
		BD93DCF02765EA8000C9D114 /* LaunchScreen.storyboard in Resources */ = {isa = PBXBuildFile; fileRef = BD93DCEE2765EA8000C9D114 /* LaunchScreen.storyboard */; };
		BD93DCFB2765EA8000C9D114 /* PhotoramaTests.swift in Sources */ = {isa = PBXBuildFile; fileRef = BD93DCFA2765EA8000C9D114 /* PhotoramaTests.swift */; };
		BD93DD052765EA8000C9D114 /* PhotoramaUITests.swift in Sources */ = {isa = PBXBuildFile; fileRef = BD93DD042765EA8000C9D114 /* PhotoramaUITests.swift */; };
		BD93DD072765EA8000C9D114 /* PhotoramaUITestsLaunchTests.swift in Sources */ = {isa = PBXBuildFile; fileRef = BD93DD062765EA8000C9D114 /* PhotoramaUITestsLaunchTests.swift */; };
		BD93DD142765ED6E00C9D114 /* FlickrAPI.swift in Sources */ = {isa = PBXBuildFile; fileRef = BD93DD132765ED6E00C9D114 /* FlickrAPI.swift */; };
		BD93DD16276601F400C9D114 /* PhotoStore.swift in Sources */ = {isa = PBXBuildFile; fileRef = BD93DD15276601F400C9D114 /* PhotoStore.swift */; };
		BD93DD182766027A00C9D114 /* Photo.swift in Sources */ = {isa = PBXBuildFile; fileRef = BD93DD172766027A00C9D114 /* Photo.swift */; };
		BD93DD1A2766161A00C9D114 /* PhotoDataSource.swift in Sources */ = {isa = PBXBuildFile; fileRef = BD93DD192766161A00C9D114 /* PhotoDataSource.swift */; };
		BD93DD1C276619F000C9D114 /* PhotoCollectionViewCell.swift in Sources */ = {isa = PBXBuildFile; fileRef = BD93DD1B276619F000C9D114 /* PhotoCollectionViewCell.swift */; };
/* End PBXBuildFile section */

/* Begin PBXContainerItemProxy section */
		BD93DCF72765EA8000C9D114 /* PBXContainerItemProxy */ = {
			isa = PBXContainerItemProxy;
			containerPortal = BD93DCD82765EA7E00C9D114 /* Project object */;
			proxyType = 1;
			remoteGlobalIDString = BD93DCDF2765EA7E00C9D114;
			remoteInfo = Photorama;
		};
		BD93DD012765EA8000C9D114 /* PBXContainerItemProxy */ = {
			isa = PBXContainerItemProxy;
			containerPortal = BD93DCD82765EA7E00C9D114 /* Project object */;
			proxyType = 1;
			remoteGlobalIDString = BD93DCDF2765EA7E00C9D114;
			remoteInfo = Photorama;
		};
/* End PBXContainerItemProxy section */

/* Begin PBXFileReference section */
		BD4838022766809400939CEB /* PhotoInfoViewController.swift */ = {isa = PBXFileReference; lastKnownFileType = sourcecode.swift; path = PhotoInfoViewController.swift; sourceTree = "<group>"; };
		BD4838042766834900939CEB /* ImageStore.swift */ = {isa = PBXFileReference; fileEncoding = 4; lastKnownFileType = sourcecode.swift; path = ImageStore.swift; sourceTree = "<group>"; };
		BD93DCE02765EA7E00C9D114 /* Photorama.app */ = {isa = PBXFileReference; explicitFileType = wrapper.application; includeInIndex = 0; path = Photorama.app; sourceTree = BUILT_PRODUCTS_DIR; };
		BD93DCE32765EA7E00C9D114 /* AppDelegate.swift */ = {isa = PBXFileReference; lastKnownFileType = sourcecode.swift; path = AppDelegate.swift; sourceTree = "<group>"; };
		BD93DCE52765EA7E00C9D114 /* SceneDelegate.swift */ = {isa = PBXFileReference; lastKnownFileType = sourcecode.swift; path = SceneDelegate.swift; sourceTree = "<group>"; };
		BD93DCE72765EA7E00C9D114 /* PhotosViewController.swift */ = {isa = PBXFileReference; lastKnownFileType = sourcecode.swift; path = PhotosViewController.swift; sourceTree = "<group>"; };
		BD93DCEA2765EA7E00C9D114 /* Base */ = {isa = PBXFileReference; lastKnownFileType = file.storyboard; name = Base; path = Base.lproj/Main.storyboard; sourceTree = "<group>"; };
		BD93DCEC2765EA8000C9D114 /* Assets.xcassets */ = {isa = PBXFileReference; lastKnownFileType = folder.assetcatalog; path = Assets.xcassets; sourceTree = "<group>"; };
		BD93DCEF2765EA8000C9D114 /* Base */ = {isa = PBXFileReference; lastKnownFileType = file.storyboard; name = Base; path = Base.lproj/LaunchScreen.storyboard; sourceTree = "<group>"; };
		BD93DCF12765EA8000C9D114 /* Info.plist */ = {isa = PBXFileReference; lastKnownFileType = text.plist.xml; path = Info.plist; sourceTree = "<group>"; };
		BD93DCF62765EA8000C9D114 /* PhotoramaTests.xctest */ = {isa = PBXFileReference; explicitFileType = wrapper.cfbundle; includeInIndex = 0; path = PhotoramaTests.xctest; sourceTree = BUILT_PRODUCTS_DIR; };
		BD93DCFA2765EA8000C9D114 /* PhotoramaTests.swift */ = {isa = PBXFileReference; lastKnownFileType = sourcecode.swift; path = PhotoramaTests.swift; sourceTree = "<group>"; };
		BD93DD002765EA8000C9D114 /* PhotoramaUITests.xctest */ = {isa = PBXFileReference; explicitFileType = wrapper.cfbundle; includeInIndex = 0; path = PhotoramaUITests.xctest; sourceTree = BUILT_PRODUCTS_DIR; };
		BD93DD042765EA8000C9D114 /* PhotoramaUITests.swift */ = {isa = PBXFileReference; lastKnownFileType = sourcecode.swift; path = PhotoramaUITests.swift; sourceTree = "<group>"; };
		BD93DD062765EA8000C9D114 /* PhotoramaUITestsLaunchTests.swift */ = {isa = PBXFileReference; lastKnownFileType = sourcecode.swift; path = PhotoramaUITestsLaunchTests.swift; sourceTree = "<group>"; };
		BD93DD132765ED6E00C9D114 /* FlickrAPI.swift */ = {isa = PBXFileReference; lastKnownFileType = sourcecode.swift; path = FlickrAPI.swift; sourceTree = "<group>"; };
		BD93DD15276601F400C9D114 /* PhotoStore.swift */ = {isa = PBXFileReference; lastKnownFileType = sourcecode.swift; path = PhotoStore.swift; sourceTree = "<group>"; };
		BD93DD172766027A00C9D114 /* Photo.swift */ = {isa = PBXFileReference; lastKnownFileType = sourcecode.swift; path = Photo.swift; sourceTree = "<group>"; };
		BD93DD192766161A00C9D114 /* PhotoDataSource.swift */ = {isa = PBXFileReference; lastKnownFileType = sourcecode.swift; path = PhotoDataSource.swift; sourceTree = "<group>"; };
		BD93DD1B276619F000C9D114 /* PhotoCollectionViewCell.swift */ = {isa = PBXFileReference; lastKnownFileType = sourcecode.swift; path = PhotoCollectionViewCell.swift; sourceTree = "<group>"; };
/* End PBXFileReference section */

/* Begin PBXFrameworksBuildPhase section */
		BD93DCDD2765EA7E00C9D114 /* Frameworks */ = {
			isa = PBXFrameworksBuildPhase;
			buildActionMask = 2147483647;
			files = (
			);
			runOnlyForDeploymentPostprocessing = 0;
		};
		BD93DCF32765EA8000C9D114 /* Frameworks */ = {
			isa = PBXFrameworksBuildPhase;
			buildActionMask = 2147483647;
			files = (
			);
			runOnlyForDeploymentPostprocessing = 0;
		};
		BD93DCFD2765EA8000C9D114 /* Frameworks */ = {
			isa = PBXFrameworksBuildPhase;
			buildActionMask = 2147483647;
			files = (
			);
			runOnlyForDeploymentPostprocessing = 0;
		};
/* End PBXFrameworksBuildPhase section */

/* Begin PBXGroup section */
		BD93DCD72765EA7E00C9D114 = {
			isa = PBXGroup;
			children = (
				BD93DCE22765EA7E00C9D114 /* Photorama */,
				BD93DCF92765EA8000C9D114 /* PhotoramaTests */,
				BD93DD032765EA8000C9D114 /* PhotoramaUITests */,
				BD93DCE12765EA7E00C9D114 /* Products */,
			);
			sourceTree = "<group>";
		};
		BD93DCE12765EA7E00C9D114 /* Products */ = {
			isa = PBXGroup;
			children = (
				BD93DCE02765EA7E00C9D114 /* Photorama.app */,
				BD93DCF62765EA8000C9D114 /* PhotoramaTests.xctest */,
				BD93DD002765EA8000C9D114 /* PhotoramaUITests.xctest */,
			);
			name = Products;
			sourceTree = "<group>";
		};
		BD93DCE22765EA7E00C9D114 /* Photorama */ = {
			isa = PBXGroup;
			children = (
				BD4838042766834900939CEB /* ImageStore.swift */,
				BD93DCE32765EA7E00C9D114 /* AppDelegate.swift */,
				BD93DCE52765EA7E00C9D114 /* SceneDelegate.swift */,
				BD93DCE72765EA7E00C9D114 /* PhotosViewController.swift */,
				BD93DD172766027A00C9D114 /* Photo.swift */,
				BD93DD132765ED6E00C9D114 /* FlickrAPI.swift */,
				BD93DCE92765EA7E00C9D114 /* Main.storyboard */,
				BD93DD1B276619F000C9D114 /* PhotoCollectionViewCell.swift */,
				BD93DD192766161A00C9D114 /* PhotoDataSource.swift */,
				BD93DD15276601F400C9D114 /* PhotoStore.swift */,
				BD4838022766809400939CEB /* PhotoInfoViewController.swift */,
				BD93DCEC2765EA8000C9D114 /* Assets.xcassets */,
				BD93DCEE2765EA8000C9D114 /* LaunchScreen.storyboard */,
				BD93DCF12765EA8000C9D114 /* Info.plist */,
			);
			path = Photorama;
			sourceTree = "<group>";
		};
		BD93DCF92765EA8000C9D114 /* PhotoramaTests */ = {
			isa = PBXGroup;
			children = (
				BD93DCFA2765EA8000C9D114 /* PhotoramaTests.swift */,
			);
			path = PhotoramaTests;
			sourceTree = "<group>";
		};
		BD93DD032765EA8000C9D114 /* PhotoramaUITests */ = {
			isa = PBXGroup;
			children = (
				BD93DD042765EA8000C9D114 /* PhotoramaUITests.swift */,
				BD93DD062765EA8000C9D114 /* PhotoramaUITestsLaunchTests.swift */,
			);
			path = PhotoramaUITests;
			sourceTree = "<group>";
		};
/* End PBXGroup section */

/* Begin PBXNativeTarget section */
		BD93DCDF2765EA7E00C9D114 /* Photorama */ = {
			isa = PBXNativeTarget;
			buildConfigurationList = BD93DD0A2765EA8000C9D114 /* Build configuration list for PBXNativeTarget "Photorama" */;
			buildPhases = (
				BD93DCDC2765EA7E00C9D114 /* Sources */,
				BD93DCDD2765EA7E00C9D114 /* Frameworks */,
				BD93DCDE2765EA7E00C9D114 /* Resources */,
			);
			buildRules = (
			);
			dependencies = (
			);
			name = Photorama;
			productName = Photorama;
			productReference = BD93DCE02765EA7E00C9D114 /* Photorama.app */;
			productType = "com.apple.product-type.application";
		};
		BD93DCF52765EA8000C9D114 /* PhotoramaTests */ = {
			isa = PBXNativeTarget;
			buildConfigurationList = BD93DD0D2765EA8000C9D114 /* Build configuration list for PBXNativeTarget "PhotoramaTests" */;
			buildPhases = (
				BD93DCF22765EA8000C9D114 /* Sources */,
				BD93DCF32765EA8000C9D114 /* Frameworks */,
				BD93DCF42765EA8000C9D114 /* Resources */,
			);
			buildRules = (
			);
			dependencies = (
				BD93DCF82765EA8000C9D114 /* PBXTargetDependency */,
			);
			name = PhotoramaTests;
			productName = PhotoramaTests;
			productReference = BD93DCF62765EA8000C9D114 /* PhotoramaTests.xctest */;
			productType = "com.apple.product-type.bundle.unit-test";
		};
		BD93DCFF2765EA8000C9D114 /* PhotoramaUITests */ = {
			isa = PBXNativeTarget;
			buildConfigurationList = BD93DD102765EA8000C9D114 /* Build configuration list for PBXNativeTarget "PhotoramaUITests" */;
			buildPhases = (
				BD93DCFC2765EA8000C9D114 /* Sources */,
				BD93DCFD2765EA8000C9D114 /* Frameworks */,
				BD93DCFE2765EA8000C9D114 /* Resources */,
			);
			buildRules = (
			);
			dependencies = (
				BD93DD022765EA8000C9D114 /* PBXTargetDependency */,
			);
			name = PhotoramaUITests;
			productName = PhotoramaUITests;
			productReference = BD93DD002765EA8000C9D114 /* PhotoramaUITests.xctest */;
			productType = "com.apple.product-type.bundle.ui-testing";
		};
/* End PBXNativeTarget section */

/* Begin PBXProject section */
		BD93DCD82765EA7E00C9D114 /* Project object */ = {
			isa = PBXProject;
			attributes = {
				BuildIndependentTargetsInParallel = 1;
				LastSwiftUpdateCheck = 1310;
				LastUpgradeCheck = 1310;
				TargetAttributes = {
					BD93DCDF2765EA7E00C9D114 = {
						CreatedOnToolsVersion = 13.1;
					};
					BD93DCF52765EA8000C9D114 = {
						CreatedOnToolsVersion = 13.1;
						TestTargetID = BD93DCDF2765EA7E00C9D114;
					};
					BD93DCFF2765EA8000C9D114 = {
						CreatedOnToolsVersion = 13.1;
						TestTargetID = BD93DCDF2765EA7E00C9D114;
					};
				};
			};
			buildConfigurationList = BD93DCDB2765EA7E00C9D114 /* Build configuration list for PBXProject "PhotoramaCh21" */;
			compatibilityVersion = "Xcode 13.0";
			developmentRegion = en;
			hasScannedForEncodings = 0;
			knownRegions = (
				en,
				Base,
			);
			mainGroup = BD93DCD72765EA7E00C9D114;
			productRefGroup = BD93DCE12765EA7E00C9D114 /* Products */;
			projectDirPath = "";
			projectRoot = "";
			targets = (
				BD93DCDF2765EA7E00C9D114 /* Photorama */,
				BD93DCF52765EA8000C9D114 /* PhotoramaTests */,
				BD93DCFF2765EA8000C9D114 /* PhotoramaUITests */,
			);
		};
/* End PBXProject section */

/* Begin PBXResourcesBuildPhase section */
		BD93DCDE2765EA7E00C9D114 /* Resources */ = {
			isa = PBXResourcesBuildPhase;
			buildActionMask = 2147483647;
			files = (
				BD93DCF02765EA8000C9D114 /* LaunchScreen.storyboard in Resources */,
				BD93DCED2765EA8000C9D114 /* Assets.xcassets in Resources */,
				BD93DCEB2765EA7E00C9D114 /* Main.storyboard in Resources */,
			);
			runOnlyForDeploymentPostprocessing = 0;
		};
		BD93DCF42765EA8000C9D114 /* Resources */ = {
			isa = PBXResourcesBuildPhase;
			buildActionMask = 2147483647;
			files = (
			);
			runOnlyForDeploymentPostprocessing = 0;
		};
		BD93DCFE2765EA8000C9D114 /* Resources */ = {
			isa = PBXResourcesBuildPhase;
			buildActionMask = 2147483647;
			files = (
			);
			runOnlyForDeploymentPostprocessing = 0;
		};
/* End PBXResourcesBuildPhase section */

/* Begin PBXSourcesBuildPhase section */
		BD93DCDC2765EA7E00C9D114 /* Sources */ = {
			isa = PBXSourcesBuildPhase;
			buildActionMask = 2147483647;
			files = (
				BD93DD182766027A00C9D114 /* Photo.swift in Sources */,
				BD93DD1C276619F000C9D114 /* PhotoCollectionViewCell.swift in Sources */,
				BD93DD1A2766161A00C9D114 /* PhotoDataSource.swift in Sources */,
				BD4838052766834900939CEB /* ImageStore.swift in Sources */,
				BD93DD16276601F400C9D114 /* PhotoStore.swift in Sources */,
				BD93DCE82765EA7E00C9D114 /* PhotosViewController.swift in Sources */,
				BD93DCE42765EA7E00C9D114 /* AppDelegate.swift in Sources */,
				BD93DCE62765EA7E00C9D114 /* SceneDelegate.swift in Sources */,
				BD93DD142765ED6E00C9D114 /* FlickrAPI.swift in Sources */,
				BD4838032766809400939CEB /* PhotoInfoViewController.swift in Sources */,
			);
			runOnlyForDeploymentPostprocessing = 0;
		};
		BD93DCF22765EA8000C9D114 /* Sources */ = {
			isa = PBXSourcesBuildPhase;
			buildActionMask = 2147483647;
			files = (
				BD93DCFB2765EA8000C9D114 /* PhotoramaTests.swift in Sources */,
			);
			runOnlyForDeploymentPostprocessing = 0;
		};
		BD93DCFC2765EA8000C9D114 /* Sources */ = {
			isa = PBXSourcesBuildPhase;
			buildActionMask = 2147483647;
			files = (
				BD93DD072765EA8000C9D114 /* PhotoramaUITestsLaunchTests.swift in Sources */,
				BD93DD052765EA8000C9D114 /* PhotoramaUITests.swift in Sources */,
			);
			runOnlyForDeploymentPostprocessing = 0;
		};
/* End PBXSourcesBuildPhase section */

/* Begin PBXTargetDependency section */
		BD93DCF82765EA8000C9D114 /* PBXTargetDependency */ = {
			isa = PBXTargetDependency;
			target = BD93DCDF2765EA7E00C9D114 /* Photorama */;
			targetProxy = BD93DCF72765EA8000C9D114 /* PBXContainerItemProxy */;
		};
		BD93DD022765EA8000C9D114 /* PBXTargetDependency */ = {
			isa = PBXTargetDependency;
			target = BD93DCDF2765EA7E00C9D114 /* Photorama */;
			targetProxy = BD93DD012765EA8000C9D114 /* PBXContainerItemProxy */;
		};
/* End PBXTargetDependency section */

/* Begin PBXVariantGroup section */
		BD93DCE92765EA7E00C9D114 /* Main.storyboard */ = {
			isa = PBXVariantGroup;
			children = (
				BD93DCEA2765EA7E00C9D114 /* Base */,
			);
			name = Main.storyboard;
			sourceTree = "<group>";
		};
		BD93DCEE2765EA8000C9D114 /* LaunchScreen.storyboard */ = {
			isa = PBXVariantGroup;
			children = (
				BD93DCEF2765EA8000C9D114 /* Base */,
			);
			name = LaunchScreen.storyboard;
			sourceTree = "<group>";
		};
/* End PBXVariantGroup section */

/* Begin XCBuildConfiguration section */
		BD93DD082765EA8000C9D114 /* Debug */ = {
			isa = XCBuildConfiguration;
			buildSettings = {
				ALWAYS_SEARCH_USER_PATHS = NO;
				CLANG_ANALYZER_NONNULL = YES;
				CLANG_ANALYZER_NUMBER_OBJECT_CONVERSION = YES_AGGRESSIVE;
				CLANG_CXX_LANGUAGE_STANDARD = "gnu++17";
				CLANG_CXX_LIBRARY = "libc++";
				CLANG_ENABLE_MODULES = YES;
				CLANG_ENABLE_OBJC_ARC = YES;
				CLANG_ENABLE_OBJC_WEAK = YES;
				CLANG_WARN_BLOCK_CAPTURE_AUTORELEASING = YES;
				CLANG_WARN_BOOL_CONVERSION = YES;
				CLANG_WARN_COMMA = YES;
				CLANG_WARN_CONSTANT_CONVERSION = YES;
				CLANG_WARN_DEPRECATED_OBJC_IMPLEMENTATIONS = YES;
				CLANG_WARN_DIRECT_OBJC_ISA_USAGE = YES_ERROR;
				CLANG_WARN_DOCUMENTATION_COMMENTS = YES;
				CLANG_WARN_EMPTY_BODY = YES;
				CLANG_WARN_ENUM_CONVERSION = YES;
				CLANG_WARN_INFINITE_RECURSION = YES;
				CLANG_WARN_INT_CONVERSION = YES;
				CLANG_WARN_NON_LITERAL_NULL_CONVERSION = YES;
				CLANG_WARN_OBJC_IMPLICIT_RETAIN_SELF = YES;
				CLANG_WARN_OBJC_LITERAL_CONVERSION = YES;
				CLANG_WARN_OBJC_ROOT_CLASS = YES_ERROR;
				CLANG_WARN_QUOTED_INCLUDE_IN_FRAMEWORK_HEADER = YES;
				CLANG_WARN_RANGE_LOOP_ANALYSIS = YES;
				CLANG_WARN_STRICT_PROTOTYPES = YES;
				CLANG_WARN_SUSPICIOUS_MOVE = YES;
				CLANG_WARN_UNGUARDED_AVAILABILITY = YES_AGGRESSIVE;
				CLANG_WARN_UNREACHABLE_CODE = YES;
				CLANG_WARN__DUPLICATE_METHOD_MATCH = YES;
				COPY_PHASE_STRIP = NO;
				DEBUG_INFORMATION_FORMAT = dwarf;
				ENABLE_STRICT_OBJC_MSGSEND = YES;
				ENABLE_TESTABILITY = YES;
				GCC_C_LANGUAGE_STANDARD = gnu11;
				GCC_DYNAMIC_NO_PIC = NO;
				GCC_NO_COMMON_BLOCKS = YES;
				GCC_OPTIMIZATION_LEVEL = 0;
				GCC_PREPROCESSOR_DEFINITIONS = (
					"DEBUG=1",
					"$(inherited)",
				);
				GCC_WARN_64_TO_32_BIT_CONVERSION = YES;
				GCC_WARN_ABOUT_RETURN_TYPE = YES_ERROR;
				GCC_WARN_UNDECLARED_SELECTOR = YES;
				GCC_WARN_UNINITIALIZED_AUTOS = YES_AGGRESSIVE;
				GCC_WARN_UNUSED_FUNCTION = YES;
				GCC_WARN_UNUSED_VARIABLE = YES;
				IPHONEOS_DEPLOYMENT_TARGET = 15.0;
				MTL_ENABLE_DEBUG_INFO = INCLUDE_SOURCE;
				MTL_FAST_MATH = YES;
				ONLY_ACTIVE_ARCH = YES;
				SDKROOT = iphoneos;
				SWIFT_ACTIVE_COMPILATION_CONDITIONS = DEBUG;
				SWIFT_OPTIMIZATION_LEVEL = "-Onone";
			};
			name = Debug;
		};
		BD93DD092765EA8000C9D114 /* Release */ = {
			isa = XCBuildConfiguration;
			buildSettings = {
				ALWAYS_SEARCH_USER_PATHS = NO;
				CLANG_ANALYZER_NONNULL = YES;
				CLANG_ANALYZER_NUMBER_OBJECT_CONVERSION = YES_AGGRESSIVE;
				CLANG_CXX_LANGUAGE_STANDARD = "gnu++17";
				CLANG_CXX_LIBRARY = "libc++";
				CLANG_ENABLE_MODULES = YES;
				CLANG_ENABLE_OBJC_ARC = YES;
				CLANG_ENABLE_OBJC_WEAK = YES;
				CLANG_WARN_BLOCK_CAPTURE_AUTORELEASING = YES;
				CLANG_WARN_BOOL_CONVERSION = YES;
				CLANG_WARN_COMMA = YES;
				CLANG_WARN_CONSTANT_CONVERSION = YES;
				CLANG_WARN_DEPRECATED_OBJC_IMPLEMENTATIONS = YES;
				CLANG_WARN_DIRECT_OBJC_ISA_USAGE = YES_ERROR;
				CLANG_WARN_DOCUMENTATION_COMMENTS = YES;
				CLANG_WARN_EMPTY_BODY = YES;
				CLANG_WARN_ENUM_CONVERSION = YES;
				CLANG_WARN_INFINITE_RECURSION = YES;
				CLANG_WARN_INT_CONVERSION = YES;
				CLANG_WARN_NON_LITERAL_NULL_CONVERSION = YES;
				CLANG_WARN_OBJC_IMPLICIT_RETAIN_SELF = YES;
				CLANG_WARN_OBJC_LITERAL_CONVERSION = YES;
				CLANG_WARN_OBJC_ROOT_CLASS = YES_ERROR;
				CLANG_WARN_QUOTED_INCLUDE_IN_FRAMEWORK_HEADER = YES;
				CLANG_WARN_RANGE_LOOP_ANALYSIS = YES;
				CLANG_WARN_STRICT_PROTOTYPES = YES;
				CLANG_WARN_SUSPICIOUS_MOVE = YES;
				CLANG_WARN_UNGUARDED_AVAILABILITY = YES_AGGRESSIVE;
				CLANG_WARN_UNREACHABLE_CODE = YES;
				CLANG_WARN__DUPLICATE_METHOD_MATCH = YES;
				COPY_PHASE_STRIP = NO;
				DEBUG_INFORMATION_FORMAT = "dwarf-with-dsym";
				ENABLE_NS_ASSERTIONS = NO;
				ENABLE_STRICT_OBJC_MSGSEND = YES;
				GCC_C_LANGUAGE_STANDARD = gnu11;
				GCC_NO_COMMON_BLOCKS = YES;
				GCC_WARN_64_TO_32_BIT_CONVERSION = YES;
				GCC_WARN_ABOUT_RETURN_TYPE = YES_ERROR;
				GCC_WARN_UNDECLARED_SELECTOR = YES;
				GCC_WARN_UNINITIALIZED_AUTOS = YES_AGGRESSIVE;
				GCC_WARN_UNUSED_FUNCTION = YES;
				GCC_WARN_UNUSED_VARIABLE = YES;
				IPHONEOS_DEPLOYMENT_TARGET = 15.0;
				MTL_ENABLE_DEBUG_INFO = NO;
				MTL_FAST_MATH = YES;
				SDKROOT = iphoneos;
				SWIFT_COMPILATION_MODE = wholemodule;
				SWIFT_OPTIMIZATION_LEVEL = "-O";
				VALIDATE_PRODUCT = YES;
			};
			name = Release;
		};
		BD93DD0B2765EA8000C9D114 /* Debug */ = {
			isa = XCBuildConfiguration;
			buildSettings = {
				ASSETCATALOG_COMPILER_APPICON_NAME = AppIcon;
				ASSETCATALOG_COMPILER_GLOBAL_ACCENT_COLOR_NAME = AccentColor;
				CODE_SIGN_STYLE = Automatic;
				CURRENT_PROJECT_VERSION = 1;
				DEVELOPMENT_TEAM = S2N5ABFX6X;
				GENERATE_INFOPLIST_FILE = YES;
				INFOPLIST_FILE = Photorama/Info.plist;
				INFOPLIST_KEY_UIApplicationSupportsIndirectInputEvents = YES;
				INFOPLIST_KEY_UILaunchStoryboardName = LaunchScreen;
				INFOPLIST_KEY_UIMainStoryboardFile = Main;
				INFOPLIST_KEY_UISupportedInterfaceOrientations_iPad = "UIInterfaceOrientationPortrait UIInterfaceOrientationPortraitUpsideDown UIInterfaceOrientationLandscapeLeft UIInterfaceOrientationLandscapeRight";
				INFOPLIST_KEY_UISupportedInterfaceOrientations_iPhone = "UIInterfaceOrientationPortrait UIInterfaceOrientationLandscapeLeft UIInterfaceOrientationLandscapeRight";
				LD_RUNPATH_SEARCH_PATHS = (
					"$(inherited)",
					"@executable_path/Frameworks",
				);
				MARKETING_VERSION = 1.0;
				PRODUCT_BUNDLE_IDENTIFIER = com.shuruq.Photorama;
				PRODUCT_NAME = "$(TARGET_NAME)";
				SWIFT_EMIT_LOC_STRINGS = YES;
				SWIFT_VERSION = 5.0;
				TARGETED_DEVICE_FAMILY = "1,2";
			};
			name = Debug;
		};
		BD93DD0C2765EA8000C9D114 /* Release */ = {
			isa = XCBuildConfiguration;
			buildSettings = {
				ASSETCATALOG_COMPILER_APPICON_NAME = AppIcon;
				ASSETCATALOG_COMPILER_GLOBAL_ACCENT_COLOR_NAME = AccentColor;
				CODE_SIGN_STYLE = Automatic;
				CURRENT_PROJECT_VERSION = 1;
				DEVELOPMENT_TEAM = S2N5ABFX6X;
				GENERATE_INFOPLIST_FILE = YES;
				INFOPLIST_FILE = Photorama/Info.plist;
				INFOPLIST_KEY_UIApplicationSupportsIndirectInputEvents = YES;
				INFOPLIST_KEY_UILaunchStoryboardName = LaunchScreen;
				INFOPLIST_KEY_UIMainStoryboardFile = Main;
				INFOPLIST_KEY_UISupportedInterfaceOrientations_iPad = "UIInterfaceOrientationPortrait UIInterfaceOrientationPortraitUpsideDown UIInterfaceOrientationLandscapeLeft UIInterfaceOrientationLandscapeRight";
				INFOPLIST_KEY_UISupportedInterfaceOrientations_iPhone = "UIInterfaceOrientationPortrait UIInterfaceOrientationLandscapeLeft UIInterfaceOrientationLandscapeRight";
				LD_RUNPATH_SEARCH_PATHS = (
					"$(inherited)",
					"@executable_path/Frameworks",
				);
				MARKETING_VERSION = 1.0;
				PRODUCT_BUNDLE_IDENTIFIER = com.shuruq.Photorama;
				PRODUCT_NAME = "$(TARGET_NAME)";
				SWIFT_EMIT_LOC_STRINGS = YES;
				SWIFT_VERSION = 5.0;
				TARGETED_DEVICE_FAMILY = "1,2";
			};
			name = Release;
		};
		BD93DD0E2765EA8000C9D114 /* Debug */ = {
			isa = XCBuildConfiguration;
			buildSettings = {
				ALWAYS_EMBED_SWIFT_STANDARD_LIBRARIES = YES;
				BUNDLE_LOADER = "$(TEST_HOST)";
				CODE_SIGN_STYLE = Automatic;
				CURRENT_PROJECT_VERSION = 1;
				DEVELOPMENT_TEAM = S2N5ABFX6X;
				GENERATE_INFOPLIST_FILE = YES;
				IPHONEOS_DEPLOYMENT_TARGET = 15.0;
				LD_RUNPATH_SEARCH_PATHS = (
					"$(inherited)",
					"@executable_path/Frameworks",
					"@loader_path/Frameworks",
				);
				MARKETING_VERSION = 1.0;
				PRODUCT_BUNDLE_IDENTIFIER = com.shuruq.PhotoramaTests;
				PRODUCT_NAME = "$(TARGET_NAME)";
				SWIFT_EMIT_LOC_STRINGS = NO;
				SWIFT_VERSION = 5.0;
				TARGETED_DEVICE_FAMILY = "1,2";
				TEST_HOST = "$(BUILT_PRODUCTS_DIR)/Photorama.app/Photorama";
			};
			name = Debug;
		};
		BD93DD0F2765EA8000C9D114 /* Release */ = {
			isa = XCBuildConfiguration;
			buildSettings = {
				ALWAYS_EMBED_SWIFT_STANDARD_LIBRARIES = YES;
				BUNDLE_LOADER = "$(TEST_HOST)";
				CODE_SIGN_STYLE = Automatic;
				CURRENT_PROJECT_VERSION = 1;
				DEVELOPMENT_TEAM = S2N5ABFX6X;
				GENERATE_INFOPLIST_FILE = YES;
				IPHONEOS_DEPLOYMENT_TARGET = 15.0;
				LD_RUNPATH_SEARCH_PATHS = (
					"$(inherited)",
					"@executable_path/Frameworks",
					"@loader_path/Frameworks",
				);
				MARKETING_VERSION = 1.0;
				PRODUCT_BUNDLE_IDENTIFIER = com.shuruq.PhotoramaTests;
				PRODUCT_NAME = "$(TARGET_NAME)";
				SWIFT_EMIT_LOC_STRINGS = NO;
				SWIFT_VERSION = 5.0;
				TARGETED_DEVICE_FAMILY = "1,2";
				TEST_HOST = "$(BUILT_PRODUCTS_DIR)/Photorama.app/Photorama";
			};
			name = Release;
		};
		BD93DD112765EA8000C9D114 /* Debug */ = {
			isa = XCBuildConfiguration;
			buildSettings = {
				ALWAYS_EMBED_SWIFT_STANDARD_LIBRARIES = YES;
				CODE_SIGN_STYLE = Automatic;
				CURRENT_PROJECT_VERSION = 1;
				DEVELOPMENT_TEAM = S2N5ABFX6X;
				GENERATE_INFOPLIST_FILE = YES;
				LD_RUNPATH_SEARCH_PATHS = (
					"$(inherited)",
					"@executable_path/Frameworks",
					"@loader_path/Frameworks",
				);
				MARKETING_VERSION = 1.0;
				PRODUCT_BUNDLE_IDENTIFIER = com.shuruq.PhotoramaUITests;
				PRODUCT_NAME = "$(TARGET_NAME)";
				SWIFT_EMIT_LOC_STRINGS = NO;
				SWIFT_VERSION = 5.0;
				TARGETED_DEVICE_FAMILY = "1,2";
				TEST_TARGET_NAME = Photorama;
			};
			name = Debug;
		};
		BD93DD122765EA8000C9D114 /* Release */ = {
			isa = XCBuildConfiguration;
			buildSettings = {
				ALWAYS_EMBED_SWIFT_STANDARD_LIBRARIES = YES;
				CODE_SIGN_STYLE = Automatic;
				CURRENT_PROJECT_VERSION = 1;
				DEVELOPMENT_TEAM = S2N5ABFX6X;
				GENERATE_INFOPLIST_FILE = YES;
				LD_RUNPATH_SEARCH_PATHS = (
					"$(inherited)",
					"@executable_path/Frameworks",
					"@loader_path/Frameworks",
				);
				MARKETING_VERSION = 1.0;
				PRODUCT_BUNDLE_IDENTIFIER = com.shuruq.PhotoramaUITests;
				PRODUCT_NAME = "$(TARGET_NAME)";
				SWIFT_EMIT_LOC_STRINGS = NO;
				SWIFT_VERSION = 5.0;
				TARGETED_DEVICE_FAMILY = "1,2";
				TEST_TARGET_NAME = Photorama;
			};
			name = Release;
		};
/* End XCBuildConfiguration section */

/* Begin XCConfigurationList section */
		BD93DCDB2765EA7E00C9D114 /* Build configuration list for PBXProject "PhotoramaCh21" */ = {
			isa = XCConfigurationList;
			buildConfigurations = (
				BD93DD082765EA8000C9D114 /* Debug */,
				BD93DD092765EA8000C9D114 /* Release */,
			);
			defaultConfigurationIsVisible = 0;
			defaultConfigurationName = Release;
		};
		BD93DD0A2765EA8000C9D114 /* Build configuration list for PBXNativeTarget "Photorama" */ = {
			isa = XCConfigurationList;
			buildConfigurations = (
				BD93DD0B2765EA8000C9D114 /* Debug */,
				BD93DD0C2765EA8000C9D114 /* Release */,
			);
			defaultConfigurationIsVisible = 0;
			defaultConfigurationName = Release;
		};
		BD93DD0D2765EA8000C9D114 /* Build configuration list for PBXNativeTarget "PhotoramaTests" */ = {
			isa = XCConfigurationList;
			buildConfigurations = (
				BD93DD0E2765EA8000C9D114 /* Debug */,
				BD93DD0F2765EA8000C9D114 /* Release */,
			);
			defaultConfigurationIsVisible = 0;
			defaultConfigurationName = Release;
		};
		BD93DD102765EA8000C9D114 /* Build configuration list for PBXNativeTarget "PhotoramaUITests" */ = {
			isa = XCConfigurationList;
			buildConfigurations = (
				BD93DD112765EA8000C9D114 /* Debug */,
				BD93DD122765EA8000C9D114 /* Release */,
			);
			defaultConfigurationIsVisible = 0;
			defaultConfigurationName = Release;
		};
/* End XCConfigurationList section */
	};
	rootObject = BD93DCD82765EA7E00C9D114 /* Project object */;
}
