// !$*UTF8*$!
{
	archiveVersion = 1;
	classes = {
	};
	objectVersion = 50;
	objects = {

/* Begin PBXBuildFile section */
		100599F9276619B50000A23B /* AppDelegate.swift in Sources */ = {isa = PBXBuildFile; fileRef = 100599F8276619B50000A23B /* AppDelegate.swift */; };
		100599FB276619B50000A23B /* SceneDelegate.swift in Sources */ = {isa = PBXBuildFile; fileRef = 100599FA276619B50000A23B /* SceneDelegate.swift */; };
		100599FD276619B50000A23B /* PhotosViewController .swift in Sources */ = {isa = PBXBuildFile; fileRef = 100599FC276619B50000A23B /* PhotosViewController .swift */; };
		10059A00276619B50000A23B /* Main.storyboard in Resources */ = {isa = PBXBuildFile; fileRef = 100599FE276619B50000A23B /* Main.storyboard */; };
		10059A02276619B50000A23B /* Assets.xcassets in Resources */ = {isa = PBXBuildFile; fileRef = 10059A01276619B50000A23B /* Assets.xcassets */; };
		10059A05276619B50000A23B /* LaunchScreen.storyboard in Resources */ = {isa = PBXBuildFile; fileRef = 10059A03276619B50000A23B /* LaunchScreen.storyboard */; };
		10059A0D27661C1B0000A23B /* FlickrAPI.swift in Sources */ = {isa = PBXBuildFile; fileRef = 10059A0C27661C1B0000A23B /* FlickrAPI.swift */; };
		10059A0F27661E4C0000A23B /* Photo.swift in Sources */ = {isa = PBXBuildFile; fileRef = 10059A0E27661E4C0000A23B /* Photo.swift */; };
		10059A1127661E5F0000A23B /* PhotoStore.swift in Sources */ = {isa = PBXBuildFile; fileRef = 10059A1027661E5F0000A23B /* PhotoStore.swift */; };
		1041164927676D4500A23F98 /*  PhotoDataSource .swift in Sources */ = {isa = PBXBuildFile; fileRef = 1041164827676D4500A23F98 /*  PhotoDataSource .swift */; };
		1041164B276770C800A23F98 /* PhotoCollectionViewCell.swift in Sources */ = {isa = PBXBuildFile; fileRef = 1041164A276770C800A23F98 /* PhotoCollectionViewCell.swift */; };
		1041164D2767830A00A23F98 /*  PhotoInfoViewController.swift in Sources */ = {isa = PBXBuildFile; fileRef = 1041164C2767830A00A23F98 /*  PhotoInfoViewController.swift */; };
		108576F8276F05BA004901A7 /* imageStore.swift in Sources */ = {isa = PBXBuildFile; fileRef = 108576F7276F05BA004901A7 /* imageStore.swift */; };
/* End PBXBuildFile section */

/* Begin PBXFileReference section */
		100599F5276619B50000A23B /* Photorama.app */ = {isa = PBXFileReference; explicitFileType = wrapper.application; includeInIndex = 0; path = Photorama.app; sourceTree = BUILT_PRODUCTS_DIR; };
		100599F8276619B50000A23B /* AppDelegate.swift */ = {isa = PBXFileReference; lastKnownFileType = sourcecode.swift; path = AppDelegate.swift; sourceTree = "<group>"; };
		100599FA276619B50000A23B /* SceneDelegate.swift */ = {isa = PBXFileReference; lastKnownFileType = sourcecode.swift; path = SceneDelegate.swift; sourceTree = "<group>"; };
		100599FC276619B50000A23B /* PhotosViewController .swift */ = {isa = PBXFileReference; lastKnownFileType = sourcecode.swift; path = "PhotosViewController .swift"; sourceTree = "<group>"; };
		100599FF276619B50000A23B /* Base */ = {isa = PBXFileReference; lastKnownFileType = file.storyboard; name = Base; path = Base.lproj/Main.storyboard; sourceTree = "<group>"; };
		10059A01276619B50000A23B /* Assets.xcassets */ = {isa = PBXFileReference; lastKnownFileType = folder.assetcatalog; path = Assets.xcassets; sourceTree = "<group>"; };
		10059A04276619B50000A23B /* Base */ = {isa = PBXFileReference; lastKnownFileType = file.storyboard; name = Base; path = Base.lproj/LaunchScreen.storyboard; sourceTree = "<group>"; };
		10059A06276619B50000A23B /* Info.plist */ = {isa = PBXFileReference; lastKnownFileType = text.plist.xml; path = Info.plist; sourceTree = "<group>"; };
		10059A0C27661C1B0000A23B /* FlickrAPI.swift */ = {isa = PBXFileReference; lastKnownFileType = sourcecode.swift; path = FlickrAPI.swift; sourceTree = "<group>"; };
		10059A0E27661E4C0000A23B /* Photo.swift */ = {isa = PBXFileReference; lastKnownFileType = sourcecode.swift; path = Photo.swift; sourceTree = "<group>"; };
		10059A1027661E5F0000A23B /* PhotoStore.swift */ = {isa = PBXFileReference; lastKnownFileType = sourcecode.swift; path = PhotoStore.swift; sourceTree = "<group>"; };
		1041164827676D4500A23F98 /*  PhotoDataSource .swift */ = {isa = PBXFileReference; lastKnownFileType = sourcecode.swift; path = " PhotoDataSource .swift"; sourceTree = "<group>"; };
		1041164A276770C800A23F98 /* PhotoCollectionViewCell.swift */ = {isa = PBXFileReference; lastKnownFileType = sourcecode.swift; path = PhotoCollectionViewCell.swift; sourceTree = "<group>"; };
		1041164C2767830A00A23F98 /*  PhotoInfoViewController.swift */ = {isa = PBXFileReference; lastKnownFileType = sourcecode.swift; path = " PhotoInfoViewController.swift"; sourceTree = "<group>"; };
		108576F7276F05BA004901A7 /* imageStore.swift */ = {isa = PBXFileReference; lastKnownFileType = sourcecode.swift; path = imageStore.swift; sourceTree = "<group>"; };
/* End PBXFileReference section */

/* Begin PBXFrameworksBuildPhase section */
		100599F2276619B50000A23B /* Frameworks */ = {
			isa = PBXFrameworksBuildPhase;
			buildActionMask = 2147483647;
			files = (
			);
			runOnlyForDeploymentPostprocessing = 0;
		};
/* End PBXFrameworksBuildPhase section */

/* Begin PBXGroup section */
		100599EC276619B50000A23B = {
			isa = PBXGroup;
			children = (
				100599F7276619B50000A23B /* Photorama */,
				100599F6276619B50000A23B /* Products */,
			);
			sourceTree = "<group>";
		};
		100599F6276619B50000A23B /* Products */ = {
			isa = PBXGroup;
			children = (
				100599F5276619B50000A23B /* Photorama.app */,
			);
			name = Products;
			sourceTree = "<group>";
		};
		100599F7276619B50000A23B /* Photorama */ = {
			isa = PBXGroup;
			children = (
				100599F8276619B50000A23B /* AppDelegate.swift */,
				100599FA276619B50000A23B /* SceneDelegate.swift */,
				100599FC276619B50000A23B /* PhotosViewController .swift */,
				100599FE276619B50000A23B /* Main.storyboard */,
				1041164A276770C800A23F98 /* PhotoCollectionViewCell.swift */,
				1041164827676D4500A23F98 /*  PhotoDataSource .swift */,
				10059A01276619B50000A23B /* Assets.xcassets */,
				10059A03276619B50000A23B /* LaunchScreen.storyboard */,
				10059A06276619B50000A23B /* Info.plist */,
				10059A0C27661C1B0000A23B /* FlickrAPI.swift */,
				10059A0E27661E4C0000A23B /* Photo.swift */,
				10059A1027661E5F0000A23B /* PhotoStore.swift */,
				108576F7276F05BA004901A7 /* imageStore.swift */,
				1041164C2767830A00A23F98 /*  PhotoInfoViewController.swift */,
			);
			path = Photorama;
			sourceTree = "<group>";
		};
/* End PBXGroup section */

/* Begin PBXNativeTarget section */
		100599F4276619B50000A23B /* Photorama */ = {
			isa = PBXNativeTarget;
			buildConfigurationList = 10059A09276619B50000A23B /* Build configuration list for PBXNativeTarget "Photorama" */;
			buildPhases = (
				100599F1276619B50000A23B /* Sources */,
				100599F2276619B50000A23B /* Frameworks */,
				100599F3276619B50000A23B /* Resources */,
			);
			buildRules = (
			);
			dependencies = (
			);
			name = Photorama;
			productName = Photorama;
			productReference = 100599F5276619B50000A23B /* Photorama.app */;
			productType = "com.apple.product-type.application";
		};
/* End PBXNativeTarget section */

/* Begin PBXProject section */
		100599ED276619B50000A23B /* Project object */ = {
			isa = PBXProject;
			attributes = {
				LastSwiftUpdateCheck = 1250;
				LastUpgradeCheck = 1250;
				TargetAttributes = {
					100599F4276619B50000A23B = {
						CreatedOnToolsVersion = 12.5;
					};
				};
			};
			buildConfigurationList = 100599F0276619B50000A23B /* Build configuration list for PBXProject "Photorama" */;
			compatibilityVersion = "Xcode 9.3";
			developmentRegion = en;
			hasScannedForEncodings = 0;
			knownRegions = (
				en,
				Base,
			);
			mainGroup = 100599EC276619B50000A23B;
			productRefGroup = 100599F6276619B50000A23B /* Products */;
			projectDirPath = "";
			projectRoot = "";
			targets = (
				100599F4276619B50000A23B /* Photorama */,
			);
		};
/* End PBXProject section */

/* Begin PBXResourcesBuildPhase section */
		100599F3276619B50000A23B /* Resources */ = {
			isa = PBXResourcesBuildPhase;
			buildActionMask = 2147483647;
			files = (
				10059A05276619B50000A23B /* LaunchScreen.storyboard in Resources */,
				10059A02276619B50000A23B /* Assets.xcassets in Resources */,
				10059A00276619B50000A23B /* Main.storyboard in Resources */,
			);
			runOnlyForDeploymentPostprocessing = 0;
		};
/* End PBXResourcesBuildPhase section */

/* Begin PBXSourcesBuildPhase section */
		100599F1276619B50000A23B /* Sources */ = {
			isa = PBXSourcesBuildPhase;
			buildActionMask = 2147483647;
			files = (
				100599FD276619B50000A23B /* PhotosViewController .swift in Sources */,
				1041164D2767830A00A23F98 /*  PhotoInfoViewController.swift in Sources */,
				1041164B276770C800A23F98 /* PhotoCollectionViewCell.swift in Sources */,
				108576F8276F05BA004901A7 /* imageStore.swift in Sources */,
				100599F9276619B50000A23B /* AppDelegate.swift in Sources */,
				1041164927676D4500A23F98 /*  PhotoDataSource .swift in Sources */,
				100599FB276619B50000A23B /* SceneDelegate.swift in Sources */,
				10059A0D27661C1B0000A23B /* FlickrAPI.swift in Sources */,
				10059A1127661E5F0000A23B /* PhotoStore.swift in Sources */,
				10059A0F27661E4C0000A23B /* Photo.swift in Sources */,
			);
			runOnlyForDeploymentPostprocessing = 0;
		};
/* End PBXSourcesBuildPhase section */

/* Begin PBXVariantGroup section */
		100599FE276619B50000A23B /* Main.storyboard */ = {
			isa = PBXVariantGroup;
			children = (
				100599FF276619B50000A23B /* Base */,
			);
			name = Main.storyboard;
			sourceTree = "<group>";
		};
		10059A03276619B50000A23B /* LaunchScreen.storyboard */ = {
			isa = PBXVariantGroup;
			children = (
				10059A04276619B50000A23B /* Base */,
			);
			name = LaunchScreen.storyboard;
			sourceTree = "<group>";
		};
/* End PBXVariantGroup section */

/* Begin XCBuildConfiguration section */
		10059A07276619B50000A23B /* Debug */ = {
			isa = XCBuildConfiguration;
			buildSettings = {
				ALWAYS_SEARCH_USER_PATHS = NO;
				CLANG_ANALYZER_NONNULL = YES;
				CLANG_ANALYZER_NUMBER_OBJECT_CONVERSION = YES_AGGRESSIVE;
				CLANG_CXX_LANGUAGE_STANDARD = "gnu++14";
				CLANG_CXX_LIBRARY = "libc++";
				CLANG_ENABLE_MODULES = YES;
				CLANG_ENABLE_OBJC_ARC = YES;
				CLANG_ENABLE_OBJC_WEAK = YES;
				CLANG_WARN_BLOCK_CAPTURE_AUTORELEASING = YES;
				CLANG_WARN_BOOL_CONVERSION = YES;
				CLANG_WARN_COMMA = YES;
				CLANG_WARN_CONSTANT_CONVERSION = YES;
				CLANG_WARN_DEPRECATED_OBJC_IMPLEMENTATIONS = YES;
				CLANG_WARN_DIRECT_OBJC_ISA_USAGE = YES_ERROR;
				CLANG_WARN_DOCUMENTATION_COMMENTS = YES;
				CLANG_WARN_EMPTY_BODY = YES;
				CLANG_WARN_ENUM_CONVERSION = YES;
				CLANG_WARN_INFINITE_RECURSION = YES;
				CLANG_WARN_INT_CONVERSION = YES;
				CLANG_WARN_NON_LITERAL_NULL_CONVERSION = YES;
				CLANG_WARN_OBJC_IMPLICIT_RETAIN_SELF = YES;
				CLANG_WARN_OBJC_LITERAL_CONVERSION = YES;
				CLANG_WARN_OBJC_ROOT_CLASS = YES_ERROR;
				CLANG_WARN_QUOTED_INCLUDE_IN_FRAMEWORK_HEADER = YES;
				CLANG_WARN_RANGE_LOOP_ANALYSIS = YES;
				CLANG_WARN_STRICT_PROTOTYPES = YES;
				CLANG_WARN_SUSPICIOUS_MOVE = YES;
				CLANG_WARN_UNGUARDED_AVAILABILITY = YES_AGGRESSIVE;
				CLANG_WARN_UNREACHABLE_CODE = YES;
				CLANG_WARN__DUPLICATE_METHOD_MATCH = YES;
				COPY_PHASE_STRIP = NO;
				DEBUG_INFORMATION_FORMAT = dwarf;
				ENABLE_STRICT_OBJC_MSGSEND = YES;
				ENABLE_TESTABILITY = YES;
				GCC_C_LANGUAGE_STANDARD = gnu11;
				GCC_DYNAMIC_NO_PIC = NO;
				GCC_NO_COMMON_BLOCKS = YES;
				GCC_OPTIMIZATION_LEVEL = 0;
				GCC_PREPROCESSOR_DEFINITIONS = (
					"DEBUG=1",
					"$(inherited)",
				);
				GCC_WARN_64_TO_32_BIT_CONVERSION = YES;
				GCC_WARN_ABOUT_RETURN_TYPE = YES_ERROR;
				GCC_WARN_UNDECLARED_SELECTOR = YES;
				GCC_WARN_UNINITIALIZED_AUTOS = YES_AGGRESSIVE;
				GCC_WARN_UNUSED_FUNCTION = YES;
				GCC_WARN_UNUSED_VARIABLE = YES;
				IPHONEOS_DEPLOYMENT_TARGET = 14.5;
				MTL_ENABLE_DEBUG_INFO = INCLUDE_SOURCE;
				MTL_FAST_MATH = YES;
				ONLY_ACTIVE_ARCH = YES;
				SDKROOT = iphoneos;
				SWIFT_ACTIVE_COMPILATION_CONDITIONS = DEBUG;
				SWIFT_OPTIMIZATION_LEVEL = "-Onone";
			};
			name = Debug;
		};
		10059A08276619B50000A23B /* Release */ = {
			isa = XCBuildConfiguration;
			buildSettings = {
				ALWAYS_SEARCH_USER_PATHS = NO;
				CLANG_ANALYZER_NONNULL = YES;
				CLANG_ANALYZER_NUMBER_OBJECT_CONVERSION = YES_AGGRESSIVE;
				CLANG_CXX_LANGUAGE_STANDARD = "gnu++14";
				CLANG_CXX_LIBRARY = "libc++";
				CLANG_ENABLE_MODULES = YES;
				CLANG_ENABLE_OBJC_ARC = YES;
				CLANG_ENABLE_OBJC_WEAK = YES;
				CLANG_WARN_BLOCK_CAPTURE_AUTORELEASING = YES;
				CLANG_WARN_BOOL_CONVERSION = YES;
				CLANG_WARN_COMMA = YES;
				CLANG_WARN_CONSTANT_CONVERSION = YES;
				CLANG_WARN_DEPRECATED_OBJC_IMPLEMENTATIONS = YES;
				CLANG_WARN_DIRECT_OBJC_ISA_USAGE = YES_ERROR;
				CLANG_WARN_DOCUMENTATION_COMMENTS = YES;
				CLANG_WARN_EMPTY_BODY = YES;
				CLANG_WARN_ENUM_CONVERSION = YES;
				CLANG_WARN_INFINITE_RECURSION = YES;
				CLANG_WARN_INT_CONVERSION = YES;
				CLANG_WARN_NON_LITERAL_NULL_CONVERSION = YES;
				CLANG_WARN_OBJC_IMPLICIT_RETAIN_SELF = YES;
				CLANG_WARN_OBJC_LITERAL_CONVERSION = YES;
				CLANG_WARN_OBJC_ROOT_CLASS = YES_ERROR;
				CLANG_WARN_QUOTED_INCLUDE_IN_FRAMEWORK_HEADER = YES;
				CLANG_WARN_RANGE_LOOP_ANALYSIS = YES;
				CLANG_WARN_STRICT_PROTOTYPES = YES;
				CLANG_WARN_SUSPICIOUS_MOVE = YES;
				CLANG_WARN_UNGUARDED_AVAILABILITY = YES_AGGRESSIVE;
				CLANG_WARN_UNREACHABLE_CODE = YES;
				CLANG_WARN__DUPLICATE_METHOD_MATCH = YES;
				COPY_PHASE_STRIP = NO;
				DEBUG_INFORMATION_FORMAT = "dwarf-with-dsym";
				ENABLE_NS_ASSERTIONS = NO;
				ENABLE_STRICT_OBJC_MSGSEND = YES;
				GCC_C_LANGUAGE_STANDARD = gnu11;
				GCC_NO_COMMON_BLOCKS = YES;
				GCC_WARN_64_TO_32_BIT_CONVERSION = YES;
				GCC_WARN_ABOUT_RETURN_TYPE = YES_ERROR;
				GCC_WARN_UNDECLARED_SELECTOR = YES;
				GCC_WARN_UNINITIALIZED_AUTOS = YES_AGGRESSIVE;
				GCC_WARN_UNUSED_FUNCTION = YES;
				GCC_WARN_UNUSED_VARIABLE = YES;
				IPHONEOS_DEPLOYMENT_TARGET = 14.5;
				MTL_ENABLE_DEBUG_INFO = NO;
				MTL_FAST_MATH = YES;
				SDKROOT = iphoneos;
				SWIFT_COMPILATION_MODE = wholemodule;
				SWIFT_OPTIMIZATION_LEVEL = "-O";
				VALIDATE_PRODUCT = YES;
			};
			name = Release;
		};
		10059A0A276619B50000A23B /* Debug */ = {
			isa = XCBuildConfiguration;
			buildSettings = {
				ASSETCATALOG_COMPILER_APPICON_NAME = AppIcon;
				ASSETCATALOG_COMPILER_GLOBAL_ACCENT_COLOR_NAME = AccentColor;
				CODE_SIGN_STYLE = Automatic;
				DEVELOPMENT_TEAM = 8TC6NM65Z3;
				INFOPLIST_FILE = Photorama/Info.plist;
				LD_RUNPATH_SEARCH_PATHS = (
					"$(inherited)",
					"@executable_path/Frameworks",
				);
				PRODUCT_BUNDLE_IDENTIFIER = com.mohammed.Photorama;
				PRODUCT_NAME = "$(TARGET_NAME)";
				SWIFT_VERSION = 5.0;
				TARGETED_DEVICE_FAMILY = "1,2";
			};
			name = Debug;
		};
		10059A0B276619B50000A23B /* Release */ = {
			isa = XCBuildConfiguration;
			buildSettings = {
				ASSETCATALOG_COMPILER_APPICON_NAME = AppIcon;
				ASSETCATALOG_COMPILER_GLOBAL_ACCENT_COLOR_NAME = AccentColor;
				CODE_SIGN_STYLE = Automatic;
				DEVELOPMENT_TEAM = 8TC6NM65Z3;
				INFOPLIST_FILE = Photorama/Info.plist;
				LD_RUNPATH_SEARCH_PATHS = (
					"$(inherited)",
					"@executable_path/Frameworks",
				);
				PRODUCT_BUNDLE_IDENTIFIER = com.mohammed.Photorama;
				PRODUCT_NAME = "$(TARGET_NAME)";
				SWIFT_VERSION = 5.0;
				TARGETED_DEVICE_FAMILY = "1,2";
			};
			name = Release;
		};
/* End XCBuildConfiguration section */

/* Begin XCConfigurationList section */
		100599F0276619B50000A23B /* Build configuration list for PBXProject "Photorama" */ = {
			isa = XCConfigurationList;
			buildConfigurations = (
				10059A07276619B50000A23B /* Debug */,
				10059A08276619B50000A23B /* Release */,
			);
			defaultConfigurationIsVisible = 0;
			defaultConfigurationName = Release;
		};
		10059A09276619B50000A23B /* Build configuration list for PBXNativeTarget "Photorama" */ = {
			isa = XCConfigurationList;
			buildConfigurations = (
				10059A0A276619B50000A23B /* Debug */,
				10059A0B276619B50000A23B /* Release */,
			);
			defaultConfigurationIsVisible = 0;
			defaultConfigurationName = Release;
		};
/* End XCConfigurationList section */
	};
	rootObject = 100599ED276619B50000A23B /* Project object */;
}
