// !$*UTF8*$!
{
	archiveVersion = 1;
	classes = {
	};
	objectVersion = 50;
	objects = {

/* Begin PBXBuildFile section */
		20137F332767421000223560 /*  ImageStore .swift in Sources */ = {isa = PBXBuildFile; fileRef = 20137F322767421000223560 /*  ImageStore .swift */; };
		20137F352767428D00223560 /*  PhotoInfoViewController.swift in Sources */ = {isa = PBXBuildFile; fileRef = 20137F342767428D00223560 /*  PhotoInfoViewController.swift */; };
		2070B0F02765CADB00DC4799 /* AppDelegate.swift in Sources */ = {isa = PBXBuildFile; fileRef = 2070B0EF2765CADB00DC4799 /* AppDelegate.swift */; };
		2070B0F22765CADB00DC4799 /* SceneDelegate.swift in Sources */ = {isa = PBXBuildFile; fileRef = 2070B0F12765CADB00DC4799 /* SceneDelegate.swift */; };
		2070B0F42765CADB00DC4799 /* PhotosViewController.swift in Sources */ = {isa = PBXBuildFile; fileRef = 2070B0F32765CADB00DC4799 /* PhotosViewController.swift */; };
		2070B0F72765CADB00DC4799 /* Main.storyboard in Resources */ = {isa = PBXBuildFile; fileRef = 2070B0F52765CADB00DC4799 /* Main.storyboard */; };
		2070B0F92765CADB00DC4799 /* Assets.xcassets in Resources */ = {isa = PBXBuildFile; fileRef = 2070B0F82765CADB00DC4799 /* Assets.xcassets */; };
		2070B0FC2765CADB00DC4799 /* LaunchScreen.storyboard in Resources */ = {isa = PBXBuildFile; fileRef = 2070B0FA2765CADB00DC4799 /* LaunchScreen.storyboard */; };
		20A898CA2765D3EF0029C5BE /*  FlickrAPI.swift in Sources */ = {isa = PBXBuildFile; fileRef = 20A898C92765D3EF0029C5BE /*  FlickrAPI.swift */; };
		20A898CC2765D5A60029C5BE /* PhotoStore.swift in Sources */ = {isa = PBXBuildFile; fileRef = 20A898CB2765D5A60029C5BE /* PhotoStore.swift */; };
		20A898CE2765DF8E0029C5BE /* Photo.swift in Sources */ = {isa = PBXBuildFile; fileRef = 20A898CD2765DF8E0029C5BE /* Photo.swift */; };
		20A898D02765EC0C0029C5BE /*  PhotoDataSource.swift in Sources */ = {isa = PBXBuildFile; fileRef = 20A898CF2765EC0C0029C5BE /*  PhotoDataSource.swift */; };
		20A898D2276602520029C5BE /* PhotoCollectionViewCell.swift in Sources */ = {isa = PBXBuildFile; fileRef = 20A898D1276602520029C5BE /* PhotoCollectionViewCell.swift */; };
/* End PBXBuildFile section */

/* Begin PBXFileReference section */
		20137F322767421000223560 /*  ImageStore .swift */ = {isa = PBXFileReference; fileEncoding = 4; lastKnownFileType = sourcecode.swift; path = " ImageStore .swift"; sourceTree = "<group>"; };
		20137F342767428D00223560 /*  PhotoInfoViewController.swift */ = {isa = PBXFileReference; lastKnownFileType = sourcecode.swift; path = " PhotoInfoViewController.swift"; sourceTree = "<group>"; };
		2070B0EC2765CADB00DC4799 /* Photorama-Ahmed_Alqhtani.app */ = {isa = PBXFileReference; explicitFileType = wrapper.application; includeInIndex = 0; path = "Photorama-Ahmed_Alqhtani.app"; sourceTree = BUILT_PRODUCTS_DIR; };
		2070B0EF2765CADB00DC4799 /* AppDelegate.swift */ = {isa = PBXFileReference; lastKnownFileType = sourcecode.swift; path = AppDelegate.swift; sourceTree = "<group>"; };
		2070B0F12765CADB00DC4799 /* SceneDelegate.swift */ = {isa = PBXFileReference; lastKnownFileType = sourcecode.swift; path = SceneDelegate.swift; sourceTree = "<group>"; };
		2070B0F32765CADB00DC4799 /* PhotosViewController.swift */ = {isa = PBXFileReference; lastKnownFileType = sourcecode.swift; path = PhotosViewController.swift; sourceTree = "<group>"; };
		2070B0F62765CADB00DC4799 /* Base */ = {isa = PBXFileReference; lastKnownFileType = file.storyboard; name = Base; path = Base.lproj/Main.storyboard; sourceTree = "<group>"; };
		2070B0F82765CADB00DC4799 /* Assets.xcassets */ = {isa = PBXFileReference; lastKnownFileType = folder.assetcatalog; path = Assets.xcassets; sourceTree = "<group>"; };
		2070B0FB2765CADB00DC4799 /* Base */ = {isa = PBXFileReference; lastKnownFileType = file.storyboard; name = Base; path = Base.lproj/LaunchScreen.storyboard; sourceTree = "<group>"; };
		2070B0FD2765CADB00DC4799 /* Info.plist */ = {isa = PBXFileReference; lastKnownFileType = text.plist.xml; path = Info.plist; sourceTree = "<group>"; };
		20A898C92765D3EF0029C5BE /*  FlickrAPI.swift */ = {isa = PBXFileReference; lastKnownFileType = sourcecode.swift; path = " FlickrAPI.swift"; sourceTree = "<group>"; };
		20A898CB2765D5A60029C5BE /* PhotoStore.swift */ = {isa = PBXFileReference; lastKnownFileType = sourcecode.swift; path = PhotoStore.swift; sourceTree = "<group>"; };
		20A898CD2765DF8E0029C5BE /* Photo.swift */ = {isa = PBXFileReference; lastKnownFileType = sourcecode.swift; path = Photo.swift; sourceTree = "<group>"; };
		20A898CF2765EC0C0029C5BE /*  PhotoDataSource.swift */ = {isa = PBXFileReference; lastKnownFileType = sourcecode.swift; path = " PhotoDataSource.swift"; sourceTree = "<group>"; };
		20A898D1276602520029C5BE /* PhotoCollectionViewCell.swift */ = {isa = PBXFileReference; lastKnownFileType = sourcecode.swift; path = PhotoCollectionViewCell.swift; sourceTree = "<group>"; };
/* End PBXFileReference section */

/* Begin PBXFrameworksBuildPhase section */
		2070B0E92765CADB00DC4799 /* Frameworks */ = {
			isa = PBXFrameworksBuildPhase;
			buildActionMask = 2147483647;
			files = (
			);
			runOnlyForDeploymentPostprocessing = 0;
		};
/* End PBXFrameworksBuildPhase section */

/* Begin PBXGroup section */
		2070B0E32765CADB00DC4799 = {
			isa = PBXGroup;
			children = (
				2070B0EE2765CADB00DC4799 /* Photorama-Ahmed_Alqhtani */,
				2070B0ED2765CADB00DC4799 /* Products */,
			);
			sourceTree = "<group>";
		};
		2070B0ED2765CADB00DC4799 /* Products */ = {
			isa = PBXGroup;
			children = (
				2070B0EC2765CADB00DC4799 /* Photorama-Ahmed_Alqhtani.app */,
			);
			name = Products;
			sourceTree = "<group>";
		};
		2070B0EE2765CADB00DC4799 /* Photorama-Ahmed_Alqhtani */ = {
			isa = PBXGroup;
			children = (
				207268612767351700D685C0 /* Controller */,
				207268622767356A00D685C0 /* View */,
				207268632767358B00D685C0 /* Supports */,
			);
			path = "Photorama-Ahmed_Alqhtani";
			sourceTree = "<group>";
		};
		207268612767351700D685C0 /* Controller */ = {
			isa = PBXGroup;
			children = (
				20137F322767421000223560 /*  ImageStore .swift */,
				20A898CD2765DF8E0029C5BE /* Photo.swift */,
				20A898C92765D3EF0029C5BE /*  FlickrAPI.swift */,
				20A898CB2765D5A60029C5BE /* PhotoStore.swift */,
				20137F342767428D00223560 /*  PhotoInfoViewController.swift */,
				20A898CF2765EC0C0029C5BE /*  PhotoDataSource.swift */,
				20A898D1276602520029C5BE /* PhotoCollectionViewCell.swift */,
				2070B0F32765CADB00DC4799 /* PhotosViewController.swift */,
			);
			path = Controller;
			sourceTree = "<group>";
		};
		207268622767356A00D685C0 /* View */ = {
			isa = PBXGroup;
			children = (
				2070B0F52765CADB00DC4799 /* Main.storyboard */,
			);
			path = View;
			sourceTree = "<group>";
		};
		207268632767358B00D685C0 /* Supports */ = {
			isa = PBXGroup;
			children = (
				2070B0FD2765CADB00DC4799 /* Info.plist */,
				2070B0FA2765CADB00DC4799 /* LaunchScreen.storyboard */,
				2070B0F82765CADB00DC4799 /* Assets.xcassets */,
				2070B0F12765CADB00DC4799 /* SceneDelegate.swift */,
				2070B0EF2765CADB00DC4799 /* AppDelegate.swift */,
			);
			name = Supports;
			sourceTree = "<group>";
		};
/* End PBXGroup section */

/* Begin PBXNativeTarget section */
		2070B0EB2765CADB00DC4799 /* Photorama-Ahmed_Alqhtani */ = {
			isa = PBXNativeTarget;
			buildConfigurationList = 2070B1002765CADB00DC4799 /* Build configuration list for PBXNativeTarget "Photorama-Ahmed_Alqhtani" */;
			buildPhases = (
				2070B0E82765CADB00DC4799 /* Sources */,
				2070B0E92765CADB00DC4799 /* Frameworks */,
				2070B0EA2765CADB00DC4799 /* Resources */,
			);
			buildRules = (
			);
			dependencies = (
			);
			name = "Photorama-Ahmed_Alqhtani";
			productName = "Photorama-Ahmed_Alqhtani";
			productReference = 2070B0EC2765CADB00DC4799 /* Photorama-Ahmed_Alqhtani.app */;
			productType = "com.apple.product-type.application";
		};
/* End PBXNativeTarget section */

/* Begin PBXProject section */
		2070B0E42765CADB00DC4799 /* Project object */ = {
			isa = PBXProject;
			attributes = {
				LastSwiftUpdateCheck = 1250;
				LastUpgradeCheck = 1250;
				TargetAttributes = {
					2070B0EB2765CADB00DC4799 = {
						CreatedOnToolsVersion = 12.5;
					};
				};
			};
			buildConfigurationList = 2070B0E72765CADB00DC4799 /* Build configuration list for PBXProject "Photorama-Ahmed_Alqhtani" */;
			compatibilityVersion = "Xcode 9.3";
			developmentRegion = en;
			hasScannedForEncodings = 0;
			knownRegions = (
				en,
				Base,
			);
			mainGroup = 2070B0E32765CADB00DC4799;
			productRefGroup = 2070B0ED2765CADB00DC4799 /* Products */;
			projectDirPath = "";
			projectRoot = "";
			targets = (
				2070B0EB2765CADB00DC4799 /* Photorama-Ahmed_Alqhtani */,
			);
		};
/* End PBXProject section */

/* Begin PBXResourcesBuildPhase section */
		2070B0EA2765CADB00DC4799 /* Resources */ = {
			isa = PBXResourcesBuildPhase;
			buildActionMask = 2147483647;
			files = (
				2070B0FC2765CADB00DC4799 /* LaunchScreen.storyboard in Resources */,
				2070B0F92765CADB00DC4799 /* Assets.xcassets in Resources */,
				2070B0F72765CADB00DC4799 /* Main.storyboard in Resources */,
			);
			runOnlyForDeploymentPostprocessing = 0;
		};
/* End PBXResourcesBuildPhase section */

/* Begin PBXSourcesBuildPhase section */
		2070B0E82765CADB00DC4799 /* Sources */ = {
			isa = PBXSourcesBuildPhase;
			buildActionMask = 2147483647;
			files = (
				20A898CE2765DF8E0029C5BE /* Photo.swift in Sources */,
				20A898D2276602520029C5BE /* PhotoCollectionViewCell.swift in Sources */,
				20A898CC2765D5A60029C5BE /* PhotoStore.swift in Sources */,
				20137F332767421000223560 /*  ImageStore .swift in Sources */,
				20137F352767428D00223560 /*  PhotoInfoViewController.swift in Sources */,
				2070B0F42765CADB00DC4799 /* PhotosViewController.swift in Sources */,
				20A898CA2765D3EF0029C5BE /*  FlickrAPI.swift in Sources */,
				2070B0F02765CADB00DC4799 /* AppDelegate.swift in Sources */,
				2070B0F22765CADB00DC4799 /* SceneDelegate.swift in Sources */,
				20A898D02765EC0C0029C5BE /*  PhotoDataSource.swift in Sources */,
			);
			runOnlyForDeploymentPostprocessing = 0;
		};
/* End PBXSourcesBuildPhase section */

/* Begin PBXVariantGroup section */
		2070B0F52765CADB00DC4799 /* Main.storyboard */ = {
			isa = PBXVariantGroup;
			children = (
				2070B0F62765CADB00DC4799 /* Base */,
			);
			name = Main.storyboard;
			sourceTree = "<group>";
		};
		2070B0FA2765CADB00DC4799 /* LaunchScreen.storyboard */ = {
			isa = PBXVariantGroup;
			children = (
				2070B0FB2765CADB00DC4799 /* Base */,
			);
			name = LaunchScreen.storyboard;
			sourceTree = "<group>";
		};
/* End PBXVariantGroup section */

/* Begin XCBuildConfiguration section */
		2070B0FE2765CADB00DC4799 /* Debug */ = {
			isa = XCBuildConfiguration;
			buildSettings = {
				ALWAYS_SEARCH_USER_PATHS = NO;
				CLANG_ANALYZER_NONNULL = YES;
				CLANG_ANALYZER_NUMBER_OBJECT_CONVERSION = YES_AGGRESSIVE;
				CLANG_CXX_LANGUAGE_STANDARD = "gnu++14";
				CLANG_CXX_LIBRARY = "libc++";
				CLANG_ENABLE_MODULES = YES;
				CLANG_ENABLE_OBJC_ARC = YES;
				CLANG_ENABLE_OBJC_WEAK = YES;
				CLANG_WARN_BLOCK_CAPTURE_AUTORELEASING = YES;
				CLANG_WARN_BOOL_CONVERSION = YES;
				CLANG_WARN_COMMA = YES;
				CLANG_WARN_CONSTANT_CONVERSION = YES;
				CLANG_WARN_DEPRECATED_OBJC_IMPLEMENTATIONS = YES;
				CLANG_WARN_DIRECT_OBJC_ISA_USAGE = YES_ERROR;
				CLANG_WARN_DOCUMENTATION_COMMENTS = YES;
				CLANG_WARN_EMPTY_BODY = YES;
				CLANG_WARN_ENUM_CONVERSION = YES;
				CLANG_WARN_INFINITE_RECURSION = YES;
				CLANG_WARN_INT_CONVERSION = YES;
				CLANG_WARN_NON_LITERAL_NULL_CONVERSION = YES;
				CLANG_WARN_OBJC_IMPLICIT_RETAIN_SELF = YES;
				CLANG_WARN_OBJC_LITERAL_CONVERSION = YES;
				CLANG_WARN_OBJC_ROOT_CLASS = YES_ERROR;
				CLANG_WARN_QUOTED_INCLUDE_IN_FRAMEWORK_HEADER = YES;
				CLANG_WARN_RANGE_LOOP_ANALYSIS = YES;
				CLANG_WARN_STRICT_PROTOTYPES = YES;
				CLANG_WARN_SUSPICIOUS_MOVE = YES;
				CLANG_WARN_UNGUARDED_AVAILABILITY = YES_AGGRESSIVE;
				CLANG_WARN_UNREACHABLE_CODE = YES;
				CLANG_WARN__DUPLICATE_METHOD_MATCH = YES;
				COPY_PHASE_STRIP = NO;
				DEBUG_INFORMATION_FORMAT = dwarf;
				ENABLE_STRICT_OBJC_MSGSEND = YES;
				ENABLE_TESTABILITY = YES;
				GCC_C_LANGUAGE_STANDARD = gnu11;
				GCC_DYNAMIC_NO_PIC = NO;
				GCC_NO_COMMON_BLOCKS = YES;
				GCC_OPTIMIZATION_LEVEL = 0;
				GCC_PREPROCESSOR_DEFINITIONS = (
					"DEBUG=1",
					"$(inherited)",
				);
				GCC_WARN_64_TO_32_BIT_CONVERSION = YES;
				GCC_WARN_ABOUT_RETURN_TYPE = YES_ERROR;
				GCC_WARN_UNDECLARED_SELECTOR = YES;
				GCC_WARN_UNINITIALIZED_AUTOS = YES_AGGRESSIVE;
				GCC_WARN_UNUSED_FUNCTION = YES;
				GCC_WARN_UNUSED_VARIABLE = YES;
				IPHONEOS_DEPLOYMENT_TARGET = 14.5;
				MTL_ENABLE_DEBUG_INFO = INCLUDE_SOURCE;
				MTL_FAST_MATH = YES;
				ONLY_ACTIVE_ARCH = YES;
				SDKROOT = iphoneos;
				SWIFT_ACTIVE_COMPILATION_CONDITIONS = DEBUG;
				SWIFT_OPTIMIZATION_LEVEL = "-Onone";
			};
			name = Debug;
		};
		2070B0FF2765CADB00DC4799 /* Release */ = {
			isa = XCBuildConfiguration;
			buildSettings = {
				ALWAYS_SEARCH_USER_PATHS = NO;
				CLANG_ANALYZER_NONNULL = YES;
				CLANG_ANALYZER_NUMBER_OBJECT_CONVERSION = YES_AGGRESSIVE;
				CLANG_CXX_LANGUAGE_STANDARD = "gnu++14";
				CLANG_CXX_LIBRARY = "libc++";
				CLANG_ENABLE_MODULES = YES;
				CLANG_ENABLE_OBJC_ARC = YES;
				CLANG_ENABLE_OBJC_WEAK = YES;
				CLANG_WARN_BLOCK_CAPTURE_AUTORELEASING = YES;
				CLANG_WARN_BOOL_CONVERSION = YES;
				CLANG_WARN_COMMA = YES;
				CLANG_WARN_CONSTANT_CONVERSION = YES;
				CLANG_WARN_DEPRECATED_OBJC_IMPLEMENTATIONS = YES;
				CLANG_WARN_DIRECT_OBJC_ISA_USAGE = YES_ERROR;
				CLANG_WARN_DOCUMENTATION_COMMENTS = YES;
				CLANG_WARN_EMPTY_BODY = YES;
				CLANG_WARN_ENUM_CONVERSION = YES;
				CLANG_WARN_INFINITE_RECURSION = YES;
				CLANG_WARN_INT_CONVERSION = YES;
				CLANG_WARN_NON_LITERAL_NULL_CONVERSION = YES;
				CLANG_WARN_OBJC_IMPLICIT_RETAIN_SELF = YES;
				CLANG_WARN_OBJC_LITERAL_CONVERSION = YES;
				CLANG_WARN_OBJC_ROOT_CLASS = YES_ERROR;
				CLANG_WARN_QUOTED_INCLUDE_IN_FRAMEWORK_HEADER = YES;
				CLANG_WARN_RANGE_LOOP_ANALYSIS = YES;
				CLANG_WARN_STRICT_PROTOTYPES = YES;
				CLANG_WARN_SUSPICIOUS_MOVE = YES;
				CLANG_WARN_UNGUARDED_AVAILABILITY = YES_AGGRESSIVE;
				CLANG_WARN_UNREACHABLE_CODE = YES;
				CLANG_WARN__DUPLICATE_METHOD_MATCH = YES;
				COPY_PHASE_STRIP = NO;
				DEBUG_INFORMATION_FORMAT = "dwarf-with-dsym";
				ENABLE_NS_ASSERTIONS = NO;
				ENABLE_STRICT_OBJC_MSGSEND = YES;
				GCC_C_LANGUAGE_STANDARD = gnu11;
				GCC_NO_COMMON_BLOCKS = YES;
				GCC_WARN_64_TO_32_BIT_CONVERSION = YES;
				GCC_WARN_ABOUT_RETURN_TYPE = YES_ERROR;
				GCC_WARN_UNDECLARED_SELECTOR = YES;
				GCC_WARN_UNINITIALIZED_AUTOS = YES_AGGRESSIVE;
				GCC_WARN_UNUSED_FUNCTION = YES;
				GCC_WARN_UNUSED_VARIABLE = YES;
				IPHONEOS_DEPLOYMENT_TARGET = 14.5;
				MTL_ENABLE_DEBUG_INFO = NO;
				MTL_FAST_MATH = YES;
				SDKROOT = iphoneos;
				SWIFT_COMPILATION_MODE = wholemodule;
				SWIFT_OPTIMIZATION_LEVEL = "-O";
				VALIDATE_PRODUCT = YES;
			};
			name = Release;
		};
		2070B1012765CADB00DC4799 /* Debug */ = {
			isa = XCBuildConfiguration;
			buildSettings = {
				ASSETCATALOG_COMPILER_APPICON_NAME = AppIcon;
				ASSETCATALOG_COMPILER_GLOBAL_ACCENT_COLOR_NAME = AccentColor;
				CODE_SIGN_STYLE = Automatic;
				DEVELOPMENT_TEAM = 5G285Z8X9T;
				INFOPLIST_FILE = "Photorama-Ahmed_Alqhtani/Info.plist";
				LD_RUNPATH_SEARCH_PATHS = (
					"$(inherited)",
					"@executable_path/Frameworks",
				);
				PRODUCT_BUNDLE_IDENTIFIER = "com.ahmed.Photorama-Ahmed-Alqhtani";
				PRODUCT_NAME = "$(TARGET_NAME)";
				SWIFT_VERSION = 5.0;
				TARGETED_DEVICE_FAMILY = "1,2";
			};
			name = Debug;
		};
		2070B1022765CADB00DC4799 /* Release */ = {
			isa = XCBuildConfiguration;
			buildSettings = {
				ASSETCATALOG_COMPILER_APPICON_NAME = AppIcon;
				ASSETCATALOG_COMPILER_GLOBAL_ACCENT_COLOR_NAME = AccentColor;
				CODE_SIGN_STYLE = Automatic;
				DEVELOPMENT_TEAM = 5G285Z8X9T;
				INFOPLIST_FILE = "Photorama-Ahmed_Alqhtani/Info.plist";
				LD_RUNPATH_SEARCH_PATHS = (
					"$(inherited)",
					"@executable_path/Frameworks",
				);
				PRODUCT_BUNDLE_IDENTIFIER = "com.ahmed.Photorama-Ahmed-Alqhtani";
				PRODUCT_NAME = "$(TARGET_NAME)";
				SWIFT_VERSION = 5.0;
				TARGETED_DEVICE_FAMILY = "1,2";
			};
			name = Release;
		};
/* End XCBuildConfiguration section */

/* Begin XCConfigurationList section */
		2070B0E72765CADB00DC4799 /* Build configuration list for PBXProject "Photorama-Ahmed_Alqhtani" */ = {
			isa = XCConfigurationList;
			buildConfigurations = (
				2070B0FE2765CADB00DC4799 /* Debug */,
				2070B0FF2765CADB00DC4799 /* Release */,
			);
			defaultConfigurationIsVisible = 0;
			defaultConfigurationName = Release;
		};
		2070B1002765CADB00DC4799 /* Build configuration list for PBXNativeTarget "Photorama-Ahmed_Alqhtani" */ = {
			isa = XCConfigurationList;
			buildConfigurations = (
				2070B1012765CADB00DC4799 /* Debug */,
				2070B1022765CADB00DC4799 /* Release */,
			);
			defaultConfigurationIsVisible = 0;
			defaultConfigurationName = Release;
		};
/* End XCConfigurationList section */
	};
	rootObject = 2070B0E42765CADB00DC4799 /* Project object */;
}
