// !$*UTF8*$!
{
	archiveVersion = 1;
	classes = {
	};
	objectVersion = 55;
	objects = {

/* Begin PBXBuildFile section */
		CA120C46276737BB0042BE17 /* PhotoInfoViewController.swift in Sources */ = {isa = PBXBuildFile; fileRef = CA120C45276737BB0042BE17 /* PhotoInfoViewController.swift */; };
		CABEBB402765CC430060FD44 /* AppDelegate.swift in Sources */ = {isa = PBXBuildFile; fileRef = CABEBB3F2765CC430060FD44 /* AppDelegate.swift */; };
		CABEBB422765CC430060FD44 /* SceneDelegate.swift in Sources */ = {isa = PBXBuildFile; fileRef = CABEBB412765CC430060FD44 /* SceneDelegate.swift */; };
		CABEBB442765CC430060FD44 /* PhotosViewController.swift in Sources */ = {isa = PBXBuildFile; fileRef = CABEBB432765CC430060FD44 /* PhotosViewController.swift */; };
		CABEBB472765CC430060FD44 /* Main.storyboard in Resources */ = {isa = PBXBuildFile; fileRef = CABEBB452765CC430060FD44 /* Main.storyboard */; };
		CABEBB492765CC440060FD44 /* Assets.xcassets in Resources */ = {isa = PBXBuildFile; fileRef = CABEBB482765CC440060FD44 /* Assets.xcassets */; };
		CABEBB4C2765CC440060FD44 /* LaunchScreen.storyboard in Resources */ = {isa = PBXBuildFile; fileRef = CABEBB4A2765CC440060FD44 /* LaunchScreen.storyboard */; };
		CABEBB542765CCE10060FD44 /* FlickrAPI.swift in Sources */ = {isa = PBXBuildFile; fileRef = CABEBB532765CCE10060FD44 /* FlickrAPI.swift */; };
		CABEBB562765CE4A0060FD44 /* PhotoStore.swift in Sources */ = {isa = PBXBuildFile; fileRef = CABEBB552765CE4A0060FD44 /* PhotoStore.swift */; };
		CAD778482765D68D00FDAC4B /* Photo.swift in Sources */ = {isa = PBXBuildFile; fileRef = CAD778472765D68D00FDAC4B /* Photo.swift */; };
		CAD7784A2765E09000FDAC4B /* File.swift in Sources */ = {isa = PBXBuildFile; fileRef = CAD778492765E09000FDAC4B /* File.swift */; };
		CAD778502765E7BD00FDAC4B /* PhotoDataSource.swift in Sources */ = {isa = PBXBuildFile; fileRef = CAD7784F2765E7BD00FDAC4B /* PhotoDataSource.swift */; };
		CAD778522765E98C00FDAC4B /* PhotoCollectionViewCell.swift in Sources */ = {isa = PBXBuildFile; fileRef = CAD778512765E98C00FDAC4B /* PhotoCollectionViewCell.swift */; };
		CAD778542765EFD600FDAC4B /* ImageStore.swift in Sources */ = {isa = PBXBuildFile; fileRef = CAD778532765EFD600FDAC4B /* ImageStore.swift */; };
/* End PBXBuildFile section */

/* Begin PBXFileReference section */
		CA120C45276737BB0042BE17 /* PhotoInfoViewController.swift */ = {isa = PBXFileReference; lastKnownFileType = sourcecode.swift; path = PhotoInfoViewController.swift; sourceTree = "<group>"; };
		CABEBB3C2765CC430060FD44 /* Photorama.app */ = {isa = PBXFileReference; explicitFileType = wrapper.application; includeInIndex = 0; path = Photorama.app; sourceTree = BUILT_PRODUCTS_DIR; };
		CABEBB3F2765CC430060FD44 /* AppDelegate.swift */ = {isa = PBXFileReference; lastKnownFileType = sourcecode.swift; path = AppDelegate.swift; sourceTree = "<group>"; };
		CABEBB412765CC430060FD44 /* SceneDelegate.swift */ = {isa = PBXFileReference; lastKnownFileType = sourcecode.swift; path = SceneDelegate.swift; sourceTree = "<group>"; };
		CABEBB432765CC430060FD44 /* PhotosViewController.swift */ = {isa = PBXFileReference; lastKnownFileType = sourcecode.swift; path = PhotosViewController.swift; sourceTree = "<group>"; };
		CABEBB462765CC430060FD44 /* Base */ = {isa = PBXFileReference; lastKnownFileType = file.storyboard; name = Base; path = Base.lproj/Main.storyboard; sourceTree = "<group>"; };
		CABEBB482765CC440060FD44 /* Assets.xcassets */ = {isa = PBXFileReference; lastKnownFileType = folder.assetcatalog; path = Assets.xcassets; sourceTree = "<group>"; };
		CABEBB4B2765CC440060FD44 /* Base */ = {isa = PBXFileReference; lastKnownFileType = file.storyboard; name = Base; path = Base.lproj/LaunchScreen.storyboard; sourceTree = "<group>"; };
		CABEBB4D2765CC440060FD44 /* Info.plist */ = {isa = PBXFileReference; lastKnownFileType = text.plist.xml; path = Info.plist; sourceTree = "<group>"; };
		CABEBB532765CCE10060FD44 /* FlickrAPI.swift */ = {isa = PBXFileReference; lastKnownFileType = sourcecode.swift; path = FlickrAPI.swift; sourceTree = "<group>"; };
		CABEBB552765CE4A0060FD44 /* PhotoStore.swift */ = {isa = PBXFileReference; lastKnownFileType = sourcecode.swift; path = PhotoStore.swift; sourceTree = "<group>"; };
		CAD778472765D68D00FDAC4B /* Photo.swift */ = {isa = PBXFileReference; lastKnownFileType = sourcecode.swift; path = Photo.swift; sourceTree = "<group>"; };
		CAD778492765E09000FDAC4B /* File.swift */ = {isa = PBXFileReference; lastKnownFileType = sourcecode.swift; path = File.swift; sourceTree = "<group>"; };
		CAD7784F2765E7BD00FDAC4B /* PhotoDataSource.swift */ = {isa = PBXFileReference; lastKnownFileType = sourcecode.swift; path = PhotoDataSource.swift; sourceTree = "<group>"; };
		CAD778512765E98C00FDAC4B /* PhotoCollectionViewCell.swift */ = {isa = PBXFileReference; lastKnownFileType = sourcecode.swift; path = PhotoCollectionViewCell.swift; sourceTree = "<group>"; };
		CAD778532765EFD600FDAC4B /* ImageStore.swift */ = {isa = PBXFileReference; fileEncoding = 4; lastKnownFileType = sourcecode.swift; path = ImageStore.swift; sourceTree = "<group>"; };
/* End PBXFileReference section */

/* Begin PBXFrameworksBuildPhase section */
		CABEBB392765CC430060FD44 /* Frameworks */ = {
			isa = PBXFrameworksBuildPhase;
			buildActionMask = 2147483647;
			files = (
			);
			runOnlyForDeploymentPostprocessing = 0;
		};
/* End PBXFrameworksBuildPhase section */

/* Begin PBXGroup section */
		CABEBB332765CC430060FD44 = {
			isa = PBXGroup;
			children = (
				CABEBB3E2765CC430060FD44 /* Photorama */,
				CABEBB3D2765CC430060FD44 /* Products */,
			);
			sourceTree = "<group>";
		};
		CABEBB3D2765CC430060FD44 /* Products */ = {
			isa = PBXGroup;
			children = (
				CABEBB3C2765CC430060FD44 /* Photorama.app */,
			);
			name = Products;
			sourceTree = "<group>";
		};
		CABEBB3E2765CC430060FD44 /* Photorama */ = {
			isa = PBXGroup;
			children = (
				CAD7784D2765E38000FDAC4B /* View Controllers */,
				CAD7784E2765E39600FDAC4B /* Classes */,
				CAD7784C2765E36D00FDAC4B /* Views */,
				CAD7784B2765E35400FDAC4B /* Resourses */,
				CABEBB4D2765CC440060FD44 /* Info.plist */,
			);
			path = Photorama;
			sourceTree = "<group>";
		};
		CAD7784B2765E35400FDAC4B /* Resourses */ = {
			isa = PBXGroup;
			children = (
				CABEBB482765CC440060FD44 /* Assets.xcassets */,
				CABEBB412765CC430060FD44 /* SceneDelegate.swift */,
				CABEBB3F2765CC430060FD44 /* AppDelegate.swift */,
			);
			name = Resourses;
			sourceTree = "<group>";
		};
		CAD7784C2765E36D00FDAC4B /* Views */ = {
			isa = PBXGroup;
			children = (
				CABEBB452765CC430060FD44 /* Main.storyboard */,
				CABEBB4A2765CC440060FD44 /* LaunchScreen.storyboard */,
			);
			name = Views;
			sourceTree = "<group>";
		};
		CAD7784D2765E38000FDAC4B /* View Controllers */ = {
			isa = PBXGroup;
			children = (
				CABEBB432765CC430060FD44 /* PhotosViewController.swift */,
				CAD778512765E98C00FDAC4B /* PhotoCollectionViewCell.swift */,
				CAD7784F2765E7BD00FDAC4B /* PhotoDataSource.swift */,
				CA120C45276737BB0042BE17 /* PhotoInfoViewController.swift */,
			);
			name = "View Controllers";
			sourceTree = "<group>";
		};
		CAD7784E2765E39600FDAC4B /* Classes */ = {
			isa = PBXGroup;
			children = (
				CAD778472765D68D00FDAC4B /* Photo.swift */,
				CABEBB532765CCE10060FD44 /* FlickrAPI.swift */,
				CAD778492765E09000FDAC4B /* File.swift */,
				CABEBB552765CE4A0060FD44 /* PhotoStore.swift */,
				CAD778532765EFD600FDAC4B /* ImageStore.swift */,
			);
			name = Classes;
			sourceTree = "<group>";
		};
/* End PBXGroup section */

/* Begin PBXNativeTarget section */
		CABEBB3B2765CC430060FD44 /* Photorama */ = {
			isa = PBXNativeTarget;
			buildConfigurationList = CABEBB502765CC440060FD44 /* Build configuration list for PBXNativeTarget "Photorama" */;
			buildPhases = (
				CABEBB382765CC430060FD44 /* Sources */,
				CABEBB392765CC430060FD44 /* Frameworks */,
				CABEBB3A2765CC430060FD44 /* Resources */,
			);
			buildRules = (
			);
			dependencies = (
			);
			name = Photorama;
			productName = Photorama;
			productReference = CABEBB3C2765CC430060FD44 /* Photorama.app */;
			productType = "com.apple.product-type.application";
		};
/* End PBXNativeTarget section */

/* Begin PBXProject section */
		CABEBB342765CC430060FD44 /* Project object */ = {
			isa = PBXProject;
			attributes = {
				BuildIndependentTargetsInParallel = 1;
				LastSwiftUpdateCheck = 1310;
				LastUpgradeCheck = 1310;
				TargetAttributes = {
					CABEBB3B2765CC430060FD44 = {
						CreatedOnToolsVersion = 13.1;
					};
				};
			};
			buildConfigurationList = CABEBB372765CC430060FD44 /* Build configuration list for PBXProject "Photorama" */;
			compatibilityVersion = "Xcode 13.0";
			developmentRegion = en;
			hasScannedForEncodings = 0;
			knownRegions = (
				en,
				Base,
			);
			mainGroup = CABEBB332765CC430060FD44;
			productRefGroup = CABEBB3D2765CC430060FD44 /* Products */;
			projectDirPath = "";
			projectRoot = "";
			targets = (
				CABEBB3B2765CC430060FD44 /* Photorama */,
			);
		};
/* End PBXProject section */

/* Begin PBXResourcesBuildPhase section */
		CABEBB3A2765CC430060FD44 /* Resources */ = {
			isa = PBXResourcesBuildPhase;
			buildActionMask = 2147483647;
			files = (
				CABEBB4C2765CC440060FD44 /* LaunchScreen.storyboard in Resources */,
				CABEBB492765CC440060FD44 /* Assets.xcassets in Resources */,
				CABEBB472765CC430060FD44 /* Main.storyboard in Resources */,
			);
			runOnlyForDeploymentPostprocessing = 0;
		};
/* End PBXResourcesBuildPhase section */

/* Begin PBXSourcesBuildPhase section */
		CABEBB382765CC430060FD44 /* Sources */ = {
			isa = PBXSourcesBuildPhase;
			buildActionMask = 2147483647;
			files = (
				CAD778482765D68D00FDAC4B /* Photo.swift in Sources */,
				CABEBB562765CE4A0060FD44 /* PhotoStore.swift in Sources */,
				CAD7784A2765E09000FDAC4B /* File.swift in Sources */,
				CAD778542765EFD600FDAC4B /* ImageStore.swift in Sources */,
				CABEBB442765CC430060FD44 /* PhotosViewController.swift in Sources */,
				CABEBB402765CC430060FD44 /* AppDelegate.swift in Sources */,
				CAD778522765E98C00FDAC4B /* PhotoCollectionViewCell.swift in Sources */,
				CA120C46276737BB0042BE17 /* PhotoInfoViewController.swift in Sources */,
				CAD778502765E7BD00FDAC4B /* PhotoDataSource.swift in Sources */,
				CABEBB422765CC430060FD44 /* SceneDelegate.swift in Sources */,
				CABEBB542765CCE10060FD44 /* FlickrAPI.swift in Sources */,
			);
			runOnlyForDeploymentPostprocessing = 0;
		};
/* End PBXSourcesBuildPhase section */

/* Begin PBXVariantGroup section */
		CABEBB452765CC430060FD44 /* Main.storyboard */ = {
			isa = PBXVariantGroup;
			children = (
				CABEBB462765CC430060FD44 /* Base */,
			);
			name = Main.storyboard;
			sourceTree = "<group>";
		};
		CABEBB4A2765CC440060FD44 /* LaunchScreen.storyboard */ = {
			isa = PBXVariantGroup;
			children = (
				CABEBB4B2765CC440060FD44 /* Base */,
			);
			name = LaunchScreen.storyboard;
			sourceTree = "<group>";
		};
/* End PBXVariantGroup section */

/* Begin XCBuildConfiguration section */
		CABEBB4E2765CC440060FD44 /* Debug */ = {
			isa = XCBuildConfiguration;
			buildSettings = {
				ALWAYS_SEARCH_USER_PATHS = NO;
				CLANG_ANALYZER_NONNULL = YES;
				CLANG_ANALYZER_NUMBER_OBJECT_CONVERSION = YES_AGGRESSIVE;
				CLANG_CXX_LANGUAGE_STANDARD = "gnu++17";
				CLANG_CXX_LIBRARY = "libc++";
				CLANG_ENABLE_MODULES = YES;
				CLANG_ENABLE_OBJC_ARC = YES;
				CLANG_ENABLE_OBJC_WEAK = YES;
				CLANG_WARN_BLOCK_CAPTURE_AUTORELEASING = YES;
				CLANG_WARN_BOOL_CONVERSION = YES;
				CLANG_WARN_COMMA = YES;
				CLANG_WARN_CONSTANT_CONVERSION = YES;
				CLANG_WARN_DEPRECATED_OBJC_IMPLEMENTATIONS = YES;
				CLANG_WARN_DIRECT_OBJC_ISA_USAGE = YES_ERROR;
				CLANG_WARN_DOCUMENTATION_COMMENTS = YES;
				CLANG_WARN_EMPTY_BODY = YES;
				CLANG_WARN_ENUM_CONVERSION = YES;
				CLANG_WARN_INFINITE_RECURSION = YES;
				CLANG_WARN_INT_CONVERSION = YES;
				CLANG_WARN_NON_LITERAL_NULL_CONVERSION = YES;
				CLANG_WARN_OBJC_IMPLICIT_RETAIN_SELF = YES;
				CLANG_WARN_OBJC_LITERAL_CONVERSION = YES;
				CLANG_WARN_OBJC_ROOT_CLASS = YES_ERROR;
				CLANG_WARN_QUOTED_INCLUDE_IN_FRAMEWORK_HEADER = YES;
				CLANG_WARN_RANGE_LOOP_ANALYSIS = YES;
				CLANG_WARN_STRICT_PROTOTYPES = YES;
				CLANG_WARN_SUSPICIOUS_MOVE = YES;
				CLANG_WARN_UNGUARDED_AVAILABILITY = YES_AGGRESSIVE;
				CLANG_WARN_UNREACHABLE_CODE = YES;
				CLANG_WARN__DUPLICATE_METHOD_MATCH = YES;
				COPY_PHASE_STRIP = NO;
				DEBUG_INFORMATION_FORMAT = dwarf;
				ENABLE_STRICT_OBJC_MSGSEND = YES;
				ENABLE_TESTABILITY = YES;
				GCC_C_LANGUAGE_STANDARD = gnu11;
				GCC_DYNAMIC_NO_PIC = NO;
				GCC_NO_COMMON_BLOCKS = YES;
				GCC_OPTIMIZATION_LEVEL = 0;
				GCC_PREPROCESSOR_DEFINITIONS = (
					"DEBUG=1",
					"$(inherited)",
				);
				GCC_WARN_64_TO_32_BIT_CONVERSION = YES;
				GCC_WARN_ABOUT_RETURN_TYPE = YES_ERROR;
				GCC_WARN_UNDECLARED_SELECTOR = YES;
				GCC_WARN_UNINITIALIZED_AUTOS = YES_AGGRESSIVE;
				GCC_WARN_UNUSED_FUNCTION = YES;
				GCC_WARN_UNUSED_VARIABLE = YES;
				IPHONEOS_DEPLOYMENT_TARGET = 15.0;
				MTL_ENABLE_DEBUG_INFO = INCLUDE_SOURCE;
				MTL_FAST_MATH = YES;
				ONLY_ACTIVE_ARCH = YES;
				SDKROOT = iphoneos;
				SWIFT_ACTIVE_COMPILATION_CONDITIONS = DEBUG;
				SWIFT_OPTIMIZATION_LEVEL = "-Onone";
			};
			name = Debug;
		};
		CABEBB4F2765CC440060FD44 /* Release */ = {
			isa = XCBuildConfiguration;
			buildSettings = {
				ALWAYS_SEARCH_USER_PATHS = NO;
				CLANG_ANALYZER_NONNULL = YES;
				CLANG_ANALYZER_NUMBER_OBJECT_CONVERSION = YES_AGGRESSIVE;
				CLANG_CXX_LANGUAGE_STANDARD = "gnu++17";
				CLANG_CXX_LIBRARY = "libc++";
				CLANG_ENABLE_MODULES = YES;
				CLANG_ENABLE_OBJC_ARC = YES;
				CLANG_ENABLE_OBJC_WEAK = YES;
				CLANG_WARN_BLOCK_CAPTURE_AUTORELEASING = YES;
				CLANG_WARN_BOOL_CONVERSION = YES;
				CLANG_WARN_COMMA = YES;
				CLANG_WARN_CONSTANT_CONVERSION = YES;
				CLANG_WARN_DEPRECATED_OBJC_IMPLEMENTATIONS = YES;
				CLANG_WARN_DIRECT_OBJC_ISA_USAGE = YES_ERROR;
				CLANG_WARN_DOCUMENTATION_COMMENTS = YES;
				CLANG_WARN_EMPTY_BODY = YES;
				CLANG_WARN_ENUM_CONVERSION = YES;
				CLANG_WARN_INFINITE_RECURSION = YES;
				CLANG_WARN_INT_CONVERSION = YES;
				CLANG_WARN_NON_LITERAL_NULL_CONVERSION = YES;
				CLANG_WARN_OBJC_IMPLICIT_RETAIN_SELF = YES;
				CLANG_WARN_OBJC_LITERAL_CONVERSION = YES;
				CLANG_WARN_OBJC_ROOT_CLASS = YES_ERROR;
				CLANG_WARN_QUOTED_INCLUDE_IN_FRAMEWORK_HEADER = YES;
				CLANG_WARN_RANGE_LOOP_ANALYSIS = YES;
				CLANG_WARN_STRICT_PROTOTYPES = YES;
				CLANG_WARN_SUSPICIOUS_MOVE = YES;
				CLANG_WARN_UNGUARDED_AVAILABILITY = YES_AGGRESSIVE;
				CLANG_WARN_UNREACHABLE_CODE = YES;
				CLANG_WARN__DUPLICATE_METHOD_MATCH = YES;
				COPY_PHASE_STRIP = NO;
				DEBUG_INFORMATION_FORMAT = "dwarf-with-dsym";
				ENABLE_NS_ASSERTIONS = NO;
				ENABLE_STRICT_OBJC_MSGSEND = YES;
				GCC_C_LANGUAGE_STANDARD = gnu11;
				GCC_NO_COMMON_BLOCKS = YES;
				GCC_WARN_64_TO_32_BIT_CONVERSION = YES;
				GCC_WARN_ABOUT_RETURN_TYPE = YES_ERROR;
				GCC_WARN_UNDECLARED_SELECTOR = YES;
				GCC_WARN_UNINITIALIZED_AUTOS = YES_AGGRESSIVE;
				GCC_WARN_UNUSED_FUNCTION = YES;
				GCC_WARN_UNUSED_VARIABLE = YES;
				IPHONEOS_DEPLOYMENT_TARGET = 15.0;
				MTL_ENABLE_DEBUG_INFO = NO;
				MTL_FAST_MATH = YES;
				SDKROOT = iphoneos;
				SWIFT_COMPILATION_MODE = wholemodule;
				SWIFT_OPTIMIZATION_LEVEL = "-O";
				VALIDATE_PRODUCT = YES;
			};
			name = Release;
		};
		CABEBB512765CC440060FD44 /* Debug */ = {
			isa = XCBuildConfiguration;
			buildSettings = {
				ASSETCATALOG_COMPILER_APPICON_NAME = AppIcon;
				ASSETCATALOG_COMPILER_GLOBAL_ACCENT_COLOR_NAME = AccentColor;
				CODE_SIGN_STYLE = Automatic;
				CURRENT_PROJECT_VERSION = 1;
				DEVELOPMENT_TEAM = U9SM3FBS5M;
				GENERATE_INFOPLIST_FILE = YES;
				INFOPLIST_FILE = Photorama/Info.plist;
				INFOPLIST_KEY_UIApplicationSupportsIndirectInputEvents = YES;
				INFOPLIST_KEY_UILaunchStoryboardName = LaunchScreen;
				INFOPLIST_KEY_UIMainStoryboardFile = Main;
				INFOPLIST_KEY_UISupportedInterfaceOrientations_iPad = "UIInterfaceOrientationPortrait UIInterfaceOrientationPortraitUpsideDown UIInterfaceOrientationLandscapeLeft UIInterfaceOrientationLandscapeRight";
				INFOPLIST_KEY_UISupportedInterfaceOrientations_iPhone = "UIInterfaceOrientationPortrait UIInterfaceOrientationLandscapeLeft UIInterfaceOrientationLandscapeRight";
				LD_RUNPATH_SEARCH_PATHS = (
					"$(inherited)",
					"@executable_path/Frameworks",
				);
				MARKETING_VERSION = 1.0;
				PRODUCT_BUNDLE_IDENTIFIER = com.aishaali.Photorama;
				PRODUCT_NAME = "$(TARGET_NAME)";
				SWIFT_EMIT_LOC_STRINGS = YES;
				SWIFT_VERSION = 5.0;
				TARGETED_DEVICE_FAMILY = "1,2";
			};
			name = Debug;
		};
		CABEBB522765CC440060FD44 /* Release */ = {
			isa = XCBuildConfiguration;
			buildSettings = {
				ASSETCATALOG_COMPILER_APPICON_NAME = AppIcon;
				ASSETCATALOG_COMPILER_GLOBAL_ACCENT_COLOR_NAME = AccentColor;
				CODE_SIGN_STYLE = Automatic;
				CURRENT_PROJECT_VERSION = 1;
				DEVELOPMENT_TEAM = U9SM3FBS5M;
				GENERATE_INFOPLIST_FILE = YES;
				INFOPLIST_FILE = Photorama/Info.plist;
				INFOPLIST_KEY_UIApplicationSupportsIndirectInputEvents = YES;
				INFOPLIST_KEY_UILaunchStoryboardName = LaunchScreen;
				INFOPLIST_KEY_UIMainStoryboardFile = Main;
				INFOPLIST_KEY_UISupportedInterfaceOrientations_iPad = "UIInterfaceOrientationPortrait UIInterfaceOrientationPortraitUpsideDown UIInterfaceOrientationLandscapeLeft UIInterfaceOrientationLandscapeRight";
				INFOPLIST_KEY_UISupportedInterfaceOrientations_iPhone = "UIInterfaceOrientationPortrait UIInterfaceOrientationLandscapeLeft UIInterfaceOrientationLandscapeRight";
				LD_RUNPATH_SEARCH_PATHS = (
					"$(inherited)",
					"@executable_path/Frameworks",
				);
				MARKETING_VERSION = 1.0;
				PRODUCT_BUNDLE_IDENTIFIER = com.aishaali.Photorama;
				PRODUCT_NAME = "$(TARGET_NAME)";
				SWIFT_EMIT_LOC_STRINGS = YES;
				SWIFT_VERSION = 5.0;
				TARGETED_DEVICE_FAMILY = "1,2";
			};
			name = Release;
		};
/* End XCBuildConfiguration section */

/* Begin XCConfigurationList section */
		CABEBB372765CC430060FD44 /* Build configuration list for PBXProject "Photorama" */ = {
			isa = XCConfigurationList;
			buildConfigurations = (
				CABEBB4E2765CC440060FD44 /* Debug */,
				CABEBB4F2765CC440060FD44 /* Release */,
			);
			defaultConfigurationIsVisible = 0;
			defaultConfigurationName = Release;
		};
		CABEBB502765CC440060FD44 /* Build configuration list for PBXNativeTarget "Photorama" */ = {
			isa = XCConfigurationList;
			buildConfigurations = (
				CABEBB512765CC440060FD44 /* Debug */,
				CABEBB522765CC440060FD44 /* Release */,
			);
			defaultConfigurationIsVisible = 0;
			defaultConfigurationName = Release;
		};
/* End XCConfigurationList section */
	};
	rootObject = CABEBB342765CC430060FD44 /* Project object */;
}
