// !$*UTF8*$!
{
	archiveVersion = 1;
	classes = {
	};
	objectVersion = 55;
	objects = {

/* Begin PBXBuildFile section */
		2034E2922768123600ABA13F /* PhotoDataSource.swift in Sources */ = {isa = PBXBuildFile; fileRef = 2034E2912768123600ABA13F /* PhotoDataSource.swift */; };
		2034E294276818DB00ABA13F /* PhotoCollectionViewCell.swift in Sources */ = {isa = PBXBuildFile; fileRef = 2034E293276818DB00ABA13F /* PhotoCollectionViewCell.swift */; };
		2058190B2765CEB200F19460 /* AppDelegate.swift in Sources */ = {isa = PBXBuildFile; fileRef = 2058190A2765CEB200F19460 /* AppDelegate.swift */; };
		2058190D2765CEB200F19460 /* SceneDelegate.swift in Sources */ = {isa = PBXBuildFile; fileRef = 2058190C2765CEB200F19460 /* SceneDelegate.swift */; };
		2058190F2765CEB200F19460 /* PhotosViewController.swift in Sources */ = {isa = PBXBuildFile; fileRef = 2058190E2765CEB200F19460 /* PhotosViewController.swift */; };
		205819122765CEB200F19460 /* Main.storyboard in Resources */ = {isa = PBXBuildFile; fileRef = 205819102765CEB200F19460 /* Main.storyboard */; };
		205819142765CEB200F19460 /* Assets.xcassets in Resources */ = {isa = PBXBuildFile; fileRef = 205819132765CEB200F19460 /* Assets.xcassets */; };
		205819172765CEB200F19460 /* LaunchScreen.storyboard in Resources */ = {isa = PBXBuildFile; fileRef = 205819152765CEB200F19460 /* LaunchScreen.storyboard */; };
		207C4C542768D1690038C79F /* ImageStore.swift in Sources */ = {isa = PBXBuildFile; fileRef = 207C4C532768D1690038C79F /* ImageStore.swift */; };
		207C4C562768D2A60038C79F /* PhotoInfoViewController.swift in Sources */ = {isa = PBXBuildFile; fileRef = 207C4C552768D2A60038C79F /* PhotoInfoViewController.swift */; };
		20DFFF542765D29F005C0384 /* FlickrAPI.swift in Sources */ = {isa = PBXBuildFile; fileRef = 20DFFF532765D29F005C0384 /* FlickrAPI.swift */; };
		20DFFF572765D53D005C0384 /* PhotoStore.swift in Sources */ = {isa = PBXBuildFile; fileRef = 20DFFF562765D53D005C0384 /* PhotoStore.swift */; };
		20DFFF592765D8A9005C0384 /* Photo.swift in Sources */ = {isa = PBXBuildFile; fileRef = 20DFFF582765D8A9005C0384 /* Photo.swift */; };
/* End PBXBuildFile section */

/* Begin PBXFileReference section */
		2034E2912768123600ABA13F /* PhotoDataSource.swift */ = {isa = PBXFileReference; lastKnownFileType = sourcecode.swift; path = PhotoDataSource.swift; sourceTree = "<group>"; };
		2034E293276818DB00ABA13F /* PhotoCollectionViewCell.swift */ = {isa = PBXFileReference; lastKnownFileType = sourcecode.swift; path = PhotoCollectionViewCell.swift; sourceTree = "<group>"; };
		205819072765CEB200F19460 /* Photorama-AmeeraAlhawiti.app */ = {isa = PBXFileReference; explicitFileType = wrapper.application; includeInIndex = 0; path = "Photorama-AmeeraAlhawiti.app"; sourceTree = BUILT_PRODUCTS_DIR; };
		2058190A2765CEB200F19460 /* AppDelegate.swift */ = {isa = PBXFileReference; lastKnownFileType = sourcecode.swift; path = AppDelegate.swift; sourceTree = "<group>"; };
		2058190C2765CEB200F19460 /* SceneDelegate.swift */ = {isa = PBXFileReference; lastKnownFileType = sourcecode.swift; path = SceneDelegate.swift; sourceTree = "<group>"; };
		2058190E2765CEB200F19460 /* PhotosViewController.swift */ = {isa = PBXFileReference; lastKnownFileType = sourcecode.swift; path = PhotosViewController.swift; sourceTree = "<group>"; };
		205819112765CEB200F19460 /* Base */ = {isa = PBXFileReference; lastKnownFileType = file.storyboard; name = Base; path = Base.lproj/Main.storyboard; sourceTree = "<group>"; };
		205819132765CEB200F19460 /* Assets.xcassets */ = {isa = PBXFileReference; lastKnownFileType = folder.assetcatalog; path = Assets.xcassets; sourceTree = "<group>"; };
		205819162765CEB200F19460 /* Base */ = {isa = PBXFileReference; lastKnownFileType = file.storyboard; name = Base; path = Base.lproj/LaunchScreen.storyboard; sourceTree = "<group>"; };
		205819182765CEB200F19460 /* Info.plist */ = {isa = PBXFileReference; lastKnownFileType = text.plist.xml; path = Info.plist; sourceTree = "<group>"; };
		207C4C532768D1690038C79F /* ImageStore.swift */ = {isa = PBXFileReference; fileEncoding = 4; lastKnownFileType = sourcecode.swift; path = ImageStore.swift; sourceTree = "<group>"; };
		207C4C552768D2A60038C79F /* PhotoInfoViewController.swift */ = {isa = PBXFileReference; lastKnownFileType = sourcecode.swift; path = PhotoInfoViewController.swift; sourceTree = "<group>"; };
		20DFFF532765D29F005C0384 /* FlickrAPI.swift */ = {isa = PBXFileReference; lastKnownFileType = sourcecode.swift; path = FlickrAPI.swift; sourceTree = "<group>"; };
		20DFFF562765D53D005C0384 /* PhotoStore.swift */ = {isa = PBXFileReference; lastKnownFileType = sourcecode.swift; path = PhotoStore.swift; sourceTree = "<group>"; };
		20DFFF582765D8A9005C0384 /* Photo.swift */ = {isa = PBXFileReference; lastKnownFileType = sourcecode.swift; path = Photo.swift; sourceTree = "<group>"; };
/* End PBXFileReference section */

/* Begin PBXFrameworksBuildPhase section */
		205819042765CEB200F19460 /* Frameworks */ = {
			isa = PBXFrameworksBuildPhase;
			buildActionMask = 2147483647;
			files = (
			);
			runOnlyForDeploymentPostprocessing = 0;
		};
/* End PBXFrameworksBuildPhase section */

/* Begin PBXGroup section */
		205818FE2765CEB200F19460 = {
			isa = PBXGroup;
			children = (
				205819092765CEB200F19460 /* Photorama-AmeeraAlhawiti */,
				205819082765CEB200F19460 /* Products */,
			);
			sourceTree = "<group>";
		};
		205819082765CEB200F19460 /* Products */ = {
			isa = PBXGroup;
			children = (
				205819072765CEB200F19460 /* Photorama-AmeeraAlhawiti.app */,
			);
			name = Products;
			sourceTree = "<group>";
		};
		205819092765CEB200F19460 /* Photorama-AmeeraAlhawiti */ = {
			isa = PBXGroup;
			children = (
				2058191E2765CEC400F19460 /* Support */,
				20DFFF552765D2B2005C0384 /* Model */,
				2058191F2765CED700F19460 /* Controllers */,
				205819202765CEFA00F19460 /* Views */,
				205819182765CEB200F19460 /* Info.plist */,
			);
			path = "Photorama-AmeeraAlhawiti";
			sourceTree = "<group>";
		};
		2058191E2765CEC400F19460 /* Support */ = {
			isa = PBXGroup;
			children = (
				2058190A2765CEB200F19460 /* AppDelegate.swift */,
				2058190C2765CEB200F19460 /* SceneDelegate.swift */,
				205819132765CEB200F19460 /* Assets.xcassets */,
				205819152765CEB200F19460 /* LaunchScreen.storyboard */,
			);
			path = Support;
			sourceTree = "<group>";
		};
		2058191F2765CED700F19460 /* Controllers */ = {
			isa = PBXGroup;
			children = (
				2034E293276818DB00ABA13F /* PhotoCollectionViewCell.swift */,
				2058190E2765CEB200F19460 /* PhotosViewController.swift */,
				207C4C552768D2A60038C79F /* PhotoInfoViewController.swift */,
			);
			path = Controllers;
			sourceTree = "<group>";
		};
		205819202765CEFA00F19460 /* Views */ = {
			isa = PBXGroup;
			children = (
				205819102765CEB200F19460 /* Main.storyboard */,
			);
			path = Views;
			sourceTree = "<group>";
		};
		20DFFF552765D2B2005C0384 /* Model */ = {
			isa = PBXGroup;
			children = (
				20DFFF532765D29F005C0384 /* FlickrAPI.swift */,
				20DFFF562765D53D005C0384 /* PhotoStore.swift */,
				207C4C532768D1690038C79F /* ImageStore.swift */,
				20DFFF582765D8A9005C0384 /* Photo.swift */,
				2034E2912768123600ABA13F /* PhotoDataSource.swift */,
			);
			path = Model;
			sourceTree = "<group>";
		};
/* End PBXGroup section */

/* Begin PBXNativeTarget section */
		205819062765CEB200F19460 /* Photorama-AmeeraAlhawiti */ = {
			isa = PBXNativeTarget;
			buildConfigurationList = 2058191B2765CEB200F19460 /* Build configuration list for PBXNativeTarget "Photorama-AmeeraAlhawiti" */;
			buildPhases = (
				205819032765CEB200F19460 /* Sources */,
				205819042765CEB200F19460 /* Frameworks */,
				205819052765CEB200F19460 /* Resources */,
			);
			buildRules = (
			);
			dependencies = (
			);
			name = "Photorama-AmeeraAlhawiti";
			productName = "Photorama-AmeeraAlhawiti";
			productReference = 205819072765CEB200F19460 /* Photorama-AmeeraAlhawiti.app */;
			productType = "com.apple.product-type.application";
		};
/* End PBXNativeTarget section */

/* Begin PBXProject section */
		205818FF2765CEB200F19460 /* Project object */ = {
			isa = PBXProject;
			attributes = {
				BuildIndependentTargetsInParallel = 1;
				LastSwiftUpdateCheck = 1310;
				LastUpgradeCheck = 1310;
				TargetAttributes = {
					205819062765CEB200F19460 = {
						CreatedOnToolsVersion = 13.1;
					};
				};
			};
			buildConfigurationList = 205819022765CEB200F19460 /* Build configuration list for PBXProject "Photorama-AmeeraAlhawiti" */;
			compatibilityVersion = "Xcode 13.0";
			developmentRegion = en;
			hasScannedForEncodings = 0;
			knownRegions = (
				en,
				Base,
			);
			mainGroup = 205818FE2765CEB200F19460;
			productRefGroup = 205819082765CEB200F19460 /* Products */;
			projectDirPath = "";
			projectRoot = "";
			targets = (
				205819062765CEB200F19460 /* Photorama-AmeeraAlhawiti */,
			);
		};
/* End PBXProject section */

/* Begin PBXResourcesBuildPhase section */
		205819052765CEB200F19460 /* Resources */ = {
			isa = PBXResourcesBuildPhase;
			buildActionMask = 2147483647;
			files = (
				205819172765CEB200F19460 /* LaunchScreen.storyboard in Resources */,
				205819142765CEB200F19460 /* Assets.xcassets in Resources */,
				205819122765CEB200F19460 /* Main.storyboard in Resources */,
			);
			runOnlyForDeploymentPostprocessing = 0;
		};
/* End PBXResourcesBuildPhase section */

/* Begin PBXSourcesBuildPhase section */
		205819032765CEB200F19460 /* Sources */ = {
			isa = PBXSourcesBuildPhase;
			buildActionMask = 2147483647;
			files = (
				20DFFF592765D8A9005C0384 /* Photo.swift in Sources */,
				207C4C562768D2A60038C79F /* PhotoInfoViewController.swift in Sources */,
				2034E294276818DB00ABA13F /* PhotoCollectionViewCell.swift in Sources */,
				2034E2922768123600ABA13F /* PhotoDataSource.swift in Sources */,
				20DFFF572765D53D005C0384 /* PhotoStore.swift in Sources */,
				2058190F2765CEB200F19460 /* PhotosViewController.swift in Sources */,
				207C4C542768D1690038C79F /* ImageStore.swift in Sources */,
				2058190B2765CEB200F19460 /* AppDelegate.swift in Sources */,
				2058190D2765CEB200F19460 /* SceneDelegate.swift in Sources */,
				20DFFF542765D29F005C0384 /* FlickrAPI.swift in Sources */,
			);
			runOnlyForDeploymentPostprocessing = 0;
		};
/* End PBXSourcesBuildPhase section */

/* Begin PBXVariantGroup section */
		205819102765CEB200F19460 /* Main.storyboard */ = {
			isa = PBXVariantGroup;
			children = (
				205819112765CEB200F19460 /* Base */,
			);
			name = Main.storyboard;
			sourceTree = "<group>";
		};
		205819152765CEB200F19460 /* LaunchScreen.storyboard */ = {
			isa = PBXVariantGroup;
			children = (
				205819162765CEB200F19460 /* Base */,
			);
			name = LaunchScreen.storyboard;
			sourceTree = "<group>";
		};
/* End PBXVariantGroup section */

/* Begin XCBuildConfiguration section */
		205819192765CEB200F19460 /* Debug */ = {
			isa = XCBuildConfiguration;
			buildSettings = {
				ALWAYS_SEARCH_USER_PATHS = NO;
				CLANG_ANALYZER_NONNULL = YES;
				CLANG_ANALYZER_NUMBER_OBJECT_CONVERSION = YES_AGGRESSIVE;
				CLANG_CXX_LANGUAGE_STANDARD = "gnu++17";
				CLANG_CXX_LIBRARY = "libc++";
				CLANG_ENABLE_MODULES = YES;
				CLANG_ENABLE_OBJC_ARC = YES;
				CLANG_ENABLE_OBJC_WEAK = YES;
				CLANG_WARN_BLOCK_CAPTURE_AUTORELEASING = YES;
				CLANG_WARN_BOOL_CONVERSION = YES;
				CLANG_WARN_COMMA = YES;
				CLANG_WARN_CONSTANT_CONVERSION = YES;
				CLANG_WARN_DEPRECATED_OBJC_IMPLEMENTATIONS = YES;
				CLANG_WARN_DIRECT_OBJC_ISA_USAGE = YES_ERROR;
				CLANG_WARN_DOCUMENTATION_COMMENTS = YES;
				CLANG_WARN_EMPTY_BODY = YES;
				CLANG_WARN_ENUM_CONVERSION = YES;
				CLANG_WARN_INFINITE_RECURSION = YES;
				CLANG_WARN_INT_CONVERSION = YES;
				CLANG_WARN_NON_LITERAL_NULL_CONVERSION = YES;
				CLANG_WARN_OBJC_IMPLICIT_RETAIN_SELF = YES;
				CLANG_WARN_OBJC_LITERAL_CONVERSION = YES;
				CLANG_WARN_OBJC_ROOT_CLASS = YES_ERROR;
				CLANG_WARN_QUOTED_INCLUDE_IN_FRAMEWORK_HEADER = YES;
				CLANG_WARN_RANGE_LOOP_ANALYSIS = YES;
				CLANG_WARN_STRICT_PROTOTYPES = YES;
				CLANG_WARN_SUSPICIOUS_MOVE = YES;
				CLANG_WARN_UNGUARDED_AVAILABILITY = YES_AGGRESSIVE;
				CLANG_WARN_UNREACHABLE_CODE = YES;
				CLANG_WARN__DUPLICATE_METHOD_MATCH = YES;
				COPY_PHASE_STRIP = NO;
				DEBUG_INFORMATION_FORMAT = dwarf;
				ENABLE_STRICT_OBJC_MSGSEND = YES;
				ENABLE_TESTABILITY = YES;
				GCC_C_LANGUAGE_STANDARD = gnu11;
				GCC_DYNAMIC_NO_PIC = NO;
				GCC_NO_COMMON_BLOCKS = YES;
				GCC_OPTIMIZATION_LEVEL = 0;
				GCC_PREPROCESSOR_DEFINITIONS = (
					"DEBUG=1",
					"$(inherited)",
				);
				GCC_WARN_64_TO_32_BIT_CONVERSION = YES;
				GCC_WARN_ABOUT_RETURN_TYPE = YES_ERROR;
				GCC_WARN_UNDECLARED_SELECTOR = YES;
				GCC_WARN_UNINITIALIZED_AUTOS = YES_AGGRESSIVE;
				GCC_WARN_UNUSED_FUNCTION = YES;
				GCC_WARN_UNUSED_VARIABLE = YES;
				IPHONEOS_DEPLOYMENT_TARGET = 15.0;
				MTL_ENABLE_DEBUG_INFO = INCLUDE_SOURCE;
				MTL_FAST_MATH = YES;
				ONLY_ACTIVE_ARCH = YES;
				SDKROOT = iphoneos;
				SWIFT_ACTIVE_COMPILATION_CONDITIONS = DEBUG;
				SWIFT_OPTIMIZATION_LEVEL = "-Onone";
			};
			name = Debug;
		};
		2058191A2765CEB200F19460 /* Release */ = {
			isa = XCBuildConfiguration;
			buildSettings = {
				ALWAYS_SEARCH_USER_PATHS = NO;
				CLANG_ANALYZER_NONNULL = YES;
				CLANG_ANALYZER_NUMBER_OBJECT_CONVERSION = YES_AGGRESSIVE;
				CLANG_CXX_LANGUAGE_STANDARD = "gnu++17";
				CLANG_CXX_LIBRARY = "libc++";
				CLANG_ENABLE_MODULES = YES;
				CLANG_ENABLE_OBJC_ARC = YES;
				CLANG_ENABLE_OBJC_WEAK = YES;
				CLANG_WARN_BLOCK_CAPTURE_AUTORELEASING = YES;
				CLANG_WARN_BOOL_CONVERSION = YES;
				CLANG_WARN_COMMA = YES;
				CLANG_WARN_CONSTANT_CONVERSION = YES;
				CLANG_WARN_DEPRECATED_OBJC_IMPLEMENTATIONS = YES;
				CLANG_WARN_DIRECT_OBJC_ISA_USAGE = YES_ERROR;
				CLANG_WARN_DOCUMENTATION_COMMENTS = YES;
				CLANG_WARN_EMPTY_BODY = YES;
				CLANG_WARN_ENUM_CONVERSION = YES;
				CLANG_WARN_INFINITE_RECURSION = YES;
				CLANG_WARN_INT_CONVERSION = YES;
				CLANG_WARN_NON_LITERAL_NULL_CONVERSION = YES;
				CLANG_WARN_OBJC_IMPLICIT_RETAIN_SELF = YES;
				CLANG_WARN_OBJC_LITERAL_CONVERSION = YES;
				CLANG_WARN_OBJC_ROOT_CLASS = YES_ERROR;
				CLANG_WARN_QUOTED_INCLUDE_IN_FRAMEWORK_HEADER = YES;
				CLANG_WARN_RANGE_LOOP_ANALYSIS = YES;
				CLANG_WARN_STRICT_PROTOTYPES = YES;
				CLANG_WARN_SUSPICIOUS_MOVE = YES;
				CLANG_WARN_UNGUARDED_AVAILABILITY = YES_AGGRESSIVE;
				CLANG_WARN_UNREACHABLE_CODE = YES;
				CLANG_WARN__DUPLICATE_METHOD_MATCH = YES;
				COPY_PHASE_STRIP = NO;
				DEBUG_INFORMATION_FORMAT = "dwarf-with-dsym";
				ENABLE_NS_ASSERTIONS = NO;
				ENABLE_STRICT_OBJC_MSGSEND = YES;
				GCC_C_LANGUAGE_STANDARD = gnu11;
				GCC_NO_COMMON_BLOCKS = YES;
				GCC_WARN_64_TO_32_BIT_CONVERSION = YES;
				GCC_WARN_ABOUT_RETURN_TYPE = YES_ERROR;
				GCC_WARN_UNDECLARED_SELECTOR = YES;
				GCC_WARN_UNINITIALIZED_AUTOS = YES_AGGRESSIVE;
				GCC_WARN_UNUSED_FUNCTION = YES;
				GCC_WARN_UNUSED_VARIABLE = YES;
				IPHONEOS_DEPLOYMENT_TARGET = 15.0;
				MTL_ENABLE_DEBUG_INFO = NO;
				MTL_FAST_MATH = YES;
				SDKROOT = iphoneos;
				SWIFT_COMPILATION_MODE = wholemodule;
				SWIFT_OPTIMIZATION_LEVEL = "-O";
				VALIDATE_PRODUCT = YES;
			};
			name = Release;
		};
		2058191C2765CEB200F19460 /* Debug */ = {
			isa = XCBuildConfiguration;
			buildSettings = {
				ASSETCATALOG_COMPILER_APPICON_NAME = AppIcon;
				ASSETCATALOG_COMPILER_GLOBAL_ACCENT_COLOR_NAME = AccentColor;
				CODE_SIGN_STYLE = Automatic;
				CURRENT_PROJECT_VERSION = 1;
				DEVELOPMENT_TEAM = 8KR6LU68Z5;
				GENERATE_INFOPLIST_FILE = YES;
				INFOPLIST_FILE = "Photorama-AmeeraAlhawiti/Info.plist";
				INFOPLIST_KEY_UIApplicationSupportsIndirectInputEvents = YES;
				INFOPLIST_KEY_UILaunchStoryboardName = LaunchScreen;
				INFOPLIST_KEY_UIMainStoryboardFile = Main;
				INFOPLIST_KEY_UISupportedInterfaceOrientations_iPad = "UIInterfaceOrientationPortrait UIInterfaceOrientationPortraitUpsideDown UIInterfaceOrientationLandscapeLeft UIInterfaceOrientationLandscapeRight";
				INFOPLIST_KEY_UISupportedInterfaceOrientations_iPhone = "UIInterfaceOrientationPortrait UIInterfaceOrientationLandscapeLeft UIInterfaceOrientationLandscapeRight";
				LD_RUNPATH_SEARCH_PATHS = (
					"$(inherited)",
					"@executable_path/Frameworks",
				);
				MARKETING_VERSION = 1.0;
				PRODUCT_BUNDLE_IDENTIFIER = "com.ameera.Photorama-AmeeraAlhawiti";
				PRODUCT_NAME = "$(TARGET_NAME)";
				SWIFT_EMIT_LOC_STRINGS = YES;
				SWIFT_VERSION = 5.0;
				TARGETED_DEVICE_FAMILY = "1,2";
			};
			name = Debug;
		};
		2058191D2765CEB200F19460 /* Release */ = {
			isa = XCBuildConfiguration;
			buildSettings = {
				ASSETCATALOG_COMPILER_APPICON_NAME = AppIcon;
				ASSETCATALOG_COMPILER_GLOBAL_ACCENT_COLOR_NAME = AccentColor;
				CODE_SIGN_STYLE = Automatic;
				CURRENT_PROJECT_VERSION = 1;
				DEVELOPMENT_TEAM = 8KR6LU68Z5;
				GENERATE_INFOPLIST_FILE = YES;
				INFOPLIST_FILE = "Photorama-AmeeraAlhawiti/Info.plist";
				INFOPLIST_KEY_UIApplicationSupportsIndirectInputEvents = YES;
				INFOPLIST_KEY_UILaunchStoryboardName = LaunchScreen;
				INFOPLIST_KEY_UIMainStoryboardFile = Main;
				INFOPLIST_KEY_UISupportedInterfaceOrientations_iPad = "UIInterfaceOrientationPortrait UIInterfaceOrientationPortraitUpsideDown UIInterfaceOrientationLandscapeLeft UIInterfaceOrientationLandscapeRight";
				INFOPLIST_KEY_UISupportedInterfaceOrientations_iPhone = "UIInterfaceOrientationPortrait UIInterfaceOrientationLandscapeLeft UIInterfaceOrientationLandscapeRight";
				LD_RUNPATH_SEARCH_PATHS = (
					"$(inherited)",
					"@executable_path/Frameworks",
				);
				MARKETING_VERSION = 1.0;
				PRODUCT_BUNDLE_IDENTIFIER = "com.ameera.Photorama-AmeeraAlhawiti";
				PRODUCT_NAME = "$(TARGET_NAME)";
				SWIFT_EMIT_LOC_STRINGS = YES;
				SWIFT_VERSION = 5.0;
				TARGETED_DEVICE_FAMILY = "1,2";
			};
			name = Release;
		};
/* End XCBuildConfiguration section */

/* Begin XCConfigurationList section */
		205819022765CEB200F19460 /* Build configuration list for PBXProject "Photorama-AmeeraAlhawiti" */ = {
			isa = XCConfigurationList;
			buildConfigurations = (
				205819192765CEB200F19460 /* Debug */,
				2058191A2765CEB200F19460 /* Release */,
			);
			defaultConfigurationIsVisible = 0;
			defaultConfigurationName = Release;
		};
		2058191B2765CEB200F19460 /* Build configuration list for PBXNativeTarget "Photorama-AmeeraAlhawiti" */ = {
			isa = XCConfigurationList;
			buildConfigurations = (
				2058191C2765CEB200F19460 /* Debug */,
				2058191D2765CEB200F19460 /* Release */,
			);
			defaultConfigurationIsVisible = 0;
			defaultConfigurationName = Release;
		};
/* End XCConfigurationList section */
	};
	rootObject = 205818FF2765CEB200F19460 /* Project object */;
}
