// !$*UTF8*$!
{
	archiveVersion = 1;
	classes = {
	};
	objectVersion = 55;
	objects = {

/* Begin PBXBuildFile section */
		5FF7AB0B27661346006574FE /* AppDelegate.swift in Sources */ = {isa = PBXBuildFile; fileRef = 5FF7AB0A27661346006574FE /* AppDelegate.swift */; };
		5FF7AB0D27661346006574FE /* SceneDelegate.swift in Sources */ = {isa = PBXBuildFile; fileRef = 5FF7AB0C27661346006574FE /* SceneDelegate.swift */; };
		5FF7AB0F27661346006574FE /* ViewController.swift in Sources */ = {isa = PBXBuildFile; fileRef = 5FF7AB0E27661346006574FE /* ViewController.swift */; };
		5FF7AB1227661346006574FE /* Main.storyboard in Resources */ = {isa = PBXBuildFile; fileRef = 5FF7AB1027661346006574FE /* Main.storyboard */; };
		5FF7AB1427661348006574FE /* Assets.xcassets in Resources */ = {isa = PBXBuildFile; fileRef = 5FF7AB1327661348006574FE /* Assets.xcassets */; };
		5FF7AB1727661348006574FE /* LaunchScreen.storyboard in Resources */ = {isa = PBXBuildFile; fileRef = 5FF7AB1527661348006574FE /* LaunchScreen.storyboard */; };
		5FF7AB2227661348006574FE /* Photorama_AhlamTests.swift in Sources */ = {isa = PBXBuildFile; fileRef = 5FF7AB2127661348006574FE /* Photorama_AhlamTests.swift */; };
		5FF7AB2C27661348006574FE /* Photorama_AhlamUITests.swift in Sources */ = {isa = PBXBuildFile; fileRef = 5FF7AB2B27661348006574FE /* Photorama_AhlamUITests.swift */; };
		5FF7AB2E27661348006574FE /* Photorama_AhlamUITestsLaunchTests.swift in Sources */ = {isa = PBXBuildFile; fileRef = 5FF7AB2D27661348006574FE /* Photorama_AhlamUITestsLaunchTests.swift */; };
		5FF7AB3B276613AD006574FE /* PhotosViewController.swift in Sources */ = {isa = PBXBuildFile; fileRef = 5FF7AB3A276613AD006574FE /* PhotosViewController.swift */; };
		5FF7AB3D276613B4006574FE /*  FlickrAPI.swift in Sources */ = {isa = PBXBuildFile; fileRef = 5FF7AB3C276613B4006574FE /*  FlickrAPI.swift */; };
		5FF7AB3F276613BB006574FE /* PhotoStore.swift in Sources */ = {isa = PBXBuildFile; fileRef = 5FF7AB3E276613BB006574FE /* PhotoStore.swift */; };
		5FF7AB41276613C9006574FE /*  Photo.swift in Sources */ = {isa = PBXBuildFile; fileRef = 5FF7AB40276613C9006574FE /*  Photo.swift */; };
		5FF7AB4527673A0B006574FE /* PhotoDataSource.swift in Sources */ = {isa = PBXBuildFile; fileRef = 5FF7AB4427673A0B006574FE /* PhotoDataSource.swift */; };
		5FF7AB4727674102006574FE /*  PhotoCollectionViewCell.swift in Sources */ = {isa = PBXBuildFile; fileRef = 5FF7AB4627674102006574FE /*  PhotoCollectionViewCell.swift */; };
		5FF7AB49276757AE006574FE /* PhotoInfoViewController.swift in Sources */ = {isa = PBXBuildFile; fileRef = 5FF7AB48276757AE006574FE /* PhotoInfoViewController.swift */; };
		5FF7AB4B27675B21006574FE /* ImageStore.swift in Sources */ = {isa = PBXBuildFile; fileRef = 5FF7AB4A27675B21006574FE /* ImageStore.swift */; };
/* End PBXBuildFile section */

/* Begin PBXContainerItemProxy section */
		5FF7AB1E27661348006574FE /* PBXContainerItemProxy */ = {
			isa = PBXContainerItemProxy;
			containerPortal = 5FF7AAFF27661346006574FE /* Project object */;
			proxyType = 1;
			remoteGlobalIDString = 5FF7AB0627661346006574FE;
			remoteInfo = "Photorama-Ahlam";
		};
		5FF7AB2827661348006574FE /* PBXContainerItemProxy */ = {
			isa = PBXContainerItemProxy;
			containerPortal = 5FF7AAFF27661346006574FE /* Project object */;
			proxyType = 1;
			remoteGlobalIDString = 5FF7AB0627661346006574FE;
			remoteInfo = "Photorama-Ahlam";
		};
/* End PBXContainerItemProxy section */

/* Begin PBXFileReference section */
		5FF7AB0727661346006574FE /* Photorama-Ahlam Albalawi.app */ = {isa = PBXFileReference; explicitFileType = wrapper.application; includeInIndex = 0; path = "Photorama-Ahlam Albalawi.app"; sourceTree = BUILT_PRODUCTS_DIR; };
		5FF7AB0A27661346006574FE /* AppDelegate.swift */ = {isa = PBXFileReference; lastKnownFileType = sourcecode.swift; path = AppDelegate.swift; sourceTree = "<group>"; };
		5FF7AB0C27661346006574FE /* SceneDelegate.swift */ = {isa = PBXFileReference; lastKnownFileType = sourcecode.swift; path = SceneDelegate.swift; sourceTree = "<group>"; };
		5FF7AB0E27661346006574FE /* ViewController.swift */ = {isa = PBXFileReference; lastKnownFileType = sourcecode.swift; path = ViewController.swift; sourceTree = "<group>"; };
		5FF7AB1127661346006574FE /* Base */ = {isa = PBXFileReference; lastKnownFileType = file.storyboard; name = Base; path = Base.lproj/Main.storyboard; sourceTree = "<group>"; };
		5FF7AB1327661348006574FE /* Assets.xcassets */ = {isa = PBXFileReference; lastKnownFileType = folder.assetcatalog; path = Assets.xcassets; sourceTree = "<group>"; };
		5FF7AB1627661348006574FE /* Base */ = {isa = PBXFileReference; lastKnownFileType = file.storyboard; name = Base; path = Base.lproj/LaunchScreen.storyboard; sourceTree = "<group>"; };
		5FF7AB1827661348006574FE /* Info.plist */ = {isa = PBXFileReference; lastKnownFileType = text.plist.xml; path = Info.plist; sourceTree = "<group>"; };
		5FF7AB1D27661348006574FE /* Photorama-Ahlam AlbalawiTests.xctest */ = {isa = PBXFileReference; explicitFileType = wrapper.cfbundle; includeInIndex = 0; path = "Photorama-Ahlam AlbalawiTests.xctest"; sourceTree = BUILT_PRODUCTS_DIR; };
		5FF7AB2127661348006574FE /* Photorama_AhlamTests.swift */ = {isa = PBXFileReference; lastKnownFileType = sourcecode.swift; path = Photorama_AhlamTests.swift; sourceTree = "<group>"; };
		5FF7AB2727661348006574FE /* Photorama-Ahlam AlbalawiUITests.xctest */ = {isa = PBXFileReference; explicitFileType = wrapper.cfbundle; includeInIndex = 0; path = "Photorama-Ahlam AlbalawiUITests.xctest"; sourceTree = BUILT_PRODUCTS_DIR; };
		5FF7AB2B27661348006574FE /* Photorama_AhlamUITests.swift */ = {isa = PBXFileReference; lastKnownFileType = sourcecode.swift; path = Photorama_AhlamUITests.swift; sourceTree = "<group>"; };
		5FF7AB2D27661348006574FE /* Photorama_AhlamUITestsLaunchTests.swift */ = {isa = PBXFileReference; lastKnownFileType = sourcecode.swift; path = Photorama_AhlamUITestsLaunchTests.swift; sourceTree = "<group>"; };
		5FF7AB3A276613AD006574FE /* PhotosViewController.swift */ = {isa = PBXFileReference; fileEncoding = 4; lastKnownFileType = sourcecode.swift; path = PhotosViewController.swift; sourceTree = "<group>"; };
		5FF7AB3C276613B4006574FE /*  FlickrAPI.swift */ = {isa = PBXFileReference; fileEncoding = 4; lastKnownFileType = sourcecode.swift; path = " FlickrAPI.swift"; sourceTree = "<group>"; };
		5FF7AB3E276613BB006574FE /* PhotoStore.swift */ = {isa = PBXFileReference; fileEncoding = 4; lastKnownFileType = sourcecode.swift; path = PhotoStore.swift; sourceTree = "<group>"; };
		5FF7AB40276613C9006574FE /*  Photo.swift */ = {isa = PBXFileReference; fileEncoding = 4; lastKnownFileType = sourcecode.swift; path = " Photo.swift"; sourceTree = "<group>"; };
		5FF7AB4427673A0B006574FE /* PhotoDataSource.swift */ = {isa = PBXFileReference; lastKnownFileType = sourcecode.swift; path = PhotoDataSource.swift; sourceTree = "<group>"; };
		5FF7AB4627674102006574FE /*  PhotoCollectionViewCell.swift */ = {isa = PBXFileReference; lastKnownFileType = sourcecode.swift; path = " PhotoCollectionViewCell.swift"; sourceTree = "<group>"; };
		5FF7AB48276757AE006574FE /* PhotoInfoViewController.swift */ = {isa = PBXFileReference; lastKnownFileType = sourcecode.swift; path = PhotoInfoViewController.swift; sourceTree = "<group>"; };
		5FF7AB4A27675B21006574FE /* ImageStore.swift */ = {isa = PBXFileReference; fileEncoding = 4; lastKnownFileType = sourcecode.swift; path = ImageStore.swift; sourceTree = "<group>"; };
/* End PBXFileReference section */

/* Begin PBXFrameworksBuildPhase section */
		5FF7AB0427661346006574FE /* Frameworks */ = {
			isa = PBXFrameworksBuildPhase;
			buildActionMask = 2147483647;
			files = (
			);
			runOnlyForDeploymentPostprocessing = 0;
		};
		5FF7AB1A27661348006574FE /* Frameworks */ = {
			isa = PBXFrameworksBuildPhase;
			buildActionMask = 2147483647;
			files = (
			);
			runOnlyForDeploymentPostprocessing = 0;
		};
		5FF7AB2427661348006574FE /* Frameworks */ = {
			isa = PBXFrameworksBuildPhase;
			buildActionMask = 2147483647;
			files = (
			);
			runOnlyForDeploymentPostprocessing = 0;
		};
/* End PBXFrameworksBuildPhase section */

/* Begin PBXGroup section */
		5FF7AAFE27661346006574FE = {
			isa = PBXGroup;
			children = (
				5FF7AB0927661346006574FE /* Photorama-Ahlam */,
				5FF7AB2027661348006574FE /* Photorama-AhlamTests */,
				5FF7AB2A27661348006574FE /* Photorama-AhlamUITests */,
				5FF7AB0827661346006574FE /* Products */,
			);
			sourceTree = "<group>";
		};
		5FF7AB0827661346006574FE /* Products */ = {
			isa = PBXGroup;
			children = (
				5FF7AB0727661346006574FE /* Photorama-Ahlam Albalawi.app */,
				5FF7AB1D27661348006574FE /* Photorama-Ahlam AlbalawiTests.xctest */,
				5FF7AB2727661348006574FE /* Photorama-Ahlam AlbalawiUITests.xctest */,
			);
			name = Products;
			sourceTree = "<group>";
		};
		5FF7AB0927661346006574FE /* Photorama-Ahlam */ = {
			isa = PBXGroup;
			children = (
				5FF7ABC427686A8A006574FE /* Model */,
				5FF7ABC527686A9A006574FE /* View */,
				5FF7ABC627686AA4006574FE /* Controlle */,
				5FF7ABC727686AB5006574FE /* Support */,
				5FF7AB1827661348006574FE /* Info.plist */,
			);
			path = "Photorama-Ahlam";
			sourceTree = "<group>";
		};
		5FF7AB2027661348006574FE /* Photorama-AhlamTests */ = {
			isa = PBXGroup;
			children = (
				5FF7AB2127661348006574FE /* Photorama_AhlamTests.swift */,
			);
			path = "Photorama-AhlamTests";
			sourceTree = "<group>";
		};
		5FF7AB2A27661348006574FE /* Photorama-AhlamUITests */ = {
			isa = PBXGroup;
			children = (
				5FF7AB2B27661348006574FE /* Photorama_AhlamUITests.swift */,
				5FF7AB2D27661348006574FE /* Photorama_AhlamUITestsLaunchTests.swift */,
			);
			path = "Photorama-AhlamUITests";
			sourceTree = "<group>";
		};
		5FF7ABC427686A8A006574FE /* Model */ = {
			isa = PBXGroup;
			children = (
				5FF7AB0E27661346006574FE /* ViewController.swift */,
				5FF7AB3C276613B4006574FE /*  FlickrAPI.swift */,
				5FF7AB4627674102006574FE /*  PhotoCollectionViewCell.swift */,
				5FF7AB4427673A0B006574FE /* PhotoDataSource.swift */,
				5FF7AB40276613C9006574FE /*  Photo.swift */,
				5FF7AB4A27675B21006574FE /* ImageStore.swift */,
				5FF7AB3E276613BB006574FE /* PhotoStore.swift */,
			);
			path = Model;
			sourceTree = "<group>";
		};
		5FF7ABC527686A9A006574FE /* View */ = {
			isa = PBXGroup;
			children = (
				5FF7AB1027661346006574FE /* Main.storyboard */,
			);
			path = View;
			sourceTree = "<group>";
		};
		5FF7ABC627686AA4006574FE /* Controlle */ = {
			isa = PBXGroup;
			children = (
				5FF7AB48276757AE006574FE /* PhotoInfoViewController.swift */,
				5FF7AB3A276613AD006574FE /* PhotosViewController.swift */,
			);
			path = Controlle;
			sourceTree = "<group>";
		};
		5FF7ABC727686AB5006574FE /* Support */ = {
			isa = PBXGroup;
			children = (
				5FF7AB1527661348006574FE /* LaunchScreen.storyboard */,
				5FF7AB1327661348006574FE /* Assets.xcassets */,
				5FF7AB0C27661346006574FE /* SceneDelegate.swift */,
				5FF7AB0A27661346006574FE /* AppDelegate.swift */,
			);
			path = Support;
			sourceTree = "<group>";
		};
/* End PBXGroup section */

/* Begin PBXNativeTarget section */
		5FF7AB0627661346006574FE /* Photorama-Ahlam Albalawi */ = {
			isa = PBXNativeTarget;
			buildConfigurationList = 5FF7AB3127661348006574FE /* Build configuration list for PBXNativeTarget "Photorama-Ahlam Albalawi" */;
			buildPhases = (
				5FF7AB0327661346006574FE /* Sources */,
				5FF7AB0427661346006574FE /* Frameworks */,
				5FF7AB0527661346006574FE /* Resources */,
			);
			buildRules = (
			);
			dependencies = (
			);
			name = "Photorama-Ahlam Albalawi";
			productName = "Photorama-Ahlam";
			productReference = 5FF7AB0727661346006574FE /* Photorama-Ahlam Albalawi.app */;
			productType = "com.apple.product-type.application";
		};
		5FF7AB1C27661348006574FE /* Photorama-Ahlam AlbalawiTests */ = {
			isa = PBXNativeTarget;
			buildConfigurationList = 5FF7AB3427661348006574FE /* Build configuration list for PBXNativeTarget "Photorama-Ahlam AlbalawiTests" */;
			buildPhases = (
				5FF7AB1927661348006574FE /* Sources */,
				5FF7AB1A27661348006574FE /* Frameworks */,
				5FF7AB1B27661348006574FE /* Resources */,
			);
			buildRules = (
			);
			dependencies = (
				5FF7AB1F27661348006574FE /* PBXTargetDependency */,
			);
			name = "Photorama-Ahlam AlbalawiTests";
			productName = "Photorama-AhlamTests";
			productReference = 5FF7AB1D27661348006574FE /* Photorama-Ahlam AlbalawiTests.xctest */;
			productType = "com.apple.product-type.bundle.unit-test";
		};
		5FF7AB2627661348006574FE /* Photorama-Ahlam AlbalawiUITests */ = {
			isa = PBXNativeTarget;
			buildConfigurationList = 5FF7AB3727661348006574FE /* Build configuration list for PBXNativeTarget "Photorama-Ahlam AlbalawiUITests" */;
			buildPhases = (
				5FF7AB2327661348006574FE /* Sources */,
				5FF7AB2427661348006574FE /* Frameworks */,
				5FF7AB2527661348006574FE /* Resources */,
			);
			buildRules = (
			);
			dependencies = (
				5FF7AB2927661348006574FE /* PBXTargetDependency */,
			);
			name = "Photorama-Ahlam AlbalawiUITests";
			productName = "Photorama-AhlamUITests";
			productReference = 5FF7AB2727661348006574FE /* Photorama-Ahlam AlbalawiUITests.xctest */;
			productType = "com.apple.product-type.bundle.ui-testing";
		};
/* End PBXNativeTarget section */

/* Begin PBXProject section */
		5FF7AAFF27661346006574FE /* Project object */ = {
			isa = PBXProject;
			attributes = {
				BuildIndependentTargetsInParallel = 1;
				LastSwiftUpdateCheck = 1300;
				LastUpgradeCheck = 1300;
				TargetAttributes = {
					5FF7AB0627661346006574FE = {
						CreatedOnToolsVersion = 13.0;
					};
					5FF7AB1C27661348006574FE = {
						CreatedOnToolsVersion = 13.0;
						TestTargetID = 5FF7AB0627661346006574FE;
					};
					5FF7AB2627661348006574FE = {
						CreatedOnToolsVersion = 13.0;
						TestTargetID = 5FF7AB0627661346006574FE;
					};
				};
			};
			buildConfigurationList = 5FF7AB0227661346006574FE /* Build configuration list for PBXProject "Photorama-Ahlam Albalawi" */;
			compatibilityVersion = "Xcode 13.0";
			developmentRegion = en;
			hasScannedForEncodings = 0;
			knownRegions = (
				en,
				Base,
			);
			mainGroup = 5FF7AAFE27661346006574FE;
			productRefGroup = 5FF7AB0827661346006574FE /* Products */;
			projectDirPath = "";
			projectRoot = "";
			targets = (
				5FF7AB0627661346006574FE /* Photorama-Ahlam Albalawi */,
				5FF7AB1C27661348006574FE /* Photorama-Ahlam AlbalawiTests */,
				5FF7AB2627661348006574FE /* Photorama-Ahlam AlbalawiUITests */,
			);
		};
/* End PBXProject section */

/* Begin PBXResourcesBuildPhase section */
		5FF7AB0527661346006574FE /* Resources */ = {
			isa = PBXResourcesBuildPhase;
			buildActionMask = 2147483647;
			files = (
				5FF7AB1727661348006574FE /* LaunchScreen.storyboard in Resources */,
				5FF7AB1427661348006574FE /* Assets.xcassets in Resources */,
				5FF7AB1227661346006574FE /* Main.storyboard in Resources */,
			);
			runOnlyForDeploymentPostprocessing = 0;
		};
		5FF7AB1B27661348006574FE /* Resources */ = {
			isa = PBXResourcesBuildPhase;
			buildActionMask = 2147483647;
			files = (
			);
			runOnlyForDeploymentPostprocessing = 0;
		};
		5FF7AB2527661348006574FE /* Resources */ = {
			isa = PBXResourcesBuildPhase;
			buildActionMask = 2147483647;
			files = (
			);
			runOnlyForDeploymentPostprocessing = 0;
		};
/* End PBXResourcesBuildPhase section */

/* Begin PBXSourcesBuildPhase section */
		5FF7AB0327661346006574FE /* Sources */ = {
			isa = PBXSourcesBuildPhase;
			buildActionMask = 2147483647;
			files = (
				5FF7AB4B27675B21006574FE /* ImageStore.swift in Sources */,
				5FF7AB0F27661346006574FE /* ViewController.swift in Sources */,
				5FF7AB49276757AE006574FE /* PhotoInfoViewController.swift in Sources */,
				5FF7AB3D276613B4006574FE /*  FlickrAPI.swift in Sources */,
				5FF7AB3B276613AD006574FE /* PhotosViewController.swift in Sources */,
				5FF7AB41276613C9006574FE /*  Photo.swift in Sources */,
				5FF7AB0B27661346006574FE /* AppDelegate.swift in Sources */,
				5FF7AB4527673A0B006574FE /* PhotoDataSource.swift in Sources */,
				5FF7AB3F276613BB006574FE /* PhotoStore.swift in Sources */,
				5FF7AB0D27661346006574FE /* SceneDelegate.swift in Sources */,
				5FF7AB4727674102006574FE /*  PhotoCollectionViewCell.swift in Sources */,
			);
			runOnlyForDeploymentPostprocessing = 0;
		};
		5FF7AB1927661348006574FE /* Sources */ = {
			isa = PBXSourcesBuildPhase;
			buildActionMask = 2147483647;
			files = (
				5FF7AB2227661348006574FE /* Photorama_AhlamTests.swift in Sources */,
			);
			runOnlyForDeploymentPostprocessing = 0;
		};
		5FF7AB2327661348006574FE /* Sources */ = {
			isa = PBXSourcesBuildPhase;
			buildActionMask = 2147483647;
			files = (
				5FF7AB2E27661348006574FE /* Photorama_AhlamUITestsLaunchTests.swift in Sources */,
				5FF7AB2C27661348006574FE /* Photorama_AhlamUITests.swift in Sources */,
			);
			runOnlyForDeploymentPostprocessing = 0;
		};
/* End PBXSourcesBuildPhase section */

/* Begin PBXTargetDependency section */
		5FF7AB1F27661348006574FE /* PBXTargetDependency */ = {
			isa = PBXTargetDependency;
			target = 5FF7AB0627661346006574FE /* Photorama-Ahlam Albalawi */;
			targetProxy = 5FF7AB1E27661348006574FE /* PBXContainerItemProxy */;
		};
		5FF7AB2927661348006574FE /* PBXTargetDependency */ = {
			isa = PBXTargetDependency;
			target = 5FF7AB0627661346006574FE /* Photorama-Ahlam Albalawi */;
			targetProxy = 5FF7AB2827661348006574FE /* PBXContainerItemProxy */;
		};
/* End PBXTargetDependency section */

/* Begin PBXVariantGroup section */
		5FF7AB1027661346006574FE /* Main.storyboard */ = {
			isa = PBXVariantGroup;
			children = (
				5FF7AB1127661346006574FE /* Base */,
			);
			name = Main.storyboard;
			sourceTree = "<group>";
		};
		5FF7AB1527661348006574FE /* LaunchScreen.storyboard */ = {
			isa = PBXVariantGroup;
			children = (
				5FF7AB1627661348006574FE /* Base */,
			);
			name = LaunchScreen.storyboard;
			sourceTree = "<group>";
		};
/* End PBXVariantGroup section */

/* Begin XCBuildConfiguration section */
		5FF7AB2F27661348006574FE /* Debug */ = {
			isa = XCBuildConfiguration;
			buildSettings = {
				ALWAYS_SEARCH_USER_PATHS = NO;
				CLANG_ANALYZER_NONNULL = YES;
				CLANG_ANALYZER_NUMBER_OBJECT_CONVERSION = YES_AGGRESSIVE;
				CLANG_CXX_LANGUAGE_STANDARD = "gnu++17";
				CLANG_CXX_LIBRARY = "libc++";
				CLANG_ENABLE_MODULES = YES;
				CLANG_ENABLE_OBJC_ARC = YES;
				CLANG_ENABLE_OBJC_WEAK = YES;
				CLANG_WARN_BLOCK_CAPTURE_AUTORELEASING = YES;
				CLANG_WARN_BOOL_CONVERSION = YES;
				CLANG_WARN_COMMA = YES;
				CLANG_WARN_CONSTANT_CONVERSION = YES;
				CLANG_WARN_DEPRECATED_OBJC_IMPLEMENTATIONS = YES;
				CLANG_WARN_DIRECT_OBJC_ISA_USAGE = YES_ERROR;
				CLANG_WARN_DOCUMENTATION_COMMENTS = YES;
				CLANG_WARN_EMPTY_BODY = YES;
				CLANG_WARN_ENUM_CONVERSION = YES;
				CLANG_WARN_INFINITE_RECURSION = YES;
				CLANG_WARN_INT_CONVERSION = YES;
				CLANG_WARN_NON_LITERAL_NULL_CONVERSION = YES;
				CLANG_WARN_OBJC_IMPLICIT_RETAIN_SELF = YES;
				CLANG_WARN_OBJC_LITERAL_CONVERSION = YES;
				CLANG_WARN_OBJC_ROOT_CLASS = YES_ERROR;
				CLANG_WARN_QUOTED_INCLUDE_IN_FRAMEWORK_HEADER = YES;
				CLANG_WARN_RANGE_LOOP_ANALYSIS = YES;
				CLANG_WARN_STRICT_PROTOTYPES = YES;
				CLANG_WARN_SUSPICIOUS_MOVE = YES;
				CLANG_WARN_UNGUARDED_AVAILABILITY = YES_AGGRESSIVE;
				CLANG_WARN_UNREACHABLE_CODE = YES;
				CLANG_WARN__DUPLICATE_METHOD_MATCH = YES;
				COPY_PHASE_STRIP = NO;
				DEBUG_INFORMATION_FORMAT = dwarf;
				ENABLE_STRICT_OBJC_MSGSEND = YES;
				ENABLE_TESTABILITY = YES;
				GCC_C_LANGUAGE_STANDARD = gnu11;
				GCC_DYNAMIC_NO_PIC = NO;
				GCC_NO_COMMON_BLOCKS = YES;
				GCC_OPTIMIZATION_LEVEL = 0;
				GCC_PREPROCESSOR_DEFINITIONS = (
					"DEBUG=1",
					"$(inherited)",
				);
				GCC_WARN_64_TO_32_BIT_CONVERSION = YES;
				GCC_WARN_ABOUT_RETURN_TYPE = YES_ERROR;
				GCC_WARN_UNDECLARED_SELECTOR = YES;
				GCC_WARN_UNINITIALIZED_AUTOS = YES_AGGRESSIVE;
				GCC_WARN_UNUSED_FUNCTION = YES;
				GCC_WARN_UNUSED_VARIABLE = YES;
				IPHONEOS_DEPLOYMENT_TARGET = 15.0;
				MTL_ENABLE_DEBUG_INFO = INCLUDE_SOURCE;
				MTL_FAST_MATH = YES;
				ONLY_ACTIVE_ARCH = YES;
				SDKROOT = iphoneos;
				SWIFT_ACTIVE_COMPILATION_CONDITIONS = DEBUG;
				SWIFT_OPTIMIZATION_LEVEL = "-Onone";
			};
			name = Debug;
		};
		5FF7AB3027661348006574FE /* Release */ = {
			isa = XCBuildConfiguration;
			buildSettings = {
				ALWAYS_SEARCH_USER_PATHS = NO;
				CLANG_ANALYZER_NONNULL = YES;
				CLANG_ANALYZER_NUMBER_OBJECT_CONVERSION = YES_AGGRESSIVE;
				CLANG_CXX_LANGUAGE_STANDARD = "gnu++17";
				CLANG_CXX_LIBRARY = "libc++";
				CLANG_ENABLE_MODULES = YES;
				CLANG_ENABLE_OBJC_ARC = YES;
				CLANG_ENABLE_OBJC_WEAK = YES;
				CLANG_WARN_BLOCK_CAPTURE_AUTORELEASING = YES;
				CLANG_WARN_BOOL_CONVERSION = YES;
				CLANG_WARN_COMMA = YES;
				CLANG_WARN_CONSTANT_CONVERSION = YES;
				CLANG_WARN_DEPRECATED_OBJC_IMPLEMENTATIONS = YES;
				CLANG_WARN_DIRECT_OBJC_ISA_USAGE = YES_ERROR;
				CLANG_WARN_DOCUMENTATION_COMMENTS = YES;
				CLANG_WARN_EMPTY_BODY = YES;
				CLANG_WARN_ENUM_CONVERSION = YES;
				CLANG_WARN_INFINITE_RECURSION = YES;
				CLANG_WARN_INT_CONVERSION = YES;
				CLANG_WARN_NON_LITERAL_NULL_CONVERSION = YES;
				CLANG_WARN_OBJC_IMPLICIT_RETAIN_SELF = YES;
				CLANG_WARN_OBJC_LITERAL_CONVERSION = YES;
				CLANG_WARN_OBJC_ROOT_CLASS = YES_ERROR;
				CLANG_WARN_QUOTED_INCLUDE_IN_FRAMEWORK_HEADER = YES;
				CLANG_WARN_RANGE_LOOP_ANALYSIS = YES;
				CLANG_WARN_STRICT_PROTOTYPES = YES;
				CLANG_WARN_SUSPICIOUS_MOVE = YES;
				CLANG_WARN_UNGUARDED_AVAILABILITY = YES_AGGRESSIVE;
				CLANG_WARN_UNREACHABLE_CODE = YES;
				CLANG_WARN__DUPLICATE_METHOD_MATCH = YES;
				COPY_PHASE_STRIP = NO;
				DEBUG_INFORMATION_FORMAT = "dwarf-with-dsym";
				ENABLE_NS_ASSERTIONS = NO;
				ENABLE_STRICT_OBJC_MSGSEND = YES;
				GCC_C_LANGUAGE_STANDARD = gnu11;
				GCC_NO_COMMON_BLOCKS = YES;
				GCC_WARN_64_TO_32_BIT_CONVERSION = YES;
				GCC_WARN_ABOUT_RETURN_TYPE = YES_ERROR;
				GCC_WARN_UNDECLARED_SELECTOR = YES;
				GCC_WARN_UNINITIALIZED_AUTOS = YES_AGGRESSIVE;
				GCC_WARN_UNUSED_FUNCTION = YES;
				GCC_WARN_UNUSED_VARIABLE = YES;
				IPHONEOS_DEPLOYMENT_TARGET = 15.0;
				MTL_ENABLE_DEBUG_INFO = NO;
				MTL_FAST_MATH = YES;
				SDKROOT = iphoneos;
				SWIFT_COMPILATION_MODE = wholemodule;
				SWIFT_OPTIMIZATION_LEVEL = "-O";
				VALIDATE_PRODUCT = YES;
			};
			name = Release;
		};
		5FF7AB3227661348006574FE /* Debug */ = {
			isa = XCBuildConfiguration;
			buildSettings = {
				ASSETCATALOG_COMPILER_APPICON_NAME = AppIcon;
				ASSETCATALOG_COMPILER_GLOBAL_ACCENT_COLOR_NAME = AccentColor;
				CODE_SIGN_STYLE = Automatic;
				CURRENT_PROJECT_VERSION = 1;
				DEVELOPMENT_TEAM = 8Z2R72TQD4;
				GENERATE_INFOPLIST_FILE = YES;
				INFOPLIST_FILE = "Photorama-Ahlam/Info.plist";
				INFOPLIST_KEY_UIApplicationSupportsIndirectInputEvents = YES;
				INFOPLIST_KEY_UILaunchStoryboardName = LaunchScreen;
				INFOPLIST_KEY_UIMainStoryboardFile = Main;
				INFOPLIST_KEY_UISupportedInterfaceOrientations_iPad = "UIInterfaceOrientationPortrait UIInterfaceOrientationPortraitUpsideDown UIInterfaceOrientationLandscapeLeft UIInterfaceOrientationLandscapeRight";
				INFOPLIST_KEY_UISupportedInterfaceOrientations_iPhone = "UIInterfaceOrientationPortrait UIInterfaceOrientationLandscapeLeft UIInterfaceOrientationLandscapeRight";
				LD_RUNPATH_SEARCH_PATHS = (
					"$(inherited)",
					"@executable_path/Frameworks",
				);
				MARKETING_VERSION = 1.0;
				PRODUCT_BUNDLE_IDENTIFIER = "com.Photorama-Ahlam";
				PRODUCT_NAME = "$(TARGET_NAME)";
				SWIFT_EMIT_LOC_STRINGS = YES;
				SWIFT_VERSION = 5.0;
				TARGETED_DEVICE_FAMILY = "1,2";
			};
			name = Debug;
		};
		5FF7AB3327661348006574FE /* Release */ = {
			isa = XCBuildConfiguration;
			buildSettings = {
				ASSETCATALOG_COMPILER_APPICON_NAME = AppIcon;
				ASSETCATALOG_COMPILER_GLOBAL_ACCENT_COLOR_NAME = AccentColor;
				CODE_SIGN_STYLE = Automatic;
				CURRENT_PROJECT_VERSION = 1;
				DEVELOPMENT_TEAM = 8Z2R72TQD4;
				GENERATE_INFOPLIST_FILE = YES;
				INFOPLIST_FILE = "Photorama-Ahlam/Info.plist";
				INFOPLIST_KEY_UIApplicationSupportsIndirectInputEvents = YES;
				INFOPLIST_KEY_UILaunchStoryboardName = LaunchScreen;
				INFOPLIST_KEY_UIMainStoryboardFile = Main;
				INFOPLIST_KEY_UISupportedInterfaceOrientations_iPad = "UIInterfaceOrientationPortrait UIInterfaceOrientationPortraitUpsideDown UIInterfaceOrientationLandscapeLeft UIInterfaceOrientationLandscapeRight";
				INFOPLIST_KEY_UISupportedInterfaceOrientations_iPhone = "UIInterfaceOrientationPortrait UIInterfaceOrientationLandscapeLeft UIInterfaceOrientationLandscapeRight";
				LD_RUNPATH_SEARCH_PATHS = (
					"$(inherited)",
					"@executable_path/Frameworks",
				);
				MARKETING_VERSION = 1.0;
				PRODUCT_BUNDLE_IDENTIFIER = "com.Photorama-Ahlam";
				PRODUCT_NAME = "$(TARGET_NAME)";
				SWIFT_EMIT_LOC_STRINGS = YES;
				SWIFT_VERSION = 5.0;
				TARGETED_DEVICE_FAMILY = "1,2";
			};
			name = Release;
		};
		5FF7AB3527661348006574FE /* Debug */ = {
			isa = XCBuildConfiguration;
			buildSettings = {
				ALWAYS_EMBED_SWIFT_STANDARD_LIBRARIES = YES;
				BUNDLE_LOADER = "$(TEST_HOST)";
				CODE_SIGN_STYLE = Automatic;
				CURRENT_PROJECT_VERSION = 1;
				GENERATE_INFOPLIST_FILE = YES;
				IPHONEOS_DEPLOYMENT_TARGET = 15.0;
				LD_RUNPATH_SEARCH_PATHS = (
					"$(inherited)",
					"@executable_path/Frameworks",
					"@loader_path/Frameworks",
				);
				MARKETING_VERSION = 1.0;
				PRODUCT_BUNDLE_IDENTIFIER = "com.Photorama-AhlamTests";
				PRODUCT_NAME = "$(TARGET_NAME)";
				SWIFT_EMIT_LOC_STRINGS = NO;
				SWIFT_VERSION = 5.0;
				TARGETED_DEVICE_FAMILY = "1,2";
				TEST_HOST = "$(BUILT_PRODUCTS_DIR)/Photorama-Ahlam Albalawi.app/Photorama-Ahlam Albalawi";
			};
			name = Debug;
		};
		5FF7AB3627661348006574FE /* Release */ = {
			isa = XCBuildConfiguration;
			buildSettings = {
				ALWAYS_EMBED_SWIFT_STANDARD_LIBRARIES = YES;
				BUNDLE_LOADER = "$(TEST_HOST)";
				CODE_SIGN_STYLE = Automatic;
				CURRENT_PROJECT_VERSION = 1;
				GENERATE_INFOPLIST_FILE = YES;
				IPHONEOS_DEPLOYMENT_TARGET = 15.0;
				LD_RUNPATH_SEARCH_PATHS = (
					"$(inherited)",
					"@executable_path/Frameworks",
					"@loader_path/Frameworks",
				);
				MARKETING_VERSION = 1.0;
				PRODUCT_BUNDLE_IDENTIFIER = "com.Photorama-AhlamTests";
				PRODUCT_NAME = "$(TARGET_NAME)";
				SWIFT_EMIT_LOC_STRINGS = NO;
				SWIFT_VERSION = 5.0;
				TARGETED_DEVICE_FAMILY = "1,2";
				TEST_HOST = "$(BUILT_PRODUCTS_DIR)/Photorama-Ahlam Albalawi.app/Photorama-Ahlam Albalawi";
			};
			name = Release;
		};
		5FF7AB3827661348006574FE /* Debug */ = {
			isa = XCBuildConfiguration;
			buildSettings = {
				ALWAYS_EMBED_SWIFT_STANDARD_LIBRARIES = YES;
				CODE_SIGN_STYLE = Automatic;
				CURRENT_PROJECT_VERSION = 1;
				GENERATE_INFOPLIST_FILE = YES;
				LD_RUNPATH_SEARCH_PATHS = (
					"$(inherited)",
					"@executable_path/Frameworks",
					"@loader_path/Frameworks",
				);
				MARKETING_VERSION = 1.0;
				PRODUCT_BUNDLE_IDENTIFIER = "com.Photorama-AhlamUITests";
				PRODUCT_NAME = "$(TARGET_NAME)";
				SWIFT_EMIT_LOC_STRINGS = NO;
				SWIFT_VERSION = 5.0;
				TARGETED_DEVICE_FAMILY = "1,2";
				TEST_TARGET_NAME = "Photorama-Ahlam";
			};
			name = Debug;
		};
		5FF7AB3927661348006574FE /* Release */ = {
			isa = XCBuildConfiguration;
			buildSettings = {
				ALWAYS_EMBED_SWIFT_STANDARD_LIBRARIES = YES;
				CODE_SIGN_STYLE = Automatic;
				CURRENT_PROJECT_VERSION = 1;
				GENERATE_INFOPLIST_FILE = YES;
				LD_RUNPATH_SEARCH_PATHS = (
					"$(inherited)",
					"@executable_path/Frameworks",
					"@loader_path/Frameworks",
				);
				MARKETING_VERSION = 1.0;
				PRODUCT_BUNDLE_IDENTIFIER = "com.Photorama-AhlamUITests";
				PRODUCT_NAME = "$(TARGET_NAME)";
				SWIFT_EMIT_LOC_STRINGS = NO;
				SWIFT_VERSION = 5.0;
				TARGETED_DEVICE_FAMILY = "1,2";
				TEST_TARGET_NAME = "Photorama-Ahlam";
			};
			name = Release;
		};
/* End XCBuildConfiguration section */

/* Begin XCConfigurationList section */
		5FF7AB0227661346006574FE /* Build configuration list for PBXProject "Photorama-Ahlam Albalawi" */ = {
			isa = XCConfigurationList;
			buildConfigurations = (
				5FF7AB2F27661348006574FE /* Debug */,
				5FF7AB3027661348006574FE /* Release */,
			);
			defaultConfigurationIsVisible = 0;
			defaultConfigurationName = Release;
		};
		5FF7AB3127661348006574FE /* Build configuration list for PBXNativeTarget "Photorama-Ahlam Albalawi" */ = {
			isa = XCConfigurationList;
			buildConfigurations = (
				5FF7AB3227661348006574FE /* Debug */,
				5FF7AB3327661348006574FE /* Release */,
			);
			defaultConfigurationIsVisible = 0;
			defaultConfigurationName = Release;
		};
		5FF7AB3427661348006574FE /* Build configuration list for PBXNativeTarget "Photorama-Ahlam AlbalawiTests" */ = {
			isa = XCConfigurationList;
			buildConfigurations = (
				5FF7AB3527661348006574FE /* Debug */,
				5FF7AB3627661348006574FE /* Release */,
			);
			defaultConfigurationIsVisible = 0;
			defaultConfigurationName = Release;
		};
		5FF7AB3727661348006574FE /* Build configuration list for PBXNativeTarget "Photorama-Ahlam AlbalawiUITests" */ = {
			isa = XCConfigurationList;
			buildConfigurations = (
				5FF7AB3827661348006574FE /* Debug */,
				5FF7AB3927661348006574FE /* Release */,
			);
			defaultConfigurationIsVisible = 0;
			defaultConfigurationName = Release;
		};
/* End XCConfigurationList section */
	};
	rootObject = 5FF7AAFF27661346006574FE /* Project object */;
}
