// !$*UTF8*$!
{
	archiveVersion = 1;
	classes = {
	};
	objectVersion = 54;
	objects = {

/* Begin PBXBuildFile section */
		310F90FF2765CA3C000F46CE /* AppDelegate.swift in Sources */ = {isa = PBXBuildFile; fileRef = 310F90FE2765CA3C000F46CE /* AppDelegate.swift */; };
		310F91012765CA3C000F46CE /* SceneDelegate.swift in Sources */ = {isa = PBXBuildFile; fileRef = 310F91002765CA3C000F46CE /* SceneDelegate.swift */; };
		310F91032765CA3C000F46CE /* PhotosViewController.swift in Sources */ = {isa = PBXBuildFile; fileRef = 310F91022765CA3C000F46CE /* PhotosViewController.swift */; };
		310F91062765CA3C000F46CE /* Main.storyboard in Resources */ = {isa = PBXBuildFile; fileRef = 310F91042765CA3C000F46CE /* Main.storyboard */; };
		310F91082765CA3D000F46CE /* Assets.xcassets in Resources */ = {isa = PBXBuildFile; fileRef = 310F91072765CA3D000F46CE /* Assets.xcassets */; };
		310F910B2765CA3D000F46CE /* LaunchScreen.storyboard in Resources */ = {isa = PBXBuildFile; fileRef = 310F91092765CA3D000F46CE /* LaunchScreen.storyboard */; };
		310F91132765CCC9000F46CE /* FlickrAPI.swift in Sources */ = {isa = PBXBuildFile; fileRef = 310F91122765CCC9000F46CE /* FlickrAPI.swift */; };
		310F91152765CEA2000F46CE /* PhotoStore.swift in Sources */ = {isa = PBXBuildFile; fileRef = 310F91142765CEA2000F46CE /* PhotoStore.swift */; };
		310F91172765CFD3000F46CE /* Photo.swift in Sources */ = {isa = PBXBuildFile; fileRef = 310F91162765CFD3000F46CE /* Photo.swift */; };
		310F911D2765E83D000F46CE /* PhotoDataSource.swift in Sources */ = {isa = PBXBuildFile; fileRef = 310F911C2765E83D000F46CE /* PhotoDataSource.swift */; };
		310F911F2765ECD4000F46CE /* PhotoCollectionViewCell.swift in Sources */ = {isa = PBXBuildFile; fileRef = 310F911E2765ECD4000F46CE /* PhotoCollectionViewCell.swift */; };
		3191CF802767385500835825 /* PhotoInfoViewController.swift in Sources */ = {isa = PBXBuildFile; fileRef = 3191CF7F2767385500835825 /* PhotoInfoViewController.swift */; };
		3191CF8227673A8800835825 /* ImageStore.swift in Sources */ = {isa = PBXBuildFile; fileRef = 3191CF8127673A8800835825 /* ImageStore.swift */; };
/* End PBXBuildFile section */

/* Begin PBXFileReference section */
		310F90FB2765CA3C000F46CE /* Photorama-MahaNasser.app */ = {isa = PBXFileReference; explicitFileType = wrapper.application; includeInIndex = 0; path = "Photorama-MahaNasser.app"; sourceTree = BUILT_PRODUCTS_DIR; };
		310F90FE2765CA3C000F46CE /* AppDelegate.swift */ = {isa = PBXFileReference; lastKnownFileType = sourcecode.swift; path = AppDelegate.swift; sourceTree = "<group>"; };
		310F91002765CA3C000F46CE /* SceneDelegate.swift */ = {isa = PBXFileReference; lastKnownFileType = sourcecode.swift; path = SceneDelegate.swift; sourceTree = "<group>"; };
		310F91022765CA3C000F46CE /* PhotosViewController.swift */ = {isa = PBXFileReference; lastKnownFileType = sourcecode.swift; path = PhotosViewController.swift; sourceTree = "<group>"; };
		310F91052765CA3C000F46CE /* Base */ = {isa = PBXFileReference; lastKnownFileType = file.storyboard; name = Base; path = Base.lproj/Main.storyboard; sourceTree = "<group>"; };
		310F91072765CA3D000F46CE /* Assets.xcassets */ = {isa = PBXFileReference; lastKnownFileType = folder.assetcatalog; path = Assets.xcassets; sourceTree = "<group>"; };
		310F910A2765CA3D000F46CE /* Base */ = {isa = PBXFileReference; lastKnownFileType = file.storyboard; name = Base; path = Base.lproj/LaunchScreen.storyboard; sourceTree = "<group>"; };
		310F910C2765CA3D000F46CE /* Info.plist */ = {isa = PBXFileReference; lastKnownFileType = text.plist.xml; path = Info.plist; sourceTree = "<group>"; };
		310F91122765CCC9000F46CE /* FlickrAPI.swift */ = {isa = PBXFileReference; lastKnownFileType = sourcecode.swift; path = FlickrAPI.swift; sourceTree = "<group>"; };
		310F91142765CEA2000F46CE /* PhotoStore.swift */ = {isa = PBXFileReference; lastKnownFileType = sourcecode.swift; path = PhotoStore.swift; sourceTree = "<group>"; };
		310F91162765CFD3000F46CE /* Photo.swift */ = {isa = PBXFileReference; lastKnownFileType = sourcecode.swift; path = Photo.swift; sourceTree = "<group>"; };
		310F911C2765E83D000F46CE /* PhotoDataSource.swift */ = {isa = PBXFileReference; lastKnownFileType = sourcecode.swift; path = PhotoDataSource.swift; sourceTree = "<group>"; };
		310F911E2765ECD4000F46CE /* PhotoCollectionViewCell.swift */ = {isa = PBXFileReference; lastKnownFileType = sourcecode.swift; path = PhotoCollectionViewCell.swift; sourceTree = "<group>"; };
		3191CF7F2767385500835825 /* PhotoInfoViewController.swift */ = {isa = PBXFileReference; lastKnownFileType = sourcecode.swift; path = PhotoInfoViewController.swift; sourceTree = "<group>"; };
		3191CF8127673A8800835825 /* ImageStore.swift */ = {isa = PBXFileReference; fileEncoding = 4; lastKnownFileType = sourcecode.swift; path = ImageStore.swift; sourceTree = "<group>"; };
/* End PBXFileReference section */

/* Begin PBXFrameworksBuildPhase section */
		310F90F82765CA3C000F46CE /* Frameworks */ = {
			isa = PBXFrameworksBuildPhase;
			buildActionMask = 2147483647;
			files = (
			);
			runOnlyForDeploymentPostprocessing = 0;
		};
/* End PBXFrameworksBuildPhase section */

/* Begin PBXGroup section */
		310F90F22765CA3C000F46CE = {
			isa = PBXGroup;
			children = (
				310F90FD2765CA3C000F46CE /* Photorama-MahaNasser */,
				310F90FC2765CA3C000F46CE /* Products */,
			);
			sourceTree = "<group>";
		};
		310F90FC2765CA3C000F46CE /* Products */ = {
			isa = PBXGroup;
			children = (
				310F90FB2765CA3C000F46CE /* Photorama-MahaNasser.app */,
			);
			name = Products;
			sourceTree = "<group>";
		};
		310F90FD2765CA3C000F46CE /* Photorama-MahaNasser */ = {
			isa = PBXGroup;
			children = (
				310F91192765D29F000F46CE /* Models */,
				31B617A52769CAB3006413F0 /* View */,
				310F911B2765D2BE000F46CE /* Controllers */,
				310F90FE2765CA3C000F46CE /* AppDelegate.swift */,
				310F91002765CA3C000F46CE /* SceneDelegate.swift */,
				310F91072765CA3D000F46CE /* Assets.xcassets */,
				310F91092765CA3D000F46CE /* LaunchScreen.storyboard */,
				310F910C2765CA3D000F46CE /* Info.plist */,
			);
			path = "Photorama-MahaNasser";
			sourceTree = "<group>";
		};
		310F91192765D29F000F46CE /* Models */ = {
			isa = PBXGroup;
			children = (
				3191CF8127673A8800835825 /* ImageStore.swift */,
				310F91122765CCC9000F46CE /* FlickrAPI.swift */,
				310F91142765CEA2000F46CE /* PhotoStore.swift */,
				310F91162765CFD3000F46CE /* Photo.swift */,
				310F911C2765E83D000F46CE /* PhotoDataSource.swift */,
			);
			path = Models;
			sourceTree = "<group>";
		};
		310F911B2765D2BE000F46CE /* Controllers */ = {
			isa = PBXGroup;
			children = (
				310F91022765CA3C000F46CE /* PhotosViewController.swift */,
				3191CF7F2767385500835825 /* PhotoInfoViewController.swift */,
			);
			path = Controllers;
			sourceTree = "<group>";
		};
		31B617A52769CAB3006413F0 /* View */ = {
			isa = PBXGroup;
			children = (
				310F911E2765ECD4000F46CE /* PhotoCollectionViewCell.swift */,
				310F91042765CA3C000F46CE /* Main.storyboard */,
			);
			path = View;
			sourceTree = "<group>";
		};
/* End PBXGroup section */

/* Begin PBXNativeTarget section */
		310F90FA2765CA3C000F46CE /* Photorama-MahaNasser */ = {
			isa = PBXNativeTarget;
			buildConfigurationList = 310F910F2765CA3D000F46CE /* Build configuration list for PBXNativeTarget "Photorama-MahaNasser" */;
			buildPhases = (
				310F90F72765CA3C000F46CE /* Sources */,
				310F90F82765CA3C000F46CE /* Frameworks */,
				310F90F92765CA3C000F46CE /* Resources */,
			);
			buildRules = (
			);
			dependencies = (
			);
			name = "Photorama-MahaNasser";
			productName = "Photorama-MahaNasser";
			productReference = 310F90FB2765CA3C000F46CE /* Photorama-MahaNasser.app */;
			productType = "com.apple.product-type.application";
		};
/* End PBXNativeTarget section */

/* Begin PBXProject section */
		310F90F32765CA3C000F46CE /* Project object */ = {
			isa = PBXProject;
			attributes = {
				BuildIndependentTargetsInParallel = 1;
				LastSwiftUpdateCheck = 1310;
				LastUpgradeCheck = 1310;
				TargetAttributes = {
					310F90FA2765CA3C000F46CE = {
						CreatedOnToolsVersion = 13.1;
					};
				};
			};
			buildConfigurationList = 310F90F62765CA3C000F46CE /* Build configuration list for PBXProject "Photorama-MahaNasser" */;
			compatibilityVersion = "Xcode 12.0";
			developmentRegion = en;
			hasScannedForEncodings = 0;
			knownRegions = (
				en,
				Base,
			);
			mainGroup = 310F90F22765CA3C000F46CE;
			productRefGroup = 310F90FC2765CA3C000F46CE /* Products */;
			projectDirPath = "";
			projectRoot = "";
			targets = (
				310F90FA2765CA3C000F46CE /* Photorama-MahaNasser */,
			);
		};
/* End PBXProject section */

/* Begin PBXResourcesBuildPhase section */
		310F90F92765CA3C000F46CE /* Resources */ = {
			isa = PBXResourcesBuildPhase;
			buildActionMask = 2147483647;
			files = (
				310F910B2765CA3D000F46CE /* LaunchScreen.storyboard in Resources */,
				310F91082765CA3D000F46CE /* Assets.xcassets in Resources */,
				310F91062765CA3C000F46CE /* Main.storyboard in Resources */,
			);
			runOnlyForDeploymentPostprocessing = 0;
		};
/* End PBXResourcesBuildPhase section */

/* Begin PBXSourcesBuildPhase section */
		310F90F72765CA3C000F46CE /* Sources */ = {
			isa = PBXSourcesBuildPhase;
			buildActionMask = 2147483647;
			files = (
				310F91172765CFD3000F46CE /* Photo.swift in Sources */,
				310F911F2765ECD4000F46CE /* PhotoCollectionViewCell.swift in Sources */,
				310F911D2765E83D000F46CE /* PhotoDataSource.swift in Sources */,
				3191CF8227673A8800835825 /* ImageStore.swift in Sources */,
				310F91152765CEA2000F46CE /* PhotoStore.swift in Sources */,
				310F91032765CA3C000F46CE /* PhotosViewController.swift in Sources */,
				310F90FF2765CA3C000F46CE /* AppDelegate.swift in Sources */,
				310F91012765CA3C000F46CE /* SceneDelegate.swift in Sources */,
				310F91132765CCC9000F46CE /* FlickrAPI.swift in Sources */,
				3191CF802767385500835825 /* PhotoInfoViewController.swift in Sources */,
			);
			runOnlyForDeploymentPostprocessing = 0;
		};
/* End PBXSourcesBuildPhase section */

/* Begin PBXVariantGroup section */
		310F91042765CA3C000F46CE /* Main.storyboard */ = {
			isa = PBXVariantGroup;
			children = (
				310F91052765CA3C000F46CE /* Base */,
			);
			name = Main.storyboard;
			sourceTree = "<group>";
		};
		310F91092765CA3D000F46CE /* LaunchScreen.storyboard */ = {
			isa = PBXVariantGroup;
			children = (
				310F910A2765CA3D000F46CE /* Base */,
			);
			name = LaunchScreen.storyboard;
			sourceTree = "<group>";
		};
/* End PBXVariantGroup section */

/* Begin XCBuildConfiguration section */
		310F910D2765CA3D000F46CE /* Debug */ = {
			isa = XCBuildConfiguration;
			buildSettings = {
				ALWAYS_SEARCH_USER_PATHS = NO;
				CLANG_ANALYZER_NONNULL = YES;
				CLANG_ANALYZER_NUMBER_OBJECT_CONVERSION = YES_AGGRESSIVE;
				CLANG_CXX_LANGUAGE_STANDARD = "gnu++17";
				CLANG_CXX_LIBRARY = "libc++";
				CLANG_ENABLE_MODULES = YES;
				CLANG_ENABLE_OBJC_ARC = YES;
				CLANG_ENABLE_OBJC_WEAK = YES;
				CLANG_WARN_BLOCK_CAPTURE_AUTORELEASING = YES;
				CLANG_WARN_BOOL_CONVERSION = YES;
				CLANG_WARN_COMMA = YES;
				CLANG_WARN_CONSTANT_CONVERSION = YES;
				CLANG_WARN_DEPRECATED_OBJC_IMPLEMENTATIONS = YES;
				CLANG_WARN_DIRECT_OBJC_ISA_USAGE = YES_ERROR;
				CLANG_WARN_DOCUMENTATION_COMMENTS = YES;
				CLANG_WARN_EMPTY_BODY = YES;
				CLANG_WARN_ENUM_CONVERSION = YES;
				CLANG_WARN_INFINITE_RECURSION = YES;
				CLANG_WARN_INT_CONVERSION = YES;
				CLANG_WARN_NON_LITERAL_NULL_CONVERSION = YES;
				CLANG_WARN_OBJC_IMPLICIT_RETAIN_SELF = YES;
				CLANG_WARN_OBJC_LITERAL_CONVERSION = YES;
				CLANG_WARN_OBJC_ROOT_CLASS = YES_ERROR;
				CLANG_WARN_QUOTED_INCLUDE_IN_FRAMEWORK_HEADER = YES;
				CLANG_WARN_RANGE_LOOP_ANALYSIS = YES;
				CLANG_WARN_STRICT_PROTOTYPES = YES;
				CLANG_WARN_SUSPICIOUS_MOVE = YES;
				CLANG_WARN_UNGUARDED_AVAILABILITY = YES_AGGRESSIVE;
				CLANG_WARN_UNREACHABLE_CODE = YES;
				CLANG_WARN__DUPLICATE_METHOD_MATCH = YES;
				COPY_PHASE_STRIP = NO;
				DEBUG_INFORMATION_FORMAT = dwarf;
				ENABLE_STRICT_OBJC_MSGSEND = YES;
				ENABLE_TESTABILITY = YES;
				GCC_C_LANGUAGE_STANDARD = gnu11;
				GCC_DYNAMIC_NO_PIC = NO;
				GCC_NO_COMMON_BLOCKS = YES;
				GCC_OPTIMIZATION_LEVEL = 0;
				GCC_PREPROCESSOR_DEFINITIONS = (
					"DEBUG=1",
					"$(inherited)",
				);
				GCC_WARN_64_TO_32_BIT_CONVERSION = YES;
				GCC_WARN_ABOUT_RETURN_TYPE = YES_ERROR;
				GCC_WARN_UNDECLARED_SELECTOR = YES;
				GCC_WARN_UNINITIALIZED_AUTOS = YES_AGGRESSIVE;
				GCC_WARN_UNUSED_FUNCTION = YES;
				GCC_WARN_UNUSED_VARIABLE = YES;
				IPHONEOS_DEPLOYMENT_TARGET = 14.4;
				MTL_ENABLE_DEBUG_INFO = INCLUDE_SOURCE;
				MTL_FAST_MATH = YES;
				ONLY_ACTIVE_ARCH = YES;
				SDKROOT = iphoneos;
				SWIFT_ACTIVE_COMPILATION_CONDITIONS = DEBUG;
				SWIFT_OPTIMIZATION_LEVEL = "-Onone";
			};
			name = Debug;
		};
		310F910E2765CA3D000F46CE /* Release */ = {
			isa = XCBuildConfiguration;
			buildSettings = {
				ALWAYS_SEARCH_USER_PATHS = NO;
				CLANG_ANALYZER_NONNULL = YES;
				CLANG_ANALYZER_NUMBER_OBJECT_CONVERSION = YES_AGGRESSIVE;
				CLANG_CXX_LANGUAGE_STANDARD = "gnu++17";
				CLANG_CXX_LIBRARY = "libc++";
				CLANG_ENABLE_MODULES = YES;
				CLANG_ENABLE_OBJC_ARC = YES;
				CLANG_ENABLE_OBJC_WEAK = YES;
				CLANG_WARN_BLOCK_CAPTURE_AUTORELEASING = YES;
				CLANG_WARN_BOOL_CONVERSION = YES;
				CLANG_WARN_COMMA = YES;
				CLANG_WARN_CONSTANT_CONVERSION = YES;
				CLANG_WARN_DEPRECATED_OBJC_IMPLEMENTATIONS = YES;
				CLANG_WARN_DIRECT_OBJC_ISA_USAGE = YES_ERROR;
				CLANG_WARN_DOCUMENTATION_COMMENTS = YES;
				CLANG_WARN_EMPTY_BODY = YES;
				CLANG_WARN_ENUM_CONVERSION = YES;
				CLANG_WARN_INFINITE_RECURSION = YES;
				CLANG_WARN_INT_CONVERSION = YES;
				CLANG_WARN_NON_LITERAL_NULL_CONVERSION = YES;
				CLANG_WARN_OBJC_IMPLICIT_RETAIN_SELF = YES;
				CLANG_WARN_OBJC_LITERAL_CONVERSION = YES;
				CLANG_WARN_OBJC_ROOT_CLASS = YES_ERROR;
				CLANG_WARN_QUOTED_INCLUDE_IN_FRAMEWORK_HEADER = YES;
				CLANG_WARN_RANGE_LOOP_ANALYSIS = YES;
				CLANG_WARN_STRICT_PROTOTYPES = YES;
				CLANG_WARN_SUSPICIOUS_MOVE = YES;
				CLANG_WARN_UNGUARDED_AVAILABILITY = YES_AGGRESSIVE;
				CLANG_WARN_UNREACHABLE_CODE = YES;
				CLANG_WARN__DUPLICATE_METHOD_MATCH = YES;
				COPY_PHASE_STRIP = NO;
				DEBUG_INFORMATION_FORMAT = "dwarf-with-dsym";
				ENABLE_NS_ASSERTIONS = NO;
				ENABLE_STRICT_OBJC_MSGSEND = YES;
				GCC_C_LANGUAGE_STANDARD = gnu11;
				GCC_NO_COMMON_BLOCKS = YES;
				GCC_WARN_64_TO_32_BIT_CONVERSION = YES;
				GCC_WARN_ABOUT_RETURN_TYPE = YES_ERROR;
				GCC_WARN_UNDECLARED_SELECTOR = YES;
				GCC_WARN_UNINITIALIZED_AUTOS = YES_AGGRESSIVE;
				GCC_WARN_UNUSED_FUNCTION = YES;
				GCC_WARN_UNUSED_VARIABLE = YES;
				IPHONEOS_DEPLOYMENT_TARGET = 14.4;
				MTL_ENABLE_DEBUG_INFO = NO;
				MTL_FAST_MATH = YES;
				SDKROOT = iphoneos;
				SWIFT_COMPILATION_MODE = wholemodule;
				SWIFT_OPTIMIZATION_LEVEL = "-O";
				VALIDATE_PRODUCT = YES;
			};
			name = Release;
		};
		310F91102765CA3D000F46CE /* Debug */ = {
			isa = XCBuildConfiguration;
			buildSettings = {
				ASSETCATALOG_COMPILER_APPICON_NAME = AppIcon;
				ASSETCATALOG_COMPILER_GLOBAL_ACCENT_COLOR_NAME = AccentColor;
				CODE_SIGN_STYLE = Automatic;
				CURRENT_PROJECT_VERSION = 1;
				DEVELOPMENT_TEAM = Q26Y9PC5F8;
				GENERATE_INFOPLIST_FILE = YES;
				INFOPLIST_FILE = "Photorama-MahaNasser/Info.plist";
				INFOPLIST_KEY_UIApplicationSupportsIndirectInputEvents = YES;
				INFOPLIST_KEY_UILaunchStoryboardName = LaunchScreen;
				INFOPLIST_KEY_UIMainStoryboardFile = Main;
				INFOPLIST_KEY_UISupportedInterfaceOrientations_iPad = "UIInterfaceOrientationPortrait UIInterfaceOrientationPortraitUpsideDown UIInterfaceOrientationLandscapeLeft UIInterfaceOrientationLandscapeRight";
				INFOPLIST_KEY_UISupportedInterfaceOrientations_iPhone = "UIInterfaceOrientationPortrait UIInterfaceOrientationLandscapeLeft UIInterfaceOrientationLandscapeRight";
				IPHONEOS_DEPLOYMENT_TARGET = 14.4;
				LD_RUNPATH_SEARCH_PATHS = (
					"$(inherited)",
					"@executable_path/Frameworks",
				);
				MARKETING_VERSION = 1.0;
				PRODUCT_BUNDLE_IDENTIFIER = "com..Photorama-MahaNasser";
				PRODUCT_NAME = "$(TARGET_NAME)";
				SWIFT_EMIT_LOC_STRINGS = YES;
				SWIFT_VERSION = 5.0;
				TARGETED_DEVICE_FAMILY = "1,2";
			};
			name = Debug;
		};
		310F91112765CA3D000F46CE /* Release */ = {
			isa = XCBuildConfiguration;
			buildSettings = {
				ASSETCATALOG_COMPILER_APPICON_NAME = AppIcon;
				ASSETCATALOG_COMPILER_GLOBAL_ACCENT_COLOR_NAME = AccentColor;
				CODE_SIGN_STYLE = Automatic;
				CURRENT_PROJECT_VERSION = 1;
				DEVELOPMENT_TEAM = Q26Y9PC5F8;
				GENERATE_INFOPLIST_FILE = YES;
				INFOPLIST_FILE = "Photorama-MahaNasser/Info.plist";
				INFOPLIST_KEY_UIApplicationSupportsIndirectInputEvents = YES;
				INFOPLIST_KEY_UILaunchStoryboardName = LaunchScreen;
				INFOPLIST_KEY_UIMainStoryboardFile = Main;
				INFOPLIST_KEY_UISupportedInterfaceOrientations_iPad = "UIInterfaceOrientationPortrait UIInterfaceOrientationPortraitUpsideDown UIInterfaceOrientationLandscapeLeft UIInterfaceOrientationLandscapeRight";
				INFOPLIST_KEY_UISupportedInterfaceOrientations_iPhone = "UIInterfaceOrientationPortrait UIInterfaceOrientationLandscapeLeft UIInterfaceOrientationLandscapeRight";
				IPHONEOS_DEPLOYMENT_TARGET = 14.4;
				LD_RUNPATH_SEARCH_PATHS = (
					"$(inherited)",
					"@executable_path/Frameworks",
				);
				MARKETING_VERSION = 1.0;
				PRODUCT_BUNDLE_IDENTIFIER = "com..Photorama-MahaNasser";
				PRODUCT_NAME = "$(TARGET_NAME)";
				SWIFT_EMIT_LOC_STRINGS = YES;
				SWIFT_VERSION = 5.0;
				TARGETED_DEVICE_FAMILY = "1,2";
			};
			name = Release;
		};
/* End XCBuildConfiguration section */

/* Begin XCConfigurationList section */
		310F90F62765CA3C000F46CE /* Build configuration list for PBXProject "Photorama-MahaNasser" */ = {
			isa = XCConfigurationList;
			buildConfigurations = (
				310F910D2765CA3D000F46CE /* Debug */,
				310F910E2765CA3D000F46CE /* Release */,
			);
			defaultConfigurationIsVisible = 0;
			defaultConfigurationName = Release;
		};
		310F910F2765CA3D000F46CE /* Build configuration list for PBXNativeTarget "Photorama-MahaNasser" */ = {
			isa = XCConfigurationList;
			buildConfigurations = (
				310F91102765CA3D000F46CE /* Debug */,
				310F91112765CA3D000F46CE /* Release */,
			);
			defaultConfigurationIsVisible = 0;
			defaultConfigurationName = Release;
		};
/* End XCConfigurationList section */
	};
	rootObject = 310F90F32765CA3C000F46CE /* Project object */;
}
