// !$*UTF8*$!
{
	archiveVersion = 1;
	classes = {
	};
	objectVersion = 55;
	objects = {

/* Begin PBXBuildFile section */
		DA00EB062768718000489BA3 /* ImageStore.swift in Sources */ = {isa = PBXBuildFile; fileRef = DA00EB052768718000489BA3 /* ImageStore.swift */; };
		DA15D2702765E5130045BCE9 /* AppDelegate.swift in Sources */ = {isa = PBXBuildFile; fileRef = DA15D26F2765E5130045BCE9 /* AppDelegate.swift */; };
		DA15D2722765E5130045BCE9 /* SceneDelegate.swift in Sources */ = {isa = PBXBuildFile; fileRef = DA15D2712765E5130045BCE9 /* SceneDelegate.swift */; };
		DA15D2772765E5130045BCE9 /* Main.storyboard in Resources */ = {isa = PBXBuildFile; fileRef = DA15D2752765E5130045BCE9 /* Main.storyboard */; };
		DA15D2792765E5160045BCE9 /* Assets.xcassets in Resources */ = {isa = PBXBuildFile; fileRef = DA15D2782765E5160045BCE9 /* Assets.xcassets */; };
		DA15D27C2765E5160045BCE9 /* LaunchScreen.storyboard in Resources */ = {isa = PBXBuildFile; fileRef = DA15D27A2765E5160045BCE9 /* LaunchScreen.storyboard */; };
		DA15D2872765E5160045BCE9 /* PhotoramaTests.swift in Sources */ = {isa = PBXBuildFile; fileRef = DA15D2862765E5160045BCE9 /* PhotoramaTests.swift */; };
		DA15D2A02765E5430045BCE9 /* PhotosViewController.swift in Sources */ = {isa = PBXBuildFile; fileRef = DA15D29F2765E5430045BCE9 /* PhotosViewController.swift */; };
		DA15D2A22765E62F0045BCE9 /* FlickrAPI.swift in Sources */ = {isa = PBXBuildFile; fileRef = DA15D2A12765E62F0045BCE9 /* FlickrAPI.swift */; };
		DA15D2A42765E7800045BCE9 /* PhotoStore.swift in Sources */ = {isa = PBXBuildFile; fileRef = DA15D2A32765E7800045BCE9 /* PhotoStore.swift */; };
		DA15D2A62765E8950045BCE9 /* Photo .swift in Sources */ = {isa = PBXBuildFile; fileRef = DA15D2A52765E8950045BCE9 /* Photo .swift */; };
		DA15D2AB2766183C0045BCE9 /* PhotoramaUITests.swift in Sources */ = {isa = PBXBuildFile; fileRef = DA15D2902765E5160045BCE9 /* PhotoramaUITests.swift */; };
		DA15D2AC2766183F0045BCE9 /* PhotoramaUITestsLaunchTests.swift in Sources */ = {isa = PBXBuildFile; fileRef = DA15D2922765E5160045BCE9 /* PhotoramaUITestsLaunchTests.swift */; };
		DADFA5012767744900088857 /*  PhotoDataSource.swift in Sources */ = {isa = PBXBuildFile; fileRef = DADFA5002767744900088857 /*  PhotoDataSource.swift */; };
		DADFA5032767811B00088857 /* PhotoCollectionViewCell.swift in Sources */ = {isa = PBXBuildFile; fileRef = DADFA5022767811B00088857 /* PhotoCollectionViewCell.swift */; };
		DADFA507276784D300088857 /* PhotoInfoViewController .swift in Sources */ = {isa = PBXBuildFile; fileRef = DADFA506276784D300088857 /* PhotoInfoViewController .swift */; };
/* End PBXBuildFile section */

/* Begin PBXContainerItemProxy section */
		DA15D2832765E5160045BCE9 /* PBXContainerItemProxy */ = {
			isa = PBXContainerItemProxy;
			containerPortal = DA15D2642765E5130045BCE9 /* Project object */;
			proxyType = 1;
			remoteGlobalIDString = DA15D26B2765E5130045BCE9;
			remoteInfo = Photorama;
		};
		DA15D28D2765E5160045BCE9 /* PBXContainerItemProxy */ = {
			isa = PBXContainerItemProxy;
			containerPortal = DA15D2642765E5130045BCE9 /* Project object */;
			proxyType = 1;
			remoteGlobalIDString = DA15D26B2765E5130045BCE9;
			remoteInfo = Photorama;
		};
/* End PBXContainerItemProxy section */

/* Begin PBXFileReference section */
		DA00EB052768718000489BA3 /* ImageStore.swift */ = {isa = PBXFileReference; lastKnownFileType = sourcecode.swift; path = ImageStore.swift; sourceTree = "<group>"; };
		DA15D26C2765E5130045BCE9 /* Photorama.app */ = {isa = PBXFileReference; explicitFileType = wrapper.application; includeInIndex = 0; path = Photorama.app; sourceTree = BUILT_PRODUCTS_DIR; };
		DA15D26F2765E5130045BCE9 /* AppDelegate.swift */ = {isa = PBXFileReference; lastKnownFileType = sourcecode.swift; path = AppDelegate.swift; sourceTree = "<group>"; };
		DA15D2712765E5130045BCE9 /* SceneDelegate.swift */ = {isa = PBXFileReference; lastKnownFileType = sourcecode.swift; path = SceneDelegate.swift; sourceTree = "<group>"; };
		DA15D2762765E5130045BCE9 /* Base */ = {isa = PBXFileReference; lastKnownFileType = file.storyboard; name = Base; path = Base.lproj/Main.storyboard; sourceTree = "<group>"; };
		DA15D2782765E5160045BCE9 /* Assets.xcassets */ = {isa = PBXFileReference; lastKnownFileType = folder.assetcatalog; path = Assets.xcassets; sourceTree = "<group>"; };
		DA15D27B2765E5160045BCE9 /* Base */ = {isa = PBXFileReference; lastKnownFileType = file.storyboard; name = Base; path = Base.lproj/LaunchScreen.storyboard; sourceTree = "<group>"; };
		DA15D27D2765E5160045BCE9 /* Info.plist */ = {isa = PBXFileReference; lastKnownFileType = text.plist.xml; path = Info.plist; sourceTree = "<group>"; };
		DA15D2822765E5160045BCE9 /* PhotoramaTests.xctest */ = {isa = PBXFileReference; explicitFileType = wrapper.cfbundle; includeInIndex = 0; path = PhotoramaTests.xctest; sourceTree = BUILT_PRODUCTS_DIR; };
		DA15D2862765E5160045BCE9 /* PhotoramaTests.swift */ = {isa = PBXFileReference; lastKnownFileType = sourcecode.swift; path = PhotoramaTests.swift; sourceTree = "<group>"; };
		DA15D28C2765E5160045BCE9 /* PhotoramaUITests.xctest */ = {isa = PBXFileReference; explicitFileType = wrapper.cfbundle; includeInIndex = 0; path = PhotoramaUITests.xctest; sourceTree = BUILT_PRODUCTS_DIR; };
		DA15D2902765E5160045BCE9 /* PhotoramaUITests.swift */ = {isa = PBXFileReference; lastKnownFileType = sourcecode.swift; path = PhotoramaUITests.swift; sourceTree = "<group>"; };
		DA15D2922765E5160045BCE9 /* PhotoramaUITestsLaunchTests.swift */ = {isa = PBXFileReference; lastKnownFileType = sourcecode.swift; path = PhotoramaUITestsLaunchTests.swift; sourceTree = "<group>"; };
		DA15D29F2765E5430045BCE9 /* PhotosViewController.swift */ = {isa = PBXFileReference; lastKnownFileType = sourcecode.swift; path = PhotosViewController.swift; sourceTree = "<group>"; };
		DA15D2A12765E62F0045BCE9 /* FlickrAPI.swift */ = {isa = PBXFileReference; lastKnownFileType = sourcecode.swift; path = FlickrAPI.swift; sourceTree = "<group>"; };
		DA15D2A32765E7800045BCE9 /* PhotoStore.swift */ = {isa = PBXFileReference; lastKnownFileType = sourcecode.swift; path = PhotoStore.swift; sourceTree = "<group>"; };
		DA15D2A52765E8950045BCE9 /* Photo .swift */ = {isa = PBXFileReference; lastKnownFileType = sourcecode.swift; path = "Photo .swift"; sourceTree = "<group>"; };
		DADFA5002767744900088857 /*  PhotoDataSource.swift */ = {isa = PBXFileReference; lastKnownFileType = sourcecode.swift; name = " PhotoDataSource.swift"; path = "Photorama/View/ PhotoDataSource.swift"; sourceTree = SOURCE_ROOT; };
		DADFA5022767811B00088857 /* PhotoCollectionViewCell.swift */ = {isa = PBXFileReference; lastKnownFileType = sourcecode.swift; name = PhotoCollectionViewCell.swift; path = Photorama/View/PhotoCollectionViewCell.swift; sourceTree = SOURCE_ROOT; };
		DADFA506276784D300088857 /* PhotoInfoViewController .swift */ = {isa = PBXFileReference; lastKnownFileType = sourcecode.swift; name = "PhotoInfoViewController .swift"; path = "Photorama/View/PhotoInfoViewController .swift"; sourceTree = SOURCE_ROOT; };
/* End PBXFileReference section */

/* Begin PBXFrameworksBuildPhase section */
		DA15D2692765E5130045BCE9 /* Frameworks */ = {
			isa = PBXFrameworksBuildPhase;
			buildActionMask = 2147483647;
			files = (
			);
			runOnlyForDeploymentPostprocessing = 0;
		};
		DA15D27F2765E5160045BCE9 /* Frameworks */ = {
			isa = PBXFrameworksBuildPhase;
			buildActionMask = 2147483647;
			files = (
			);
			runOnlyForDeploymentPostprocessing = 0;
		};
		DA15D2892765E5160045BCE9 /* Frameworks */ = {
			isa = PBXFrameworksBuildPhase;
			buildActionMask = 2147483647;
			files = (
			);
			runOnlyForDeploymentPostprocessing = 0;
		};
/* End PBXFrameworksBuildPhase section */

/* Begin PBXGroup section */
		DA15D2632765E5130045BCE9 = {
			isa = PBXGroup;
			children = (
				DA15D26E2765E5130045BCE9 /* Photorama */,
				DA15D2852765E5160045BCE9 /* PhotoramaTests */,
				DA15D28F2765E5160045BCE9 /* PhotoramaUITests */,
				DA15D26D2765E5130045BCE9 /* Products */,
			);
			sourceTree = "<group>";
		};
		DA15D26D2765E5130045BCE9 /* Products */ = {
			isa = PBXGroup;
			children = (
				DA15D26C2765E5130045BCE9 /* Photorama.app */,
				DA15D2822765E5160045BCE9 /* PhotoramaTests.xctest */,
				DA15D28C2765E5160045BCE9 /* PhotoramaUITests.xctest */,
			);
			name = Products;
			sourceTree = "<group>";
		};
		DA15D26E2765E5130045BCE9 /* Photorama */ = {
			isa = PBXGroup;
			children = (
				DA15D2A7276617310045BCE9 /* Model */,
				DA15D2A8276617450045BCE9 /* View */,
				DA15D2A9276617510045BCE9 /* Controller */,
				DA15D2AA276618190045BCE9 /* Support */,
				DA15D27D2765E5160045BCE9 /* Info.plist */,
			);
			path = Photorama;
			sourceTree = "<group>";
		};
		DA15D2852765E5160045BCE9 /* PhotoramaTests */ = {
			isa = PBXGroup;
			children = (
				DA15D2862765E5160045BCE9 /* PhotoramaTests.swift */,
				DA15D2902765E5160045BCE9 /* PhotoramaUITests.swift */,
				DA15D2922765E5160045BCE9 /* PhotoramaUITestsLaunchTests.swift */,
			);
			path = PhotoramaTests;
			sourceTree = "<group>";
		};
		DA15D28F2765E5160045BCE9 /* PhotoramaUITests */ = {
			isa = PBXGroup;
			children = (
			);
			path = PhotoramaUITests;
			sourceTree = "<group>";
		};
		DA15D2A7276617310045BCE9 /* Model */ = {
			isa = PBXGroup;
			children = (
				DADFA5022767811B00088857 /* PhotoCollectionViewCell.swift */,
				DADFA5002767744900088857 /*  PhotoDataSource.swift */,
				DA15D2A32765E7800045BCE9 /* PhotoStore.swift */,
				DA00EB052768718000489BA3 /* ImageStore.swift */,
				DA15D2A12765E62F0045BCE9 /* FlickrAPI.swift */,
				DA15D2712765E5130045BCE9 /* SceneDelegate.swift */,
				DA15D2A52765E8950045BCE9 /* Photo .swift */,
				DA15D26F2765E5130045BCE9 /* AppDelegate.swift */,
			);
			path = Model;
			sourceTree = "<group>";
		};
		DA15D2A8276617450045BCE9 /* View */ = {
			isa = PBXGroup;
			children = (
				DA15D2752765E5130045BCE9 /* Main.storyboard */,
			);
			path = View;
			sourceTree = "<group>";
		};
		DA15D2A9276617510045BCE9 /* Controller */ = {
			isa = PBXGroup;
			children = (
				DADFA506276784D300088857 /* PhotoInfoViewController .swift */,
				DA15D29F2765E5430045BCE9 /* PhotosViewController.swift */,
			);
			path = Controller;
			sourceTree = "<group>";
		};
		DA15D2AA276618190045BCE9 /* Support */ = {
			isa = PBXGroup;
			children = (
				DA15D2782765E5160045BCE9 /* Assets.xcassets */,
				DA15D27A2765E5160045BCE9 /* LaunchScreen.storyboard */,
			);
			path = Support;
			sourceTree = "<group>";
		};
/* End PBXGroup section */

/* Begin PBXNativeTarget section */
		DA15D26B2765E5130045BCE9 /* Photorama */ = {
			isa = PBXNativeTarget;
			buildConfigurationList = DA15D2962765E5160045BCE9 /* Build configuration list for PBXNativeTarget "Photorama" */;
			buildPhases = (
				DA15D2682765E5130045BCE9 /* Sources */,
				DA15D2692765E5130045BCE9 /* Frameworks */,
				DA15D26A2765E5130045BCE9 /* Resources */,
			);
			buildRules = (
			);
			dependencies = (
			);
			name = Photorama;
			productName = Photorama;
			productReference = DA15D26C2765E5130045BCE9 /* Photorama.app */;
			productType = "com.apple.product-type.application";
		};
		DA15D2812765E5160045BCE9 /* PhotoramaTests */ = {
			isa = PBXNativeTarget;
			buildConfigurationList = DA15D2992765E5160045BCE9 /* Build configuration list for PBXNativeTarget "PhotoramaTests" */;
			buildPhases = (
				DA15D27E2765E5160045BCE9 /* Sources */,
				DA15D27F2765E5160045BCE9 /* Frameworks */,
				DA15D2802765E5160045BCE9 /* Resources */,
			);
			buildRules = (
			);
			dependencies = (
				DA15D2842765E5160045BCE9 /* PBXTargetDependency */,
			);
			name = PhotoramaTests;
			productName = PhotoramaTests;
			productReference = DA15D2822765E5160045BCE9 /* PhotoramaTests.xctest */;
			productType = "com.apple.product-type.bundle.unit-test";
		};
		DA15D28B2765E5160045BCE9 /* PhotoramaUITests */ = {
			isa = PBXNativeTarget;
			buildConfigurationList = DA15D29C2765E5160045BCE9 /* Build configuration list for PBXNativeTarget "PhotoramaUITests" */;
			buildPhases = (
				DA15D2882765E5160045BCE9 /* Sources */,
				DA15D2892765E5160045BCE9 /* Frameworks */,
				DA15D28A2765E5160045BCE9 /* Resources */,
			);
			buildRules = (
			);
			dependencies = (
				DA15D28E2765E5160045BCE9 /* PBXTargetDependency */,
			);
			name = PhotoramaUITests;
			productName = PhotoramaUITests;
			productReference = DA15D28C2765E5160045BCE9 /* PhotoramaUITests.xctest */;
			productType = "com.apple.product-type.bundle.ui-testing";
		};
/* End PBXNativeTarget section */

/* Begin PBXProject section */
		DA15D2642765E5130045BCE9 /* Project object */ = {
			isa = PBXProject;
			attributes = {
				BuildIndependentTargetsInParallel = 1;
				LastSwiftUpdateCheck = 1310;
				LastUpgradeCheck = 1310;
				TargetAttributes = {
					DA15D26B2765E5130045BCE9 = {
						CreatedOnToolsVersion = 13.1;
					};
					DA15D2812765E5160045BCE9 = {
						CreatedOnToolsVersion = 13.1;
						TestTargetID = DA15D26B2765E5130045BCE9;
					};
					DA15D28B2765E5160045BCE9 = {
						CreatedOnToolsVersion = 13.1;
						TestTargetID = DA15D26B2765E5130045BCE9;
					};
				};
			};
			buildConfigurationList = DA15D2672765E5130045BCE9 /* Build configuration list for PBXProject "Photorama" */;
			compatibilityVersion = "Xcode 13.0";
			developmentRegion = en;
			hasScannedForEncodings = 0;
			knownRegions = (
				en,
				Base,
			);
			mainGroup = DA15D2632765E5130045BCE9;
			productRefGroup = DA15D26D2765E5130045BCE9 /* Products */;
			projectDirPath = "";
			projectRoot = "";
			targets = (
				DA15D26B2765E5130045BCE9 /* Photorama */,
				DA15D2812765E5160045BCE9 /* PhotoramaTests */,
				DA15D28B2765E5160045BCE9 /* PhotoramaUITests */,
			);
		};
/* End PBXProject section */

/* Begin PBXResourcesBuildPhase section */
		DA15D26A2765E5130045BCE9 /* Resources */ = {
			isa = PBXResourcesBuildPhase;
			buildActionMask = 2147483647;
			files = (
				DA15D27C2765E5160045BCE9 /* LaunchScreen.storyboard in Resources */,
				DA15D2792765E5160045BCE9 /* Assets.xcassets in Resources */,
				DA15D2772765E5130045BCE9 /* Main.storyboard in Resources */,
			);
			runOnlyForDeploymentPostprocessing = 0;
		};
		DA15D2802765E5160045BCE9 /* Resources */ = {
			isa = PBXResourcesBuildPhase;
			buildActionMask = 2147483647;
			files = (
			);
			runOnlyForDeploymentPostprocessing = 0;
		};
		DA15D28A2765E5160045BCE9 /* Resources */ = {
			isa = PBXResourcesBuildPhase;
			buildActionMask = 2147483647;
			files = (
			);
			runOnlyForDeploymentPostprocessing = 0;
		};
/* End PBXResourcesBuildPhase section */

/* Begin PBXSourcesBuildPhase section */
		DA15D2682765E5130045BCE9 /* Sources */ = {
			isa = PBXSourcesBuildPhase;
			buildActionMask = 2147483647;
			files = (
				DA15D2A02765E5430045BCE9 /* PhotosViewController.swift in Sources */,
				DADFA5032767811B00088857 /* PhotoCollectionViewCell.swift in Sources */,
				DA15D2702765E5130045BCE9 /* AppDelegate.swift in Sources */,
				DA15D2722765E5130045BCE9 /* SceneDelegate.swift in Sources */,
				DA15D2A42765E7800045BCE9 /* PhotoStore.swift in Sources */,
				DA00EB062768718000489BA3 /* ImageStore.swift in Sources */,
				DADFA507276784D300088857 /* PhotoInfoViewController .swift in Sources */,
				DA15D2A22765E62F0045BCE9 /* FlickrAPI.swift in Sources */,
				DA15D2A62765E8950045BCE9 /* Photo .swift in Sources */,
				DADFA5012767744900088857 /*  PhotoDataSource.swift in Sources */,
			);
			runOnlyForDeploymentPostprocessing = 0;
		};
		DA15D27E2765E5160045BCE9 /* Sources */ = {
			isa = PBXSourcesBuildPhase;
			buildActionMask = 2147483647;
			files = (
				DA15D2872765E5160045BCE9 /* PhotoramaTests.swift in Sources */,
				DA15D2AB2766183C0045BCE9 /* PhotoramaUITests.swift in Sources */,
				DA15D2AC2766183F0045BCE9 /* PhotoramaUITestsLaunchTests.swift in Sources */,
			);
			runOnlyForDeploymentPostprocessing = 0;
		};
		DA15D2882765E5160045BCE9 /* Sources */ = {
			isa = PBXSourcesBuildPhase;
			buildActionMask = 2147483647;
			files = (
			);
			runOnlyForDeploymentPostprocessing = 0;
		};
/* End PBXSourcesBuildPhase section */

/* Begin PBXTargetDependency section */
		DA15D2842765E5160045BCE9 /* PBXTargetDependency */ = {
			isa = PBXTargetDependency;
			target = DA15D26B2765E5130045BCE9 /* Photorama */;
			targetProxy = DA15D2832765E5160045BCE9 /* PBXContainerItemProxy */;
		};
		DA15D28E2765E5160045BCE9 /* PBXTargetDependency */ = {
			isa = PBXTargetDependency;
			target = DA15D26B2765E5130045BCE9 /* Photorama */;
			targetProxy = DA15D28D2765E5160045BCE9 /* PBXContainerItemProxy */;
		};
/* End PBXTargetDependency section */

/* Begin PBXVariantGroup section */
		DA15D2752765E5130045BCE9 /* Main.storyboard */ = {
			isa = PBXVariantGroup;
			children = (
				DA15D2762765E5130045BCE9 /* Base */,
			);
			name = Main.storyboard;
			sourceTree = "<group>";
		};
		DA15D27A2765E5160045BCE9 /* LaunchScreen.storyboard */ = {
			isa = PBXVariantGroup;
			children = (
				DA15D27B2765E5160045BCE9 /* Base */,
			);
			name = LaunchScreen.storyboard;
			sourceTree = "<group>";
		};
/* End PBXVariantGroup section */

/* Begin XCBuildConfiguration section */
		DA15D2942765E5160045BCE9 /* Debug */ = {
			isa = XCBuildConfiguration;
			buildSettings = {
				ALWAYS_SEARCH_USER_PATHS = NO;
				CLANG_ANALYZER_NONNULL = YES;
				CLANG_ANALYZER_NUMBER_OBJECT_CONVERSION = YES_AGGRESSIVE;
				CLANG_CXX_LANGUAGE_STANDARD = "gnu++17";
				CLANG_CXX_LIBRARY = "libc++";
				CLANG_ENABLE_MODULES = YES;
				CLANG_ENABLE_OBJC_ARC = YES;
				CLANG_ENABLE_OBJC_WEAK = YES;
				CLANG_WARN_BLOCK_CAPTURE_AUTORELEASING = YES;
				CLANG_WARN_BOOL_CONVERSION = YES;
				CLANG_WARN_COMMA = YES;
				CLANG_WARN_CONSTANT_CONVERSION = YES;
				CLANG_WARN_DEPRECATED_OBJC_IMPLEMENTATIONS = YES;
				CLANG_WARN_DIRECT_OBJC_ISA_USAGE = YES_ERROR;
				CLANG_WARN_DOCUMENTATION_COMMENTS = YES;
				CLANG_WARN_EMPTY_BODY = YES;
				CLANG_WARN_ENUM_CONVERSION = YES;
				CLANG_WARN_INFINITE_RECURSION = YES;
				CLANG_WARN_INT_CONVERSION = YES;
				CLANG_WARN_NON_LITERAL_NULL_CONVERSION = YES;
				CLANG_WARN_OBJC_IMPLICIT_RETAIN_SELF = YES;
				CLANG_WARN_OBJC_LITERAL_CONVERSION = YES;
				CLANG_WARN_OBJC_ROOT_CLASS = YES_ERROR;
				CLANG_WARN_QUOTED_INCLUDE_IN_FRAMEWORK_HEADER = YES;
				CLANG_WARN_RANGE_LOOP_ANALYSIS = YES;
				CLANG_WARN_STRICT_PROTOTYPES = YES;
				CLANG_WARN_SUSPICIOUS_MOVE = YES;
				CLANG_WARN_UNGUARDED_AVAILABILITY = YES_AGGRESSIVE;
				CLANG_WARN_UNREACHABLE_CODE = YES;
				CLANG_WARN__DUPLICATE_METHOD_MATCH = YES;
				COPY_PHASE_STRIP = NO;
				DEBUG_INFORMATION_FORMAT = dwarf;
				ENABLE_STRICT_OBJC_MSGSEND = YES;
				ENABLE_TESTABILITY = YES;
				GCC_C_LANGUAGE_STANDARD = gnu11;
				GCC_DYNAMIC_NO_PIC = NO;
				GCC_NO_COMMON_BLOCKS = YES;
				GCC_OPTIMIZATION_LEVEL = 0;
				GCC_PREPROCESSOR_DEFINITIONS = (
					"DEBUG=1",
					"$(inherited)",
				);
				GCC_WARN_64_TO_32_BIT_CONVERSION = YES;
				GCC_WARN_ABOUT_RETURN_TYPE = YES_ERROR;
				GCC_WARN_UNDECLARED_SELECTOR = YES;
				GCC_WARN_UNINITIALIZED_AUTOS = YES_AGGRESSIVE;
				GCC_WARN_UNUSED_FUNCTION = YES;
				GCC_WARN_UNUSED_VARIABLE = YES;
				IPHONEOS_DEPLOYMENT_TARGET = 15.0;
				MTL_ENABLE_DEBUG_INFO = INCLUDE_SOURCE;
				MTL_FAST_MATH = YES;
				ONLY_ACTIVE_ARCH = YES;
				SDKROOT = iphoneos;
				SWIFT_ACTIVE_COMPILATION_CONDITIONS = DEBUG;
				SWIFT_OPTIMIZATION_LEVEL = "-Onone";
			};
			name = Debug;
		};
		DA15D2952765E5160045BCE9 /* Release */ = {
			isa = XCBuildConfiguration;
			buildSettings = {
				ALWAYS_SEARCH_USER_PATHS = NO;
				CLANG_ANALYZER_NONNULL = YES;
				CLANG_ANALYZER_NUMBER_OBJECT_CONVERSION = YES_AGGRESSIVE;
				CLANG_CXX_LANGUAGE_STANDARD = "gnu++17";
				CLANG_CXX_LIBRARY = "libc++";
				CLANG_ENABLE_MODULES = YES;
				CLANG_ENABLE_OBJC_ARC = YES;
				CLANG_ENABLE_OBJC_WEAK = YES;
				CLANG_WARN_BLOCK_CAPTURE_AUTORELEASING = YES;
				CLANG_WARN_BOOL_CONVERSION = YES;
				CLANG_WARN_COMMA = YES;
				CLANG_WARN_CONSTANT_CONVERSION = YES;
				CLANG_WARN_DEPRECATED_OBJC_IMPLEMENTATIONS = YES;
				CLANG_WARN_DIRECT_OBJC_ISA_USAGE = YES_ERROR;
				CLANG_WARN_DOCUMENTATION_COMMENTS = YES;
				CLANG_WARN_EMPTY_BODY = YES;
				CLANG_WARN_ENUM_CONVERSION = YES;
				CLANG_WARN_INFINITE_RECURSION = YES;
				CLANG_WARN_INT_CONVERSION = YES;
				CLANG_WARN_NON_LITERAL_NULL_CONVERSION = YES;
				CLANG_WARN_OBJC_IMPLICIT_RETAIN_SELF = YES;
				CLANG_WARN_OBJC_LITERAL_CONVERSION = YES;
				CLANG_WARN_OBJC_ROOT_CLASS = YES_ERROR;
				CLANG_WARN_QUOTED_INCLUDE_IN_FRAMEWORK_HEADER = YES;
				CLANG_WARN_RANGE_LOOP_ANALYSIS = YES;
				CLANG_WARN_STRICT_PROTOTYPES = YES;
				CLANG_WARN_SUSPICIOUS_MOVE = YES;
				CLANG_WARN_UNGUARDED_AVAILABILITY = YES_AGGRESSIVE;
				CLANG_WARN_UNREACHABLE_CODE = YES;
				CLANG_WARN__DUPLICATE_METHOD_MATCH = YES;
				COPY_PHASE_STRIP = NO;
				DEBUG_INFORMATION_FORMAT = "dwarf-with-dsym";
				ENABLE_NS_ASSERTIONS = NO;
				ENABLE_STRICT_OBJC_MSGSEND = YES;
				GCC_C_LANGUAGE_STANDARD = gnu11;
				GCC_NO_COMMON_BLOCKS = YES;
				GCC_WARN_64_TO_32_BIT_CONVERSION = YES;
				GCC_WARN_ABOUT_RETURN_TYPE = YES_ERROR;
				GCC_WARN_UNDECLARED_SELECTOR = YES;
				GCC_WARN_UNINITIALIZED_AUTOS = YES_AGGRESSIVE;
				GCC_WARN_UNUSED_FUNCTION = YES;
				GCC_WARN_UNUSED_VARIABLE = YES;
				IPHONEOS_DEPLOYMENT_TARGET = 15.0;
				MTL_ENABLE_DEBUG_INFO = NO;
				MTL_FAST_MATH = YES;
				SDKROOT = iphoneos;
				SWIFT_COMPILATION_MODE = wholemodule;
				SWIFT_OPTIMIZATION_LEVEL = "-O";
				VALIDATE_PRODUCT = YES;
			};
			name = Release;
		};
		DA15D2972765E5160045BCE9 /* Debug */ = {
			isa = XCBuildConfiguration;
			buildSettings = {
				ASSETCATALOG_COMPILER_APPICON_NAME = AppIcon;
				ASSETCATALOG_COMPILER_GLOBAL_ACCENT_COLOR_NAME = AccentColor;
				CODE_SIGN_STYLE = Automatic;
				CURRENT_PROJECT_VERSION = 1;
				DEVELOPMENT_TEAM = A9F2D7U526;
				GENERATE_INFOPLIST_FILE = YES;
				INFOPLIST_FILE = Photorama/Info.plist;
				INFOPLIST_KEY_UIApplicationSupportsIndirectInputEvents = YES;
				INFOPLIST_KEY_UILaunchStoryboardName = LaunchScreen;
				INFOPLIST_KEY_UIMainStoryboardFile = Main;
				INFOPLIST_KEY_UISupportedInterfaceOrientations_iPad = "UIInterfaceOrientationPortrait UIInterfaceOrientationPortraitUpsideDown UIInterfaceOrientationLandscapeLeft UIInterfaceOrientationLandscapeRight";
				INFOPLIST_KEY_UISupportedInterfaceOrientations_iPhone = "UIInterfaceOrientationPortrait UIInterfaceOrientationLandscapeLeft UIInterfaceOrientationLandscapeRight";
				LD_RUNPATH_SEARCH_PATHS = (
					"$(inherited)",
					"@executable_path/Frameworks",
				);
				MARKETING_VERSION = 1.0;
				PRODUCT_BUNDLE_IDENTIFIER = com.Photorama;
				PRODUCT_NAME = "$(TARGET_NAME)";
				SWIFT_EMIT_LOC_STRINGS = YES;
				SWIFT_VERSION = 5.0;
				TARGETED_DEVICE_FAMILY = "1,2";
			};
			name = Debug;
		};
		DA15D2982765E5160045BCE9 /* Release */ = {
			isa = XCBuildConfiguration;
			buildSettings = {
				ASSETCATALOG_COMPILER_APPICON_NAME = AppIcon;
				ASSETCATALOG_COMPILER_GLOBAL_ACCENT_COLOR_NAME = AccentColor;
				CODE_SIGN_STYLE = Automatic;
				CURRENT_PROJECT_VERSION = 1;
				DEVELOPMENT_TEAM = A9F2D7U526;
				GENERATE_INFOPLIST_FILE = YES;
				INFOPLIST_FILE = Photorama/Info.plist;
				INFOPLIST_KEY_UIApplicationSupportsIndirectInputEvents = YES;
				INFOPLIST_KEY_UILaunchStoryboardName = LaunchScreen;
				INFOPLIST_KEY_UIMainStoryboardFile = Main;
				INFOPLIST_KEY_UISupportedInterfaceOrientations_iPad = "UIInterfaceOrientationPortrait UIInterfaceOrientationPortraitUpsideDown UIInterfaceOrientationLandscapeLeft UIInterfaceOrientationLandscapeRight";
				INFOPLIST_KEY_UISupportedInterfaceOrientations_iPhone = "UIInterfaceOrientationPortrait UIInterfaceOrientationLandscapeLeft UIInterfaceOrientationLandscapeRight";
				LD_RUNPATH_SEARCH_PATHS = (
					"$(inherited)",
					"@executable_path/Frameworks",
				);
				MARKETING_VERSION = 1.0;
				PRODUCT_BUNDLE_IDENTIFIER = com.Photorama;
				PRODUCT_NAME = "$(TARGET_NAME)";
				SWIFT_EMIT_LOC_STRINGS = YES;
				SWIFT_VERSION = 5.0;
				TARGETED_DEVICE_FAMILY = "1,2";
			};
			name = Release;
		};
		DA15D29A2765E5160045BCE9 /* Debug */ = {
			isa = XCBuildConfiguration;
			buildSettings = {
				ALWAYS_EMBED_SWIFT_STANDARD_LIBRARIES = YES;
				BUNDLE_LOADER = "$(TEST_HOST)";
				CODE_SIGN_STYLE = Automatic;
				CURRENT_PROJECT_VERSION = 1;
				DEVELOPMENT_TEAM = A9F2D7U526;
				GENERATE_INFOPLIST_FILE = YES;
				IPHONEOS_DEPLOYMENT_TARGET = 15.0;
				LD_RUNPATH_SEARCH_PATHS = (
					"$(inherited)",
					"@executable_path/Frameworks",
					"@loader_path/Frameworks",
				);
				MARKETING_VERSION = 1.0;
				PRODUCT_BUNDLE_IDENTIFIER = com.PhotoramaTests;
				PRODUCT_NAME = "$(TARGET_NAME)";
				SWIFT_EMIT_LOC_STRINGS = NO;
				SWIFT_VERSION = 5.0;
				TARGETED_DEVICE_FAMILY = "1,2";
				TEST_HOST = "$(BUILT_PRODUCTS_DIR)/Photorama.app/Photorama";
			};
			name = Debug;
		};
		DA15D29B2765E5160045BCE9 /* Release */ = {
			isa = XCBuildConfiguration;
			buildSettings = {
				ALWAYS_EMBED_SWIFT_STANDARD_LIBRARIES = YES;
				BUNDLE_LOADER = "$(TEST_HOST)";
				CODE_SIGN_STYLE = Automatic;
				CURRENT_PROJECT_VERSION = 1;
				DEVELOPMENT_TEAM = A9F2D7U526;
				GENERATE_INFOPLIST_FILE = YES;
				IPHONEOS_DEPLOYMENT_TARGET = 15.0;
				LD_RUNPATH_SEARCH_PATHS = (
					"$(inherited)",
					"@executable_path/Frameworks",
					"@loader_path/Frameworks",
				);
				MARKETING_VERSION = 1.0;
				PRODUCT_BUNDLE_IDENTIFIER = com.PhotoramaTests;
				PRODUCT_NAME = "$(TARGET_NAME)";
				SWIFT_EMIT_LOC_STRINGS = NO;
				SWIFT_VERSION = 5.0;
				TARGETED_DEVICE_FAMILY = "1,2";
				TEST_HOST = "$(BUILT_PRODUCTS_DIR)/Photorama.app/Photorama";
			};
			name = Release;
		};
		DA15D29D2765E5160045BCE9 /* Debug */ = {
			isa = XCBuildConfiguration;
			buildSettings = {
				ALWAYS_EMBED_SWIFT_STANDARD_LIBRARIES = YES;
				CODE_SIGN_STYLE = Automatic;
				CURRENT_PROJECT_VERSION = 1;
				DEVELOPMENT_TEAM = A9F2D7U526;
				GENERATE_INFOPLIST_FILE = YES;
				LD_RUNPATH_SEARCH_PATHS = (
					"$(inherited)",
					"@executable_path/Frameworks",
					"@loader_path/Frameworks",
				);
				MARKETING_VERSION = 1.0;
				PRODUCT_BUNDLE_IDENTIFIER = com.PhotoramaUITests;
				PRODUCT_NAME = "$(TARGET_NAME)";
				SWIFT_EMIT_LOC_STRINGS = NO;
				SWIFT_VERSION = 5.0;
				TARGETED_DEVICE_FAMILY = "1,2";
				TEST_TARGET_NAME = Photorama;
			};
			name = Debug;
		};
		DA15D29E2765E5160045BCE9 /* Release */ = {
			isa = XCBuildConfiguration;
			buildSettings = {
				ALWAYS_EMBED_SWIFT_STANDARD_LIBRARIES = YES;
				CODE_SIGN_STYLE = Automatic;
				CURRENT_PROJECT_VERSION = 1;
				DEVELOPMENT_TEAM = A9F2D7U526;
				GENERATE_INFOPLIST_FILE = YES;
				LD_RUNPATH_SEARCH_PATHS = (
					"$(inherited)",
					"@executable_path/Frameworks",
					"@loader_path/Frameworks",
				);
				MARKETING_VERSION = 1.0;
				PRODUCT_BUNDLE_IDENTIFIER = com.PhotoramaUITests;
				PRODUCT_NAME = "$(TARGET_NAME)";
				SWIFT_EMIT_LOC_STRINGS = NO;
				SWIFT_VERSION = 5.0;
				TARGETED_DEVICE_FAMILY = "1,2";
				TEST_TARGET_NAME = Photorama;
			};
			name = Release;
		};
/* End XCBuildConfiguration section */

/* Begin XCConfigurationList section */
		DA15D2672765E5130045BCE9 /* Build configuration list for PBXProject "Photorama" */ = {
			isa = XCConfigurationList;
			buildConfigurations = (
				DA15D2942765E5160045BCE9 /* Debug */,
				DA15D2952765E5160045BCE9 /* Release */,
			);
			defaultConfigurationIsVisible = 0;
			defaultConfigurationName = Release;
		};
		DA15D2962765E5160045BCE9 /* Build configuration list for PBXNativeTarget "Photorama" */ = {
			isa = XCConfigurationList;
			buildConfigurations = (
				DA15D2972765E5160045BCE9 /* Debug */,
				DA15D2982765E5160045BCE9 /* Release */,
			);
			defaultConfigurationIsVisible = 0;
			defaultConfigurationName = Release;
		};
		DA15D2992765E5160045BCE9 /* Build configuration list for PBXNativeTarget "PhotoramaTests" */ = {
			isa = XCConfigurationList;
			buildConfigurations = (
				DA15D29A2765E5160045BCE9 /* Debug */,
				DA15D29B2765E5160045BCE9 /* Release */,
			);
			defaultConfigurationIsVisible = 0;
			defaultConfigurationName = Release;
		};
		DA15D29C2765E5160045BCE9 /* Build configuration list for PBXNativeTarget "PhotoramaUITests" */ = {
			isa = XCConfigurationList;
			buildConfigurations = (
				DA15D29D2765E5160045BCE9 /* Debug */,
				DA15D29E2765E5160045BCE9 /* Release */,
			);
			defaultConfigurationIsVisible = 0;
			defaultConfigurationName = Release;
		};
/* End XCConfigurationList section */
	};
	rootObject = DA15D2642765E5130045BCE9 /* Project object */;
}
