// !$*UTF8*$!
{
	archiveVersion = 1;
	classes = {
	};
	objectVersion = 54;
	objects = {

/* Begin PBXBuildFile section */
		D0E59F262762358A00EB3D2A /* AppDelegate.swift in Sources */ = {isa = PBXBuildFile; fileRef = D0E59F252762358A00EB3D2A /* AppDelegate.swift */; };
		D0E59F282762358A00EB3D2A /* SceneDelegate.swift in Sources */ = {isa = PBXBuildFile; fileRef = D0E59F272762358A00EB3D2A /* SceneDelegate.swift */; };
		D0E59F2A2762358A00EB3D2A /* PhotosViewController.swift in Sources */ = {isa = PBXBuildFile; fileRef = D0E59F292762358A00EB3D2A /* PhotosViewController.swift */; };
		D0E59F2D2762358A00EB3D2A /* Main.storyboard in Resources */ = {isa = PBXBuildFile; fileRef = D0E59F2B2762358A00EB3D2A /* Main.storyboard */; };
		D0E59F2F2762358C00EB3D2A /* Assets.xcassets in Resources */ = {isa = PBXBuildFile; fileRef = D0E59F2E2762358C00EB3D2A /* Assets.xcassets */; };
		D0E59F322762358C00EB3D2A /* LaunchScreen.storyboard in Resources */ = {isa = PBXBuildFile; fileRef = D0E59F302762358C00EB3D2A /* LaunchScreen.storyboard */; };
		D0E59F3D2762358C00EB3D2A /* PhotoramaTests.swift in Sources */ = {isa = PBXBuildFile; fileRef = D0E59F3C2762358C00EB3D2A /* PhotoramaTests.swift */; };
		D0E59F472762358C00EB3D2A /* PhotoramaUITests.swift in Sources */ = {isa = PBXBuildFile; fileRef = D0E59F462762358C00EB3D2A /* PhotoramaUITests.swift */; };
		D0E59F492762358C00EB3D2A /* PhotoramaUITestsLaunchTests.swift in Sources */ = {isa = PBXBuildFile; fileRef = D0E59F482762358C00EB3D2A /* PhotoramaUITestsLaunchTests.swift */; };
		D0E59F562762380A00EB3D2A /* FlickrAPI.swift in Sources */ = {isa = PBXBuildFile; fileRef = D0E59F552762380A00EB3D2A /* FlickrAPI.swift */; };
		D0E59F582762398D00EB3D2A /* PhotoStore.swift in Sources */ = {isa = PBXBuildFile; fileRef = D0E59F572762398D00EB3D2A /* PhotoStore.swift */; };
		D0E59F5A27623AB900EB3D2A /* Photo.swift in Sources */ = {isa = PBXBuildFile; fileRef = D0E59F5927623AB900EB3D2A /* Photo.swift */; };
		D0E59F5F2765D11900EB3D2A /* PhotoDataSource.swift in Sources */ = {isa = PBXBuildFile; fileRef = D0E59F5E2765D11900EB3D2A /* PhotoDataSource.swift */; };
		D0E59F612765D5A400EB3D2A /* PhotoCollectionViewCell.swift in Sources */ = {isa = PBXBuildFile; fileRef = D0E59F602765D5A400EB3D2A /* PhotoCollectionViewCell.swift */; };
		D0E59F652765DD3000EB3D2A /* ImageStore.swift in Sources */ = {isa = PBXBuildFile; fileRef = D0E59F642765DD3000EB3D2A /* ImageStore.swift */; };
		D0E59F672765DE0B00EB3D2A /* PhotoInfoViewController.swift in Sources */ = {isa = PBXBuildFile; fileRef = D0E59F662765DE0B00EB3D2A /* PhotoInfoViewController.swift */; };
/* End PBXBuildFile section */

/* Begin PBXContainerItemProxy section */
		D0E59F392762358C00EB3D2A /* PBXContainerItemProxy */ = {
			isa = PBXContainerItemProxy;
			containerPortal = D0E59F1A2762358A00EB3D2A /* Project object */;
			proxyType = 1;
			remoteGlobalIDString = D0E59F212762358A00EB3D2A;
			remoteInfo = Photorama;
		};
		D0E59F432762358C00EB3D2A /* PBXContainerItemProxy */ = {
			isa = PBXContainerItemProxy;
			containerPortal = D0E59F1A2762358A00EB3D2A /* Project object */;
			proxyType = 1;
			remoteGlobalIDString = D0E59F212762358A00EB3D2A;
			remoteInfo = Photorama;
		};
/* End PBXContainerItemProxy section */

/* Begin PBXFileReference section */
		D0E59F222762358A00EB3D2A /* Photorama.app */ = {isa = PBXFileReference; explicitFileType = wrapper.application; includeInIndex = 0; path = Photorama.app; sourceTree = BUILT_PRODUCTS_DIR; };
		D0E59F252762358A00EB3D2A /* AppDelegate.swift */ = {isa = PBXFileReference; lastKnownFileType = sourcecode.swift; path = AppDelegate.swift; sourceTree = "<group>"; };
		D0E59F272762358A00EB3D2A /* SceneDelegate.swift */ = {isa = PBXFileReference; lastKnownFileType = sourcecode.swift; path = SceneDelegate.swift; sourceTree = "<group>"; };
		D0E59F292762358A00EB3D2A /* PhotosViewController.swift */ = {isa = PBXFileReference; lastKnownFileType = sourcecode.swift; path = PhotosViewController.swift; sourceTree = "<group>"; };
		D0E59F2C2762358A00EB3D2A /* Base */ = {isa = PBXFileReference; lastKnownFileType = file.storyboard; name = Base; path = Base.lproj/Main.storyboard; sourceTree = "<group>"; };
		D0E59F2E2762358C00EB3D2A /* Assets.xcassets */ = {isa = PBXFileReference; lastKnownFileType = folder.assetcatalog; path = Assets.xcassets; sourceTree = "<group>"; };
		D0E59F312762358C00EB3D2A /* Base */ = {isa = PBXFileReference; lastKnownFileType = file.storyboard; name = Base; path = Base.lproj/LaunchScreen.storyboard; sourceTree = "<group>"; };
		D0E59F332762358C00EB3D2A /* Info.plist */ = {isa = PBXFileReference; lastKnownFileType = text.plist.xml; path = Info.plist; sourceTree = "<group>"; };
		D0E59F382762358C00EB3D2A /* PhotoramaTests.xctest */ = {isa = PBXFileReference; explicitFileType = wrapper.cfbundle; includeInIndex = 0; path = PhotoramaTests.xctest; sourceTree = BUILT_PRODUCTS_DIR; };
		D0E59F3C2762358C00EB3D2A /* PhotoramaTests.swift */ = {isa = PBXFileReference; lastKnownFileType = sourcecode.swift; path = PhotoramaTests.swift; sourceTree = "<group>"; };
		D0E59F422762358C00EB3D2A /* PhotoramaUITests.xctest */ = {isa = PBXFileReference; explicitFileType = wrapper.cfbundle; includeInIndex = 0; path = PhotoramaUITests.xctest; sourceTree = BUILT_PRODUCTS_DIR; };
		D0E59F462762358C00EB3D2A /* PhotoramaUITests.swift */ = {isa = PBXFileReference; lastKnownFileType = sourcecode.swift; path = PhotoramaUITests.swift; sourceTree = "<group>"; };
		D0E59F482762358C00EB3D2A /* PhotoramaUITestsLaunchTests.swift */ = {isa = PBXFileReference; lastKnownFileType = sourcecode.swift; path = PhotoramaUITestsLaunchTests.swift; sourceTree = "<group>"; };
		D0E59F552762380A00EB3D2A /* FlickrAPI.swift */ = {isa = PBXFileReference; lastKnownFileType = sourcecode.swift; path = FlickrAPI.swift; sourceTree = "<group>"; };
		D0E59F572762398D00EB3D2A /* PhotoStore.swift */ = {isa = PBXFileReference; lastKnownFileType = sourcecode.swift; path = PhotoStore.swift; sourceTree = "<group>"; };
		D0E59F5927623AB900EB3D2A /* Photo.swift */ = {isa = PBXFileReference; lastKnownFileType = sourcecode.swift; path = Photo.swift; sourceTree = "<group>"; };
		D0E59F5E2765D11900EB3D2A /* PhotoDataSource.swift */ = {isa = PBXFileReference; lastKnownFileType = sourcecode.swift; path = PhotoDataSource.swift; sourceTree = "<group>"; };
		D0E59F602765D5A400EB3D2A /* PhotoCollectionViewCell.swift */ = {isa = PBXFileReference; lastKnownFileType = sourcecode.swift; path = PhotoCollectionViewCell.swift; sourceTree = "<group>"; };
		D0E59F642765DD3000EB3D2A /* ImageStore.swift */ = {isa = PBXFileReference; fileEncoding = 4; lastKnownFileType = sourcecode.swift; path = ImageStore.swift; sourceTree = "<group>"; };
		D0E59F662765DE0B00EB3D2A /* PhotoInfoViewController.swift */ = {isa = PBXFileReference; lastKnownFileType = sourcecode.swift; path = PhotoInfoViewController.swift; sourceTree = "<group>"; };
/* End PBXFileReference section */

/* Begin PBXFrameworksBuildPhase section */
		D0E59F1F2762358A00EB3D2A /* Frameworks */ = {
			isa = PBXFrameworksBuildPhase;
			buildActionMask = 2147483647;
			files = (
			);
			runOnlyForDeploymentPostprocessing = 0;
		};
		D0E59F352762358C00EB3D2A /* Frameworks */ = {
			isa = PBXFrameworksBuildPhase;
			buildActionMask = 2147483647;
			files = (
			);
			runOnlyForDeploymentPostprocessing = 0;
		};
		D0E59F3F2762358C00EB3D2A /* Frameworks */ = {
			isa = PBXFrameworksBuildPhase;
			buildActionMask = 2147483647;
			files = (
			);
			runOnlyForDeploymentPostprocessing = 0;
		};
/* End PBXFrameworksBuildPhase section */

/* Begin PBXGroup section */
		D0E59F192762358A00EB3D2A = {
			isa = PBXGroup;
			children = (
				D0E59F242762358A00EB3D2A /* Photorama */,
				D0E59F3B2762358C00EB3D2A /* PhotoramaTests */,
				D0E59F452762358C00EB3D2A /* PhotoramaUITests */,
				D0E59F232762358A00EB3D2A /* Products */,
			);
			sourceTree = "<group>";
		};
		D0E59F232762358A00EB3D2A /* Products */ = {
			isa = PBXGroup;
			children = (
				D0E59F222762358A00EB3D2A /* Photorama.app */,
				D0E59F382762358C00EB3D2A /* PhotoramaTests.xctest */,
				D0E59F422762358C00EB3D2A /* PhotoramaUITests.xctest */,
			);
			name = Products;
			sourceTree = "<group>";
		};
		D0E59F242762358A00EB3D2A /* Photorama */ = {
			isa = PBXGroup;
			children = (
				D0E59F682765DE0E00EB3D2A /* Controller */,
				D0E59F692765DE2B00EB3D2A /* Model */,
				D0E59F622765D5DF00EB3D2A /* View */,
				D0E59F632765D5EC00EB3D2A /* Support */,
				D0E59F332762358C00EB3D2A /* Info.plist */,
			);
			path = Photorama;
			sourceTree = "<group>";
		};
		D0E59F3B2762358C00EB3D2A /* PhotoramaTests */ = {
			isa = PBXGroup;
			children = (
				D0E59F3C2762358C00EB3D2A /* PhotoramaTests.swift */,
			);
			path = PhotoramaTests;
			sourceTree = "<group>";
		};
		D0E59F452762358C00EB3D2A /* PhotoramaUITests */ = {
			isa = PBXGroup;
			children = (
				D0E59F462762358C00EB3D2A /* PhotoramaUITests.swift */,
				D0E59F482762358C00EB3D2A /* PhotoramaUITestsLaunchTests.swift */,
			);
			path = PhotoramaUITests;
			sourceTree = "<group>";
		};
		D0E59F622765D5DF00EB3D2A /* View */ = {
			isa = PBXGroup;
			children = (
				D0E59F2B2762358A00EB3D2A /* Main.storyboard */,
			);
			path = View;
			sourceTree = "<group>";
		};
		D0E59F632765D5EC00EB3D2A /* Support */ = {
			isa = PBXGroup;
			children = (
				D0E59F272762358A00EB3D2A /* SceneDelegate.swift */,
				D0E59F252762358A00EB3D2A /* AppDelegate.swift */,
				D0E59F2E2762358C00EB3D2A /* Assets.xcassets */,
				D0E59F302762358C00EB3D2A /* LaunchScreen.storyboard */,
			);
			path = Support;
			sourceTree = "<group>";
		};
		D0E59F682765DE0E00EB3D2A /* Controller */ = {
			isa = PBXGroup;
			children = (
				D0E59F602765D5A400EB3D2A /* PhotoCollectionViewCell.swift */,
				D0E59F292762358A00EB3D2A /* PhotosViewController.swift */,
				D0E59F662765DE0B00EB3D2A /* PhotoInfoViewController.swift */,
			);
			path = Controller;
			sourceTree = "<group>";
		};
		D0E59F692765DE2B00EB3D2A /* Model */ = {
			isa = PBXGroup;
			children = (
				D0E59F552762380A00EB3D2A /* FlickrAPI.swift */,
				D0E59F572762398D00EB3D2A /* PhotoStore.swift */,
				D0E59F5927623AB900EB3D2A /* Photo.swift */,
				D0E59F642765DD3000EB3D2A /* ImageStore.swift */,
				D0E59F5E2765D11900EB3D2A /* PhotoDataSource.swift */,
			);
			path = Model;
			sourceTree = "<group>";
		};
/* End PBXGroup section */

/* Begin PBXNativeTarget section */
		D0E59F212762358A00EB3D2A /* Photorama */ = {
			isa = PBXNativeTarget;
			buildConfigurationList = D0E59F4C2762358C00EB3D2A /* Build configuration list for PBXNativeTarget "Photorama" */;
			buildPhases = (
				D0E59F1E2762358A00EB3D2A /* Sources */,
				D0E59F1F2762358A00EB3D2A /* Frameworks */,
				D0E59F202762358A00EB3D2A /* Resources */,
			);
			buildRules = (
			);
			dependencies = (
			);
			name = Photorama;
			productName = Photorama;
			productReference = D0E59F222762358A00EB3D2A /* Photorama.app */;
			productType = "com.apple.product-type.application";
		};
		D0E59F372762358C00EB3D2A /* PhotoramaTests */ = {
			isa = PBXNativeTarget;
			buildConfigurationList = D0E59F4F2762358C00EB3D2A /* Build configuration list for PBXNativeTarget "PhotoramaTests" */;
			buildPhases = (
				D0E59F342762358C00EB3D2A /* Sources */,
				D0E59F352762358C00EB3D2A /* Frameworks */,
				D0E59F362762358C00EB3D2A /* Resources */,
			);
			buildRules = (
			);
			dependencies = (
				D0E59F3A2762358C00EB3D2A /* PBXTargetDependency */,
			);
			name = PhotoramaTests;
			productName = PhotoramaTests;
			productReference = D0E59F382762358C00EB3D2A /* PhotoramaTests.xctest */;
			productType = "com.apple.product-type.bundle.unit-test";
		};
		D0E59F412762358C00EB3D2A /* PhotoramaUITests */ = {
			isa = PBXNativeTarget;
			buildConfigurationList = D0E59F522762358C00EB3D2A /* Build configuration list for PBXNativeTarget "PhotoramaUITests" */;
			buildPhases = (
				D0E59F3E2762358C00EB3D2A /* Sources */,
				D0E59F3F2762358C00EB3D2A /* Frameworks */,
				D0E59F402762358C00EB3D2A /* Resources */,
			);
			buildRules = (
			);
			dependencies = (
				D0E59F442762358C00EB3D2A /* PBXTargetDependency */,
			);
			name = PhotoramaUITests;
			productName = PhotoramaUITests;
			productReference = D0E59F422762358C00EB3D2A /* PhotoramaUITests.xctest */;
			productType = "com.apple.product-type.bundle.ui-testing";
		};
/* End PBXNativeTarget section */

/* Begin PBXProject section */
		D0E59F1A2762358A00EB3D2A /* Project object */ = {
			isa = PBXProject;
			attributes = {
				BuildIndependentTargetsInParallel = 1;
				LastSwiftUpdateCheck = 1310;
				LastUpgradeCheck = 1310;
				TargetAttributes = {
					D0E59F212762358A00EB3D2A = {
						CreatedOnToolsVersion = 13.1;
					};
					D0E59F372762358C00EB3D2A = {
						CreatedOnToolsVersion = 13.1;
						TestTargetID = D0E59F212762358A00EB3D2A;
					};
					D0E59F412762358C00EB3D2A = {
						CreatedOnToolsVersion = 13.1;
						TestTargetID = D0E59F212762358A00EB3D2A;
					};
				};
			};
			buildConfigurationList = D0E59F1D2762358A00EB3D2A /* Build configuration list for PBXProject "Photorama-ch21" */;
			compatibilityVersion = "Xcode 12.0";
			developmentRegion = en;
			hasScannedForEncodings = 0;
			knownRegions = (
				en,
				Base,
			);
			mainGroup = D0E59F192762358A00EB3D2A;
			productRefGroup = D0E59F232762358A00EB3D2A /* Products */;
			projectDirPath = "";
			projectRoot = "";
			targets = (
				D0E59F212762358A00EB3D2A /* Photorama */,
				D0E59F372762358C00EB3D2A /* PhotoramaTests */,
				D0E59F412762358C00EB3D2A /* PhotoramaUITests */,
			);
		};
/* End PBXProject section */

/* Begin PBXResourcesBuildPhase section */
		D0E59F202762358A00EB3D2A /* Resources */ = {
			isa = PBXResourcesBuildPhase;
			buildActionMask = 2147483647;
			files = (
				D0E59F322762358C00EB3D2A /* LaunchScreen.storyboard in Resources */,
				D0E59F2F2762358C00EB3D2A /* Assets.xcassets in Resources */,
				D0E59F2D2762358A00EB3D2A /* Main.storyboard in Resources */,
			);
			runOnlyForDeploymentPostprocessing = 0;
		};
		D0E59F362762358C00EB3D2A /* Resources */ = {
			isa = PBXResourcesBuildPhase;
			buildActionMask = 2147483647;
			files = (
			);
			runOnlyForDeploymentPostprocessing = 0;
		};
		D0E59F402762358C00EB3D2A /* Resources */ = {
			isa = PBXResourcesBuildPhase;
			buildActionMask = 2147483647;
			files = (
			);
			runOnlyForDeploymentPostprocessing = 0;
		};
/* End PBXResourcesBuildPhase section */

/* Begin PBXSourcesBuildPhase section */
		D0E59F1E2762358A00EB3D2A /* Sources */ = {
			isa = PBXSourcesBuildPhase;
			buildActionMask = 2147483647;
			files = (
				D0E59F5A27623AB900EB3D2A /* Photo.swift in Sources */,
				D0E59F672765DE0B00EB3D2A /* PhotoInfoViewController.swift in Sources */,
				D0E59F612765D5A400EB3D2A /* PhotoCollectionViewCell.swift in Sources */,
				D0E59F5F2765D11900EB3D2A /* PhotoDataSource.swift in Sources */,
				D0E59F582762398D00EB3D2A /* PhotoStore.swift in Sources */,
				D0E59F2A2762358A00EB3D2A /* PhotosViewController.swift in Sources */,
				D0E59F652765DD3000EB3D2A /* ImageStore.swift in Sources */,
				D0E59F262762358A00EB3D2A /* AppDelegate.swift in Sources */,
				D0E59F282762358A00EB3D2A /* SceneDelegate.swift in Sources */,
				D0E59F562762380A00EB3D2A /* FlickrAPI.swift in Sources */,
			);
			runOnlyForDeploymentPostprocessing = 0;
		};
		D0E59F342762358C00EB3D2A /* Sources */ = {
			isa = PBXSourcesBuildPhase;
			buildActionMask = 2147483647;
			files = (
				D0E59F3D2762358C00EB3D2A /* PhotoramaTests.swift in Sources */,
			);
			runOnlyForDeploymentPostprocessing = 0;
		};
		D0E59F3E2762358C00EB3D2A /* Sources */ = {
			isa = PBXSourcesBuildPhase;
			buildActionMask = 2147483647;
			files = (
				D0E59F492762358C00EB3D2A /* PhotoramaUITestsLaunchTests.swift in Sources */,
				D0E59F472762358C00EB3D2A /* PhotoramaUITests.swift in Sources */,
			);
			runOnlyForDeploymentPostprocessing = 0;
		};
/* End PBXSourcesBuildPhase section */

/* Begin PBXTargetDependency section */
		D0E59F3A2762358C00EB3D2A /* PBXTargetDependency */ = {
			isa = PBXTargetDependency;
			target = D0E59F212762358A00EB3D2A /* Photorama */;
			targetProxy = D0E59F392762358C00EB3D2A /* PBXContainerItemProxy */;
		};
		D0E59F442762358C00EB3D2A /* PBXTargetDependency */ = {
			isa = PBXTargetDependency;
			target = D0E59F212762358A00EB3D2A /* Photorama */;
			targetProxy = D0E59F432762358C00EB3D2A /* PBXContainerItemProxy */;
		};
/* End PBXTargetDependency section */

/* Begin PBXVariantGroup section */
		D0E59F2B2762358A00EB3D2A /* Main.storyboard */ = {
			isa = PBXVariantGroup;
			children = (
				D0E59F2C2762358A00EB3D2A /* Base */,
			);
			name = Main.storyboard;
			sourceTree = "<group>";
		};
		D0E59F302762358C00EB3D2A /* LaunchScreen.storyboard */ = {
			isa = PBXVariantGroup;
			children = (
				D0E59F312762358C00EB3D2A /* Base */,
			);
			name = LaunchScreen.storyboard;
			sourceTree = "<group>";
		};
/* End PBXVariantGroup section */

/* Begin XCBuildConfiguration section */
		D0E59F4A2762358C00EB3D2A /* Debug */ = {
			isa = XCBuildConfiguration;
			buildSettings = {
				ALWAYS_SEARCH_USER_PATHS = NO;
				CLANG_ANALYZER_NONNULL = YES;
				CLANG_ANALYZER_NUMBER_OBJECT_CONVERSION = YES_AGGRESSIVE;
				CLANG_CXX_LANGUAGE_STANDARD = "gnu++17";
				CLANG_CXX_LIBRARY = "libc++";
				CLANG_ENABLE_MODULES = YES;
				CLANG_ENABLE_OBJC_ARC = YES;
				CLANG_ENABLE_OBJC_WEAK = YES;
				CLANG_WARN_BLOCK_CAPTURE_AUTORELEASING = YES;
				CLANG_WARN_BOOL_CONVERSION = YES;
				CLANG_WARN_COMMA = YES;
				CLANG_WARN_CONSTANT_CONVERSION = YES;
				CLANG_WARN_DEPRECATED_OBJC_IMPLEMENTATIONS = YES;
				CLANG_WARN_DIRECT_OBJC_ISA_USAGE = YES_ERROR;
				CLANG_WARN_DOCUMENTATION_COMMENTS = YES;
				CLANG_WARN_EMPTY_BODY = YES;
				CLANG_WARN_ENUM_CONVERSION = YES;
				CLANG_WARN_INFINITE_RECURSION = YES;
				CLANG_WARN_INT_CONVERSION = YES;
				CLANG_WARN_NON_LITERAL_NULL_CONVERSION = YES;
				CLANG_WARN_OBJC_IMPLICIT_RETAIN_SELF = YES;
				CLANG_WARN_OBJC_LITERAL_CONVERSION = YES;
				CLANG_WARN_OBJC_ROOT_CLASS = YES_ERROR;
				CLANG_WARN_QUOTED_INCLUDE_IN_FRAMEWORK_HEADER = YES;
				CLANG_WARN_RANGE_LOOP_ANALYSIS = YES;
				CLANG_WARN_STRICT_PROTOTYPES = YES;
				CLANG_WARN_SUSPICIOUS_MOVE = YES;
				CLANG_WARN_UNGUARDED_AVAILABILITY = YES_AGGRESSIVE;
				CLANG_WARN_UNREACHABLE_CODE = YES;
				CLANG_WARN__DUPLICATE_METHOD_MATCH = YES;
				COPY_PHASE_STRIP = NO;
				DEBUG_INFORMATION_FORMAT = dwarf;
				ENABLE_STRICT_OBJC_MSGSEND = YES;
				ENABLE_TESTABILITY = YES;
				GCC_C_LANGUAGE_STANDARD = gnu11;
				GCC_DYNAMIC_NO_PIC = NO;
				GCC_NO_COMMON_BLOCKS = YES;
				GCC_OPTIMIZATION_LEVEL = 0;
				GCC_PREPROCESSOR_DEFINITIONS = (
					"DEBUG=1",
					"$(inherited)",
				);
				GCC_WARN_64_TO_32_BIT_CONVERSION = YES;
				GCC_WARN_ABOUT_RETURN_TYPE = YES_ERROR;
				GCC_WARN_UNDECLARED_SELECTOR = YES;
				GCC_WARN_UNINITIALIZED_AUTOS = YES_AGGRESSIVE;
				GCC_WARN_UNUSED_FUNCTION = YES;
				GCC_WARN_UNUSED_VARIABLE = YES;
				IPHONEOS_DEPLOYMENT_TARGET = 14.4;
				MTL_ENABLE_DEBUG_INFO = INCLUDE_SOURCE;
				MTL_FAST_MATH = YES;
				ONLY_ACTIVE_ARCH = YES;
				SDKROOT = iphoneos;
				SWIFT_ACTIVE_COMPILATION_CONDITIONS = DEBUG;
				SWIFT_OPTIMIZATION_LEVEL = "-Onone";
			};
			name = Debug;
		};
		D0E59F4B2762358C00EB3D2A /* Release */ = {
			isa = XCBuildConfiguration;
			buildSettings = {
				ALWAYS_SEARCH_USER_PATHS = NO;
				CLANG_ANALYZER_NONNULL = YES;
				CLANG_ANALYZER_NUMBER_OBJECT_CONVERSION = YES_AGGRESSIVE;
				CLANG_CXX_LANGUAGE_STANDARD = "gnu++17";
				CLANG_CXX_LIBRARY = "libc++";
				CLANG_ENABLE_MODULES = YES;
				CLANG_ENABLE_OBJC_ARC = YES;
				CLANG_ENABLE_OBJC_WEAK = YES;
				CLANG_WARN_BLOCK_CAPTURE_AUTORELEASING = YES;
				CLANG_WARN_BOOL_CONVERSION = YES;
				CLANG_WARN_COMMA = YES;
				CLANG_WARN_CONSTANT_CONVERSION = YES;
				CLANG_WARN_DEPRECATED_OBJC_IMPLEMENTATIONS = YES;
				CLANG_WARN_DIRECT_OBJC_ISA_USAGE = YES_ERROR;
				CLANG_WARN_DOCUMENTATION_COMMENTS = YES;
				CLANG_WARN_EMPTY_BODY = YES;
				CLANG_WARN_ENUM_CONVERSION = YES;
				CLANG_WARN_INFINITE_RECURSION = YES;
				CLANG_WARN_INT_CONVERSION = YES;
				CLANG_WARN_NON_LITERAL_NULL_CONVERSION = YES;
				CLANG_WARN_OBJC_IMPLICIT_RETAIN_SELF = YES;
				CLANG_WARN_OBJC_LITERAL_CONVERSION = YES;
				CLANG_WARN_OBJC_ROOT_CLASS = YES_ERROR;
				CLANG_WARN_QUOTED_INCLUDE_IN_FRAMEWORK_HEADER = YES;
				CLANG_WARN_RANGE_LOOP_ANALYSIS = YES;
				CLANG_WARN_STRICT_PROTOTYPES = YES;
				CLANG_WARN_SUSPICIOUS_MOVE = YES;
				CLANG_WARN_UNGUARDED_AVAILABILITY = YES_AGGRESSIVE;
				CLANG_WARN_UNREACHABLE_CODE = YES;
				CLANG_WARN__DUPLICATE_METHOD_MATCH = YES;
				COPY_PHASE_STRIP = NO;
				DEBUG_INFORMATION_FORMAT = "dwarf-with-dsym";
				ENABLE_NS_ASSERTIONS = NO;
				ENABLE_STRICT_OBJC_MSGSEND = YES;
				GCC_C_LANGUAGE_STANDARD = gnu11;
				GCC_NO_COMMON_BLOCKS = YES;
				GCC_WARN_64_TO_32_BIT_CONVERSION = YES;
				GCC_WARN_ABOUT_RETURN_TYPE = YES_ERROR;
				GCC_WARN_UNDECLARED_SELECTOR = YES;
				GCC_WARN_UNINITIALIZED_AUTOS = YES_AGGRESSIVE;
				GCC_WARN_UNUSED_FUNCTION = YES;
				GCC_WARN_UNUSED_VARIABLE = YES;
				IPHONEOS_DEPLOYMENT_TARGET = 14.4;
				MTL_ENABLE_DEBUG_INFO = NO;
				MTL_FAST_MATH = YES;
				SDKROOT = iphoneos;
				SWIFT_COMPILATION_MODE = wholemodule;
				SWIFT_OPTIMIZATION_LEVEL = "-O";
				VALIDATE_PRODUCT = YES;
			};
			name = Release;
		};
		D0E59F4D2762358C00EB3D2A /* Debug */ = {
			isa = XCBuildConfiguration;
			buildSettings = {
				ASSETCATALOG_COMPILER_APPICON_NAME = AppIcon;
				ASSETCATALOG_COMPILER_GLOBAL_ACCENT_COLOR_NAME = AccentColor;
				CODE_SIGN_STYLE = Automatic;
				CURRENT_PROJECT_VERSION = 1;
				DEVELOPMENT_TEAM = Z8U674F97U;
				GENERATE_INFOPLIST_FILE = YES;
				INFOPLIST_FILE = Photorama/Info.plist;
				INFOPLIST_KEY_UIApplicationSupportsIndirectInputEvents = YES;
				INFOPLIST_KEY_UILaunchStoryboardName = LaunchScreen;
				INFOPLIST_KEY_UIMainStoryboardFile = Main;
				INFOPLIST_KEY_UISupportedInterfaceOrientations_iPad = "UIInterfaceOrientationPortrait UIInterfaceOrientationPortraitUpsideDown UIInterfaceOrientationLandscapeLeft UIInterfaceOrientationLandscapeRight";
				INFOPLIST_KEY_UISupportedInterfaceOrientations_iPhone = "UIInterfaceOrientationPortrait UIInterfaceOrientationLandscapeLeft UIInterfaceOrientationLandscapeRight";
				IPHONEOS_DEPLOYMENT_TARGET = 14.5;
				LD_RUNPATH_SEARCH_PATHS = (
					"$(inherited)",
					"@executable_path/Frameworks",
				);
				MARKETING_VERSION = 1.0;
				PRODUCT_BUNDLE_IDENTIFIER = com.danah.Photorama;
				PRODUCT_NAME = "$(TARGET_NAME)";
				SWIFT_EMIT_LOC_STRINGS = YES;
				SWIFT_VERSION = 5.0;
				TARGETED_DEVICE_FAMILY = "1,2";
			};
			name = Debug;
		};
		D0E59F4E2762358C00EB3D2A /* Release */ = {
			isa = XCBuildConfiguration;
			buildSettings = {
				ASSETCATALOG_COMPILER_APPICON_NAME = AppIcon;
				ASSETCATALOG_COMPILER_GLOBAL_ACCENT_COLOR_NAME = AccentColor;
				CODE_SIGN_STYLE = Automatic;
				CURRENT_PROJECT_VERSION = 1;
				DEVELOPMENT_TEAM = Z8U674F97U;
				GENERATE_INFOPLIST_FILE = YES;
				INFOPLIST_FILE = Photorama/Info.plist;
				INFOPLIST_KEY_UIApplicationSupportsIndirectInputEvents = YES;
				INFOPLIST_KEY_UILaunchStoryboardName = LaunchScreen;
				INFOPLIST_KEY_UIMainStoryboardFile = Main;
				INFOPLIST_KEY_UISupportedInterfaceOrientations_iPad = "UIInterfaceOrientationPortrait UIInterfaceOrientationPortraitUpsideDown UIInterfaceOrientationLandscapeLeft UIInterfaceOrientationLandscapeRight";
				INFOPLIST_KEY_UISupportedInterfaceOrientations_iPhone = "UIInterfaceOrientationPortrait UIInterfaceOrientationLandscapeLeft UIInterfaceOrientationLandscapeRight";
				IPHONEOS_DEPLOYMENT_TARGET = 14.5;
				LD_RUNPATH_SEARCH_PATHS = (
					"$(inherited)",
					"@executable_path/Frameworks",
				);
				MARKETING_VERSION = 1.0;
				PRODUCT_BUNDLE_IDENTIFIER = com.danah.Photorama;
				PRODUCT_NAME = "$(TARGET_NAME)";
				SWIFT_EMIT_LOC_STRINGS = YES;
				SWIFT_VERSION = 5.0;
				TARGETED_DEVICE_FAMILY = "1,2";
			};
			name = Release;
		};
		D0E59F502762358C00EB3D2A /* Debug */ = {
			isa = XCBuildConfiguration;
			buildSettings = {
				ALWAYS_EMBED_SWIFT_STANDARD_LIBRARIES = YES;
				BUNDLE_LOADER = "$(TEST_HOST)";
				CODE_SIGN_STYLE = Automatic;
				CURRENT_PROJECT_VERSION = 1;
				DEVELOPMENT_TEAM = Z8U674F97U;
				GENERATE_INFOPLIST_FILE = YES;
				IPHONEOS_DEPLOYMENT_TARGET = 15.0;
				LD_RUNPATH_SEARCH_PATHS = (
					"$(inherited)",
					"@executable_path/Frameworks",
					"@loader_path/Frameworks",
				);
				MARKETING_VERSION = 1.0;
				PRODUCT_BUNDLE_IDENTIFIER = com.danah.PhotoramaTests;
				PRODUCT_NAME = "$(TARGET_NAME)";
				SWIFT_EMIT_LOC_STRINGS = NO;
				SWIFT_VERSION = 5.0;
				TARGETED_DEVICE_FAMILY = "1,2";
				TEST_HOST = "$(BUILT_PRODUCTS_DIR)/Photorama.app/Photorama";
			};
			name = Debug;
		};
		D0E59F512762358C00EB3D2A /* Release */ = {
			isa = XCBuildConfiguration;
			buildSettings = {
				ALWAYS_EMBED_SWIFT_STANDARD_LIBRARIES = YES;
				BUNDLE_LOADER = "$(TEST_HOST)";
				CODE_SIGN_STYLE = Automatic;
				CURRENT_PROJECT_VERSION = 1;
				DEVELOPMENT_TEAM = Z8U674F97U;
				GENERATE_INFOPLIST_FILE = YES;
				IPHONEOS_DEPLOYMENT_TARGET = 15.0;
				LD_RUNPATH_SEARCH_PATHS = (
					"$(inherited)",
					"@executable_path/Frameworks",
					"@loader_path/Frameworks",
				);
				MARKETING_VERSION = 1.0;
				PRODUCT_BUNDLE_IDENTIFIER = com.danah.PhotoramaTests;
				PRODUCT_NAME = "$(TARGET_NAME)";
				SWIFT_EMIT_LOC_STRINGS = NO;
				SWIFT_VERSION = 5.0;
				TARGETED_DEVICE_FAMILY = "1,2";
				TEST_HOST = "$(BUILT_PRODUCTS_DIR)/Photorama.app/Photorama";
			};
			name = Release;
		};
		D0E59F532762358C00EB3D2A /* Debug */ = {
			isa = XCBuildConfiguration;
			buildSettings = {
				ALWAYS_EMBED_SWIFT_STANDARD_LIBRARIES = YES;
				CODE_SIGN_STYLE = Automatic;
				CURRENT_PROJECT_VERSION = 1;
				DEVELOPMENT_TEAM = Z8U674F97U;
				GENERATE_INFOPLIST_FILE = YES;
				LD_RUNPATH_SEARCH_PATHS = (
					"$(inherited)",
					"@executable_path/Frameworks",
					"@loader_path/Frameworks",
				);
				MARKETING_VERSION = 1.0;
				PRODUCT_BUNDLE_IDENTIFIER = com.danah.PhotoramaUITests;
				PRODUCT_NAME = "$(TARGET_NAME)";
				SWIFT_EMIT_LOC_STRINGS = NO;
				SWIFT_VERSION = 5.0;
				TARGETED_DEVICE_FAMILY = "1,2";
				TEST_TARGET_NAME = Photorama;
			};
			name = Debug;
		};
		D0E59F542762358C00EB3D2A /* Release */ = {
			isa = XCBuildConfiguration;
			buildSettings = {
				ALWAYS_EMBED_SWIFT_STANDARD_LIBRARIES = YES;
				CODE_SIGN_STYLE = Automatic;
				CURRENT_PROJECT_VERSION = 1;
				DEVELOPMENT_TEAM = Z8U674F97U;
				GENERATE_INFOPLIST_FILE = YES;
				LD_RUNPATH_SEARCH_PATHS = (
					"$(inherited)",
					"@executable_path/Frameworks",
					"@loader_path/Frameworks",
				);
				MARKETING_VERSION = 1.0;
				PRODUCT_BUNDLE_IDENTIFIER = com.danah.PhotoramaUITests;
				PRODUCT_NAME = "$(TARGET_NAME)";
				SWIFT_EMIT_LOC_STRINGS = NO;
				SWIFT_VERSION = 5.0;
				TARGETED_DEVICE_FAMILY = "1,2";
				TEST_TARGET_NAME = Photorama;
			};
			name = Release;
		};
/* End XCBuildConfiguration section */

/* Begin XCConfigurationList section */
		D0E59F1D2762358A00EB3D2A /* Build configuration list for PBXProject "Photorama-ch21" */ = {
			isa = XCConfigurationList;
			buildConfigurations = (
				D0E59F4A2762358C00EB3D2A /* Debug */,
				D0E59F4B2762358C00EB3D2A /* Release */,
			);
			defaultConfigurationIsVisible = 0;
			defaultConfigurationName = Release;
		};
		D0E59F4C2762358C00EB3D2A /* Build configuration list for PBXNativeTarget "Photorama" */ = {
			isa = XCConfigurationList;
			buildConfigurations = (
				D0E59F4D2762358C00EB3D2A /* Debug */,
				D0E59F4E2762358C00EB3D2A /* Release */,
			);
			defaultConfigurationIsVisible = 0;
			defaultConfigurationName = Release;
		};
		D0E59F4F2762358C00EB3D2A /* Build configuration list for PBXNativeTarget "PhotoramaTests" */ = {
			isa = XCConfigurationList;
			buildConfigurations = (
				D0E59F502762358C00EB3D2A /* Debug */,
				D0E59F512762358C00EB3D2A /* Release */,
			);
			defaultConfigurationIsVisible = 0;
			defaultConfigurationName = Release;
		};
		D0E59F522762358C00EB3D2A /* Build configuration list for PBXNativeTarget "PhotoramaUITests" */ = {
			isa = XCConfigurationList;
			buildConfigurations = (
				D0E59F532762358C00EB3D2A /* Debug */,
				D0E59F542762358C00EB3D2A /* Release */,
			);
			defaultConfigurationIsVisible = 0;
			defaultConfigurationName = Release;
		};
/* End XCConfigurationList section */
	};
	rootObject = D0E59F1A2762358A00EB3D2A /* Project object */;
}
